<?xml version="1.0" encoding="utf-8"?>
<Project ToolsVersion="4.0" xmlns="http://schemas.microsoft.com/developer/msbuild/2003">
  <ItemGroup>
    <Filter Include="Source Files">
      <UniqueIdentifier>{4FC737F1-C7A5-4376-A066-2A32D752A2FF}</UniqueIdentifier>
      <Extensions>cpp;c;cc;cxx;def;odl;idl;hpj;bat;asm;asmx</Extensions>
    </Filter>
    <Filter Include="Header Files">
      <UniqueIdentifier>{93995380-89BD-4b04-88EB-625FBE52EBFB}</UniqueIdentifier>
      <Extensions>h;hh;hpp;hxx;hm;inl;inc;xsd</Extensions>
    </Filter>
    <Filter Include="Test Files">
      <UniqueIdentifier>{6ac38a92-dcb9-4525-ae79-62c233077706}</UniqueIdentifier>
    </Filter>
  </ItemGroup>
  <ItemGroup>
    <ClInclude Include="astronomy.hpp">
      <Filter>Header Files</Filter>
    </ClInclude>
    <ClInclude Include="bipm.hpp">
      <Filter>Header Files</Filter>
    </ClInclude>
    <ClInclude Include="cgs.hpp">
      <Filter>Header Files</Filter>
    </ClInclude>
    <ClInclude Include="constants.hpp">
      <Filter>Header Files</Filter>
    </ClInclude>
    <ClInclude Include="elementary_functions.hpp">
      <Filter>Header Files</Filter>
    </ClInclude>
    <ClInclude Include="named_quantities.hpp">
      <Filter>Header Files</Filter>
    </ClInclude>
    <ClInclude Include="numbers.hpp">
      <Filter>Header Files</Filter>
    </ClInclude>
    <ClInclude Include="quantities.hpp">
      <Filter>Header Files</Filter>
    </ClInclude>
    <ClInclude Include="si.hpp">
      <Filter>Header Files</Filter>
    </ClInclude>
    <ClInclude Include="uk.hpp">
      <Filter>Header Files</Filter>
    </ClInclude>
    <ClInclude Include="elementary_functions_body.hpp">
      <Filter>Source Files</Filter>
    </ClInclude>
    <ClInclude Include="quantities_body.hpp">
      <Filter>Source Files</Filter>
    </ClInclude>
    <ClInclude Include="si_body.hpp">
      <Filter>Source Files</Filter>
    </ClInclude>
    <ClInclude Include="serialization.hpp">
      <Filter>Header Files</Filter>
    </ClInclude>
    <ClInclude Include="serialization_body.hpp">
      <Filter>Source Files</Filter>
    </ClInclude>
    <ClInclude Include="parser.hpp">
      <Filter>Header Files</Filter>
    </ClInclude>
    <ClInclude Include="parser_body.hpp">
      <Filter>Source Files</Filter>
    </ClInclude>
    <ClInclude Include="dimensions.hpp">
      <Filter>Header Files</Filter>
    </ClInclude>
    <ClInclude Include="dimensions_body.hpp">
      <Filter>Source Files</Filter>
    </ClInclude>
    <ClInclude Include="generators.hpp">
      <Filter>Header Files</Filter>
    </ClInclude>
    <ClInclude Include="generators_body.hpp">
      <Filter>Source Files</Filter>
    </ClInclude>
    <ClInclude Include="traits.hpp">
      <Filter>Header Files</Filter>
    </ClInclude>
    <ClInclude Include="wide.hpp">
      <Filter>Header Files</Filter>
    </ClInclude>
    <ClInclude Include="wide_body.hpp">
      <Filter>Source Files</Filter>
    </ClInclude>
    <ClInclude Include="tuples.hpp">
      <Filter>Header Files</Filter>
    </ClInclude>
    <ClInclude Include="tuples_body.hpp">
      <Filter>Source Files</Filter>
    </ClInclude>
  </ItemGroup>
  <ItemGroup>
    <ClCompile Include="quantities_test.cpp">
      <Filter>Test Files</Filter>
    </ClCompile>
    <ClCompile Include="parser_test.cpp">
      <Filter>Test Files</Filter>
    </ClCompile>
    <ClCompile Include="elementary_functions_test.cpp">
      <Filter>Test Files</Filter>
    </ClCompile>
    <ClCompile Include="wide_test.cpp">
      <Filter>Test Files</Filter>
    </ClCompile>
    <ClCompile Include="..\numerics\cbrt.cpp">
      <Filter>Source Files</Filter>
    </ClCompile>
    <ClCompile Include="traits_test.cpp">
      <Filter>Test Files</Filter>
    </ClCompile>
  </ItemGroup>
</Project>