<?xml version="1.0" encoding="utf-8"?>
<Project ToolsVersion="4.0" xmlns="http://schemas.microsoft.com/developer/msbuild/2003">
  <ItemGroup>
    <Filter Include="Source Files">
      <UniqueIdentifier>{4FC737F1-C7A5-4376-A066-2A32D752A2FF}</UniqueIdentifier>
      <Extensions>cpp;c;cc;cxx;def;odl;idl;hpj;bat;asm;asmx</Extensions>
    </Filter>
    <Filter Include="Header Files">
      <UniqueIdentifier>{93995380-89BD-4b04-88EB-625FBE52EBFB}</UniqueIdentifier>
      <Extensions>h;hh;hpp;hxx;hm;inl;inc;xsd</Extensions>
    </Filter>
    <Filter Include="Resource Files">
      <UniqueIdentifier>{67DA6AB6-F800-4c08-8B7A-83BB121AAD01}</UniqueIdentifier>
      <Extensions>rc;ico;cur;bmp;dlg;rc2;rct;bin;rgs;gif;jpg;jpeg;jpe;resx;tiff;tif;png;wav;mfcribbon-ms</Extensions>
    </Filter>
    <Filter Include="Header Files\Units">
      <UniqueIdentifier>{c4ec061d-1396-4424-b0eb-1533aa389a46}</UniqueIdentifier>
    </Filter>
    <Filter Include="Properties">
      <UniqueIdentifier>{5a2e6d88-5535-486e-8dac-703ab3f0e848}</UniqueIdentifier>
    </Filter>
  </ItemGroup>
  <ItemGroup>
    <ClInclude Include="Constants.hpp">
      <Filter>Header Files</Filter>
    </ClInclude>
    <ClInclude Include="Dimensionless.hpp">
      <Filter>Header Files</Filter>
    </ClInclude>
    <ClInclude Include="NamedQuantities.hpp">
      <Filter>Header Files</Filter>
    </ClInclude>
    <ClInclude Include="Numbers.hpp">
      <Filter>Header Files</Filter>
    </ClInclude>
    <ClInclude Include="Quantities.hpp">
      <Filter>Header Files</Filter>
    </ClInclude>
    <ClInclude Include="Astronomy.hpp">
      <Filter>Header Files\Units</Filter>
    </ClInclude>
    <ClInclude Include="BIPM.hpp">
      <Filter>Header Files\Units</Filter>
    </ClInclude>
    <ClInclude Include="CGS.hpp">
      <Filter>Header Files\Units</Filter>
    </ClInclude>
    <ClInclude Include="SI.hpp">
      <Filter>Header Files\Units</Filter>
    </ClInclude>
    <ClInclude Include="UK.hpp">
      <Filter>Header Files\Units</Filter>
    </ClInclude>
    <ClInclude Include="ElementaryFunctions.hpp">
      <Filter>Header Files</Filter>
    </ClInclude>
    <ClInclude Include="ElementaryFunctions-body.hpp">
      <Filter>Source Files</Filter>
    </ClInclude>
    <ClInclude Include="SI-body.hpp">
      <Filter>Source Files</Filter>
    </ClInclude>
    <ClInclude Include="Stdafx.hpp">
      <Filter>Properties</Filter>
    </ClInclude>
    <ClInclude Include="resource.hpp">
      <Filter>Properties</Filter>
    </ClInclude>
  </ItemGroup>
  <ItemGroup>
    <ClCompile Include="Stdafx.cpp">
      <Filter>Properties</Filter>
    </ClCompile>
    <ClCompile Include="AssemblyInfo.cpp">
      <Filter>Properties</Filter>
    </ClCompile>
  </ItemGroup>
  <ItemGroup>
    <ResourceCompile Include="app.rc">
      <Filter>Resource Files</Filter>
    </ResourceCompile>
  </ItemGroup>
  <ItemGroup>
    <Image Include="app.ico">
      <Filter>Resource Files</Filter>
    </Image>
  </ItemGroup>
  <ItemGroup>
    <None Include="Quantities-body.hpp">
      <Filter>Source Files</Filter>
    </None>
    <None Include="Dimensionless-body.hpp">
      <Filter>Source Files</Filter>
    </None>
  </ItemGroup>
</Project>