<?xml version="1.0" encoding="utf-8"?>
<Project ToolsVersion="4.0" xmlns="http://schemas.microsoft.com/developer/msbuild/2003">
  <ItemGroup>
    <Filter Include="Source Files">
      <UniqueIdentifier>{4FC737F1-C7A5-4376-A066-2A32D752A2FF}</UniqueIdentifier>
      <Extensions>cpp;c;cc;cxx;c++;cppm;ixx;def;odl;idl;hpj;bat;asm;asmx</Extensions>
    </Filter>
    <Filter Include="Header Files">
      <UniqueIdentifier>{93995380-89BD-4b04-88EB-625FBE52EBFB}</UniqueIdentifier>
      <Extensions>h;hh;hpp;hxx;h++;hm;inl;inc;ipp;xsd</Extensions>
    </Filter>
    <Filter Include="Resource Files">
      <UniqueIdentifier>{67DA6AB6-F800-4c08-8B7A-83BB121AAD01}</UniqueIdentifier>
      <Extensions>rc;ico;cur;bmp;dlg;rc2;rct;bin;rgs;gif;jpg;jpeg;jpe;resx;tiff;tif;png;wav;mfcribbon-ms</Extensions>
    </Filter>
    <Filter Include="Test Files">
      <UniqueIdentifier>{7ef375b5-b260-4510-8a68-57b7bdd185db}</UniqueIdentifier>
    </Filter>
  </ItemGroup>
  <ItemGroup>
    <ClCompile Include="multiprecision.cpp">
      <Filter>Source Files</Filter>
    </ClCompile>
    <ClCompile Include="std_accuracy_test.cpp">
      <Filter>Test Files</Filter>
    </ClCompile>
    <ClCompile Include="accurate_table_generator_test.cpp">
      <Filter>Test Files</Filter>
    </ClCompile>
    <ClCompile Include="core_math_accuracy_test.cpp">
      <Filter>Test Files</Filter>
    </ClCompile>
    <ClCompile Include="sin_cos_test.cpp">
      <Filter>Test Files</Filter>
    </ClCompile>
  </ItemGroup>
  <ItemGroup>
    <ClInclude Include="multiprecision.hpp">
      <Filter>Header Files</Filter>
    </ClInclude>
    <ClInclude Include="accurate_table_generator.hpp">
      <Filter>Header Files</Filter>
    </ClInclude>
    <ClInclude Include="accurate_table_generator_body.hpp">
      <Filter>Source Files</Filter>
    </ClInclude>
  </ItemGroup>
</Project>