
Microsoft Visual Studio Solution File, Format Version 12.00
# Visual Studio Version 17
VisualStudioVersion = 17.4.33403.182
MinimumVisualStudioVersion = 10.0.40219.1
Project("{8BC9CEB8-8B4A-11D0-8D11-00A0C91BC942}") = "quantities", "quantities\quantities.vcxproj", "{273987F9-5E73-43E6-868E-E9D3C137F01A}"
	ProjectSection(ProjectDependencies) = postProject
		{5C482C18-BBAE-484D-A211-A25C86370061} = {5C482C18-BBAE-484D-A211-A25C86370061}
	EndProjectSection
EndProject
Project("{2150E333-8FDC-42A3-9474-1A3956D46DE8}") = "Project Property Sheets", "Project Property Sheets", "{E12187B5-1432-4401-B671-FC3E06256CFD}"
	ProjectSection(SolutionItems) = preProject
		boost_config.props = boost_config.props
		boost_multiprecision.props = boost_multiprecision.props
		generate_version_translation_unit.props = generate_version_translation_unit.props
		google_benchmark.props = google_benchmark.props
		google_gipfeli.props = google_gipfeli.props
		google_glog.props = google_glog.props
		google_googlemock_main.props = google_googlemock_main.props
		google_googletest.props = google_googletest.props
		google_protobuf.props = google_protobuf.props
		include_solution.props = include_solution.props
		llnl_zfp.props = llnl_zfp.props
		principia.props = principia.props
		profiling.props = profiling.props
		suppress_useless_warnings.props = suppress_useless_warnings.props
	EndProjectSection
EndProject
Project("{8BC9CEB8-8B4A-11D0-8D11-00A0C91BC942}") = "geometry", "geometry\geometry.vcxproj", "{0FD08CDF-228C-48C6-8690-CF0A72CF6C69}"
	ProjectSection(ProjectDependencies) = postProject
		{5C482C18-BBAE-484D-A211-A25C86370061} = {5C482C18-BBAE-484D-A211-A25C86370061}
	EndProjectSection
EndProject
Project("{8BC9CEB8-8B4A-11D0-8D11-00A0C91BC942}") = "testing_utilities", "testing_utilities\testing_utilities.vcxproj", "{2E28828E-8364-4962-A9FF-C20A72EB884C}"
	ProjectSection(ProjectDependencies) = postProject
		{5C482C18-BBAE-484D-A211-A25C86370061} = {5C482C18-BBAE-484D-A211-A25C86370061}
	EndProjectSection
EndProject
Project("{8BC9CEB8-8B4A-11D0-8D11-00A0C91BC942}") = "integrators", "integrators\integrators.vcxproj", "{86AFF67D-38CD-487E-B4C1-B93984A9ED0D}"
	ProjectSection(ProjectDependencies) = postProject
		{5C482C18-BBAE-484D-A211-A25C86370061} = {5C482C18-BBAE-484D-A211-A25C86370061}
	EndProjectSection
EndProject
Project("{8BC9CEB8-8B4A-11D0-8D11-00A0C91BC942}") = "benchmarks", "benchmarks\benchmarks.vcxproj", "{7B174B21-0837-4BEE-864E-08AD3C74046A}"
	ProjectSection(ProjectDependencies) = postProject
		{5C482C18-BBAE-484D-A211-A25C86370061} = {5C482C18-BBAE-484D-A211-A25C86370061}
	EndProjectSection
EndProject
Project("{8BC9CEB8-8B4A-11D0-8D11-00A0C91BC942}") = "physics", "physics\physics.vcxproj", "{41332E9A-729C-45C4-BDE1-A567608DADF2}"
	ProjectSection(ProjectDependencies) = postProject
		{5C482C18-BBAE-484D-A211-A25C86370061} = {5C482C18-BBAE-484D-A211-A25C86370061}
	EndProjectSection
EndProject
Project("{2150E333-8FDC-42A3-9474-1A3956D46DE8}") = "Git Auxiliary Files", "Git Auxiliary Files", "{0F8586AA-FAEF-4EC5-9D87-A96B9F7561EE}"
	ProjectSection(SolutionItems) = preProject
		.gitattributes = .gitattributes
		.gitignore = .gitignore
	EndProjectSection
EndProject
Project("{2150E333-8FDC-42A3-9474-1A3956D46DE8}") = "Legal", "Legal", "{4B25658F-A202-4286-B0CA-5CE54882787C}"
	ProjectSection(SolutionItems) = preProject
		LICENSE.txt = LICENSE.txt
	EndProjectSection
EndProject
Project("{FAE04EC0-301F-11D3-BF4B-00C04F79EFBC}") = "ksp_plugin_adapter", "ksp_plugin_adapter\ksp_plugin_adapter.csproj", "{E75B3F05-D64F-4AFE-9493-2F94A9B37510}"
	ProjectSection(ProjectDependencies) = postProject
		{A3F94607-2666-408F-AF98-0E47D61C98BB} = {A3F94607-2666-408F-AF98-0E47D61C98BB}
	EndProjectSection
EndProject
Project("{8BC9CEB8-8B4A-11D0-8D11-00A0C91BC942}") = "ksp_plugin", "ksp_plugin\ksp_plugin.vcxproj", "{A3F94607-2666-408F-AF98-0E47D61C98BB}"
	ProjectSection(ProjectDependencies) = postProject
		{5C482C18-BBAE-484D-A211-A25C86370061} = {5C482C18-BBAE-484D-A211-A25C86370061}
		{873680B3-2406-4A30-9EE7-569E9B9DA661} = {873680B3-2406-4A30-9EE7-569E9B9DA661}
	EndProjectSection
EndProject
Project("{8BC9CEB8-8B4A-11D0-8D11-00A0C91BC942}") = "ksp_plugin_test", "ksp_plugin_test\ksp_plugin_test.vcxproj", "{A942ADF0-62F4-435C-85B2-934D5B666DB8}"
	ProjectSection(ProjectDependencies) = postProject
		{873680B3-2406-4A30-9EE7-569E9B9DA661} = {873680B3-2406-4A30-9EE7-569E9B9DA661}
	EndProjectSection
EndProject
Project("{8BC9CEB8-8B4A-11D0-8D11-00A0C91BC942}") = "base", "base\base.vcxproj", "{7E7CC89A-FC65-409C-A975-9C3A6A50786B}"
	ProjectSection(ProjectDependencies) = postProject
		{5C482C18-BBAE-484D-A211-A25C86370061} = {5C482C18-BBAE-484D-A211-A25C86370061}
	EndProjectSection
EndProject
Project("{2150E333-8FDC-42A3-9474-1A3956D46DE8}") = "Scripts", "Scripts", "{B0F47E49-0EDF-4D58-AB27-F99CCCE4253A}"
	ProjectSection(SolutionItems) = preProject
		debug_and_release_in_parallel.xml = debug_and_release_in_parallel.xml
		find_msbuild.ps1 = find_msbuild.ps1
		generate_version_translation_unit.ps1 = generate_version_translation_unit.ps1
		include_what_you_using_all_the_things.ps1 = include_what_you_using_all_the_things.ps1
		install_deps.sh = install_deps.sh
		make_editorconfig.ps1 = make_editorconfig.ps1
		make_principia_release.ps1 = make_principia_release.ps1
		rebuild_all_solutions.ps1 = rebuild_all_solutions.ps1
		rebuild_debug_and_release_in_parallel.ps1 = rebuild_debug_and_release_in_parallel.ps1
		rebuild_release.ps1 = rebuild_release.ps1
	EndProjectSection
EndProject
Project("{2150E333-8FDC-42A3-9474-1A3956D46DE8}") = "Setup Files", "Setup Files", "{E3536C51-3B98-4D50-8973-A72D03042FCF}"
	ProjectSection(SolutionItems) = preProject
		Makefile = Makefile
		principia_make.sh = principia_make.sh
		Vagrantfile = Vagrantfile
	EndProjectSection
EndProject
Project("{8BC9CEB8-8B4A-11D0-8D11-00A0C91BC942}") = "serialization", "serialization\serialization.vcxproj", "{5C482C18-BBAE-484D-A211-A25C86370061}"
EndProject
Project("{8BC9CEB8-8B4A-11D0-8D11-00A0C91BC942}") = "mathematica", "mathematica\mathematica.vcxproj", "{83A31DA7-3F62-464D-9F6B-09CCE07A865A}"
	ProjectSection(ProjectDependencies) = postProject
		{5C482C18-BBAE-484D-A211-A25C86370061} = {5C482C18-BBAE-484D-A211-A25C86370061}
	EndProjectSection
EndProject
Project("{FAE04EC0-301F-11D3-BF4B-00C04F79EFBC}") = "stacktrace_decoder", "stacktrace_decoder\stacktrace_decoder.csproj", "{0AC374A7-36CD-40FC-B831-112389B6D9ED}"
EndProject
Project("{8BC9CEB8-8B4A-11D0-8D11-00A0C91BC942}") = "numerics", "numerics\numerics.vcxproj", "{9E0AE155-47B1-4090-AF00-038AF87A876D}"
	ProjectSection(ProjectDependencies) = postProject
		{5C482C18-BBAE-484D-A211-A25C86370061} = {5C482C18-BBAE-484D-A211-A25C86370061}
	EndProjectSection
EndProject
Project("{FAE04EC0-301F-11D3-BF4B-00C04F79EFBC}") = "benchmark_automation", "benchmark_automation\benchmark_automation.csproj", "{5498EE37-1A80-4DA8-8D81-01892C4C8EEB}"
EndProject
Project("{2150E333-8FDC-42A3-9474-1A3956D46DE8}") = "Solution Items", "Solution Items", "{8EF5AB3D-F63B-48B9-80A0-B789A830413C}"
	ProjectSection(SolutionItems) = preProject
		.editorconfig = .editorconfig
		principia.reg = principia.reg
	EndProjectSection
EndProject
Project("{8BC9CEB8-8B4A-11D0-8D11-00A0C91BC942}") = "astronomy", "astronomy\astronomy.vcxproj", "{5EEA5210-0FA9-4B44-8466-C40B22D24E8E}"
	ProjectSection(ProjectDependencies) = postProject
		{5C482C18-BBAE-484D-A211-A25C86370061} = {5C482C18-BBAE-484D-A211-A25C86370061}
	EndProjectSection
EndProject
Project("{8BC9CEB8-8B4A-11D0-8D11-00A0C91BC942}") = "journal", "journal\journal.vcxproj", "{972E4E09-3B2C-4A23-9338-74D97D589207}"
	ProjectSection(ProjectDependencies) = postProject
		{5C482C18-BBAE-484D-A211-A25C86370061} = {5C482C18-BBAE-484D-A211-A25C86370061}
	EndProjectSection
EndProject
Project("{8BC9CEB8-8B4A-11D0-8D11-00A0C91BC942}") = "tools", "tools\tools.vcxproj", "{873680B3-2406-4A30-9EE7-569E9B9DA661}"
	ProjectSection(ProjectDependencies) = postProject
		{5C482C18-BBAE-484D-A211-A25C86370061} = {5C482C18-BBAE-484D-A211-A25C86370061}
	EndProjectSection
EndProject
Project("{FAE04EC0-301F-11D3-BF4B-00C04F79EFBC}") = "parallel_test_runner", "parallel_test_runner\parallel_test_runner.csproj", "{A0E67E1B-E5A6-45A0-B42C-4330A6643CD7}"
EndProject
Project("{2150E333-8FDC-42A3-9474-1A3956D46DE8}") = "Documentation", "Documentation", "{FA689AE8-C152-4005-978E-1B701ABF9E1C}"
	ProjectSection(SolutionItems) = preProject
		documentation\basestyle.cls = documentation\basestyle.cls
		documentation\bibliography.bib = documentation\bibliography.bib
		documentation\bibliography.tex = documentation\bibliography.tex
		documentation\Catching Up.md = documentation\Catching Up.md
		documentation\cbrt.tex = documentation\cbrt.tex
		documentation\Celledoni.tex = documentation\Celledoni.tex
		documentation\Composition methods.tex = documentation\Composition methods.tex
		documentation\Fukushima.tex = documentation\Fukushima.tex
		documentation\Geopotential.tex = documentation\Geopotential.tex
		documentation\Hamiltonian Mechanics.tex = documentation\Hamiltonian Mechanics.tex
		documentation\Legendre.tex = documentation\Legendre.tex
		documentation\ODEs and Runge-Kutta integrators.tex = documentation\ODEs and Runge-Kutta integrators.tex
		documentation\Perspective hiding.tex = documentation\Perspective hiding.tex
		README.md = README.md
		documentation\Releasing.md = documentation\Releasing.md
		documentation\Rotational Motion.tex = documentation\Rotational Motion.tex
		documentation\semtex.sty = documentation\semtex.sty
		documentation\Setup.md = documentation\Setup.md
		SUPPORT.md = SUPPORT.md
	EndProjectSection
EndProject
Project("{FAE04EC0-301F-11D3-BF4B-00C04F79EFBC}") = "ksp_plugin_adapter_stub", "ksp_plugin_adapter_stub\ksp_plugin_adapter_stub.csproj", "{34D500D6-4197-4665-BFDC-594957137CD6}"
EndProject
Project("{9A19103F-16F7-4668-BE54-9A1E7A4F7556}") = "sourcerer", "sourcerer\sourcerer.csproj", "{28F20764-FBF8-40CF-A930-1562D1562B83}"
EndProject
Project("{2150E333-8FDC-42A3-9474-1A3956D46DE8}") = "Workflows", "Workflows", "{3B6E70E8-9FC3-4DC3-97B6-1A51B6DEB009}"
	ProjectSection(SolutionItems) = preProject
		.github\workflows\build.yaml = .github\workflows\build.yaml
		.github\workflows\lint.yaml = .github\workflows\lint.yaml
		.github\workflows\pull_request.yaml = .github\workflows\pull_request.yaml
		.github\workflows\remove-before-flight.yml = .github\workflows\remove-before-flight.yml
	EndProjectSection
EndProject
Project("{2150E333-8FDC-42A3-9474-1A3956D46DE8}") = "Shared Items Projects", "Shared Items Projects", "{6722AD00-0A85-4156-B912-38E99A12AE75}"
EndProject
Project("{8BC9CEB8-8B4A-11D0-8D11-00A0C91BC942}") = "astronomy", "shared\astronomy.vcxitems", "{582350F1-F2A6-4663-BB67-AD9EE13B3464}"
EndProject
Project("{8BC9CEB8-8B4A-11D0-8D11-00A0C91BC942}") = "base", "shared\base.vcxitems", "{A82CB04C-42E1-4EBE-9816-6FC033A9C2B5}"
EndProject
Project("{8BC9CEB8-8B4A-11D0-8D11-00A0C91BC942}") = "geometry", "shared\geometry.vcxitems", "{4687C5DA-576F-4D9C-B024-9F2F9CD76F48}"
EndProject
Project("{8BC9CEB8-8B4A-11D0-8D11-00A0C91BC942}") = "journal", "shared\journal.vcxitems", "{388CBEA7-7BC1-4146-8813-66B951E63A96}"
EndProject
Project("{8BC9CEB8-8B4A-11D0-8D11-00A0C91BC942}") = "numerics", "shared\numerics.vcxitems", "{C59F84DA-2F82-43DD-BBA4-5A469B32557C}"
EndProject
Project("{8BC9CEB8-8B4A-11D0-8D11-00A0C91BC942}") = "testing_utilities", "shared\testing_utilities.vcxitems", "{2E39517A-4713-455F-8C78-610DDFD8EA99}"
EndProject
Project("{8BC9CEB8-8B4A-11D0-8D11-00A0C91BC942}") = "functions", "functions\functions.vcxproj", "{7CCA653C-2E8F-4FFD-9E9F-BEE590F3EFAB}"
EndProject
Project("{8BC9CEB8-8B4A-11D0-8D11-00A0C91BC942}") = "nanobenchmarks", "nanobenchmarks\nanobenchmarks.vcxproj", "{1C6654C0-14E2-4A9E-B0E6-508B84FA8A0E}"
EndProject
Global
	GlobalSection(SolutionConfigurationPlatforms) = preSolution
		Debug|Any CPU = Debug|Any CPU
		Debug|x64 = Debug|x64
		Debug|x86 = Debug|x86
		Release KSP 1.7.3|Any CPU = Release KSP 1.7.3|Any CPU
		Release KSP 1.7.3|x64 = Release KSP 1.7.3|x64
		Release KSP 1.7.3|x86 = Release KSP 1.7.3|x86
		Release_LLVM|Any CPU = Release_LLVM|Any CPU
		Release_LLVM|x64 = Release_LLVM|x64
		Release_LLVM|x86 = Release_LLVM|x86
		Release|Any CPU = Release|Any CPU
		Release|x64 = Release|x64
		Release|x86 = Release|x86
	EndGlobalSection
	GlobalSection(ProjectConfigurationPlatforms) = postSolution
		{273987F9-5E73-43E6-868E-E9D3C137F01A}.Debug|Any CPU.ActiveCfg = Debug|x64
		{273987F9-5E73-43E6-868E-E9D3C137F01A}.Debug|x64.ActiveCfg = Debug|x64
		{273987F9-5E73-43E6-868E-E9D3C137F01A}.Debug|x64.Build.0 = Debug|x64
		{273987F9-5E73-43E6-868E-E9D3C137F01A}.Debug|x86.ActiveCfg = Debug|x64
		{273987F9-5E73-43E6-868E-E9D3C137F01A}.Debug|x86.Build.0 = Debug|x64
		{273987F9-5E73-43E6-868E-E9D3C137F01A}.Release KSP 1.7.3|Any CPU.ActiveCfg = Release_LLVM|x64
		{273987F9-5E73-43E6-868E-E9D3C137F01A}.Release KSP 1.7.3|Any CPU.Build.0 = Release_LLVM|x64
		{273987F9-5E73-43E6-868E-E9D3C137F01A}.Release KSP 1.7.3|x64.ActiveCfg = Release|x64
		{273987F9-5E73-43E6-868E-E9D3C137F01A}.Release KSP 1.7.3|x64.Build.0 = Release|x64
		{273987F9-5E73-43E6-868E-E9D3C137F01A}.Release KSP 1.7.3|x86.ActiveCfg = Release_LLVM|x64
		{273987F9-5E73-43E6-868E-E9D3C137F01A}.Release KSP 1.7.3|x86.Build.0 = Release_LLVM|x64
		{273987F9-5E73-43E6-868E-E9D3C137F01A}.Release_LLVM|Any CPU.ActiveCfg = Release_LLVM|x64
		{273987F9-5E73-43E6-868E-E9D3C137F01A}.Release_LLVM|x64.ActiveCfg = Release_LLVM|x64
		{273987F9-5E73-43E6-868E-E9D3C137F01A}.Release_LLVM|x64.Build.0 = Release_LLVM|x64
		{273987F9-5E73-43E6-868E-E9D3C137F01A}.Release_LLVM|x86.ActiveCfg = Release_LLVM|x64
		{273987F9-5E73-43E6-868E-E9D3C137F01A}.Release_LLVM|x86.Build.0 = Release_LLVM|x64
		{273987F9-5E73-43E6-868E-E9D3C137F01A}.Release|Any CPU.ActiveCfg = Release|x64
		{273987F9-5E73-43E6-868E-E9D3C137F01A}.Release|x64.ActiveCfg = Release|x64
		{273987F9-5E73-43E6-868E-E9D3C137F01A}.Release|x64.Build.0 = Release|x64
		{273987F9-5E73-43E6-868E-E9D3C137F01A}.Release|x86.ActiveCfg = Release|x64
		{273987F9-5E73-43E6-868E-E9D3C137F01A}.Release|x86.Build.0 = Release|x64
		{0FD08CDF-228C-48C6-8690-CF0A72CF6C69}.Debug|Any CPU.ActiveCfg = Debug|x64
		{0FD08CDF-228C-48C6-8690-CF0A72CF6C69}.Debug|x64.ActiveCfg = Debug|x64
		{0FD08CDF-228C-48C6-8690-CF0A72CF6C69}.Debug|x64.Build.0 = Debug|x64
		{0FD08CDF-228C-48C6-8690-CF0A72CF6C69}.Debug|x86.ActiveCfg = Debug|x64
		{0FD08CDF-228C-48C6-8690-CF0A72CF6C69}.Debug|x86.Build.0 = Debug|x64
		{0FD08CDF-228C-48C6-8690-CF0A72CF6C69}.Release KSP 1.7.3|Any CPU.ActiveCfg = Release_LLVM|x64
		{0FD08CDF-228C-48C6-8690-CF0A72CF6C69}.Release KSP 1.7.3|Any CPU.Build.0 = Release_LLVM|x64
		{0FD08CDF-228C-48C6-8690-CF0A72CF6C69}.Release KSP 1.7.3|x64.ActiveCfg = Release|x64
		{0FD08CDF-228C-48C6-8690-CF0A72CF6C69}.Release KSP 1.7.3|x64.Build.0 = Release|x64
		{0FD08CDF-228C-48C6-8690-CF0A72CF6C69}.Release KSP 1.7.3|x86.ActiveCfg = Release_LLVM|x64
		{0FD08CDF-228C-48C6-8690-CF0A72CF6C69}.Release KSP 1.7.3|x86.Build.0 = Release_LLVM|x64
		{0FD08CDF-228C-48C6-8690-CF0A72CF6C69}.Release_LLVM|Any CPU.ActiveCfg = Release_LLVM|x64
		{0FD08CDF-228C-48C6-8690-CF0A72CF6C69}.Release_LLVM|x64.ActiveCfg = Release_LLVM|x64
		{0FD08CDF-228C-48C6-8690-CF0A72CF6C69}.Release_LLVM|x64.Build.0 = Release_LLVM|x64
		{0FD08CDF-228C-48C6-8690-CF0A72CF6C69}.Release_LLVM|x86.ActiveCfg = Release_LLVM|x64
		{0FD08CDF-228C-48C6-8690-CF0A72CF6C69}.Release_LLVM|x86.Build.0 = Release_LLVM|x64
		{0FD08CDF-228C-48C6-8690-CF0A72CF6C69}.Release|Any CPU.ActiveCfg = Release|x64
		{0FD08CDF-228C-48C6-8690-CF0A72CF6C69}.Release|x64.ActiveCfg = Release|x64
		{0FD08CDF-228C-48C6-8690-CF0A72CF6C69}.Release|x64.Build.0 = Release|x64
		{0FD08CDF-228C-48C6-8690-CF0A72CF6C69}.Release|x86.ActiveCfg = Release|x64
		{0FD08CDF-228C-48C6-8690-CF0A72CF6C69}.Release|x86.Build.0 = Release|x64
		{2E28828E-8364-4962-A9FF-C20A72EB884C}.Debug|Any CPU.ActiveCfg = Debug|x64
		{2E28828E-8364-4962-A9FF-C20A72EB884C}.Debug|x64.ActiveCfg = Debug|x64
		{2E28828E-8364-4962-A9FF-C20A72EB884C}.Debug|x64.Build.0 = Debug|x64
		{2E28828E-8364-4962-A9FF-C20A72EB884C}.Debug|x86.ActiveCfg = Debug|x64
		{2E28828E-8364-4962-A9FF-C20A72EB884C}.Debug|x86.Build.0 = Debug|x64
		{2E28828E-8364-4962-A9FF-C20A72EB884C}.Release KSP 1.7.3|Any CPU.ActiveCfg = Release_LLVM|x64
		{2E28828E-8364-4962-A9FF-C20A72EB884C}.Release KSP 1.7.3|Any CPU.Build.0 = Release_LLVM|x64
		{2E28828E-8364-4962-A9FF-C20A72EB884C}.Release KSP 1.7.3|x64.ActiveCfg = Release|x64
		{2E28828E-8364-4962-A9FF-C20A72EB884C}.Release KSP 1.7.3|x64.Build.0 = Release|x64
		{2E28828E-8364-4962-A9FF-C20A72EB884C}.Release KSP 1.7.3|x86.ActiveCfg = Release_LLVM|x64
		{2E28828E-8364-4962-A9FF-C20A72EB884C}.Release KSP 1.7.3|x86.Build.0 = Release_LLVM|x64
		{2E28828E-8364-4962-A9FF-C20A72EB884C}.Release_LLVM|Any CPU.ActiveCfg = Release_LLVM|x64
		{2E28828E-8364-4962-A9FF-C20A72EB884C}.Release_LLVM|x64.ActiveCfg = Release_LLVM|x64
		{2E28828E-8364-4962-A9FF-C20A72EB884C}.Release_LLVM|x64.Build.0 = Release_LLVM|x64
		{2E28828E-8364-4962-A9FF-C20A72EB884C}.Release_LLVM|x86.ActiveCfg = Release_LLVM|x64
		{2E28828E-8364-4962-A9FF-C20A72EB884C}.Release_LLVM|x86.Build.0 = Release_LLVM|x64
		{2E28828E-8364-4962-A9FF-C20A72EB884C}.Release|Any CPU.ActiveCfg = Release|x64
		{2E28828E-8364-4962-A9FF-C20A72EB884C}.Release|x64.ActiveCfg = Release|x64
		{2E28828E-8364-4962-A9FF-C20A72EB884C}.Release|x64.Build.0 = Release|x64
		{2E28828E-8364-4962-A9FF-C20A72EB884C}.Release|x86.ActiveCfg = Release|x64
		{2E28828E-8364-4962-A9FF-C20A72EB884C}.Release|x86.Build.0 = Release|x64
		{86AFF67D-38CD-487E-B4C1-B93984A9ED0D}.Debug|Any CPU.ActiveCfg = Debug|x64
		{86AFF67D-38CD-487E-B4C1-B93984A9ED0D}.Debug|x64.ActiveCfg = Debug|x64
		{86AFF67D-38CD-487E-B4C1-B93984A9ED0D}.Debug|x64.Build.0 = Debug|x64
		{86AFF67D-38CD-487E-B4C1-B93984A9ED0D}.Debug|x86.ActiveCfg = Debug|x64
		{86AFF67D-38CD-487E-B4C1-B93984A9ED0D}.Debug|x86.Build.0 = Debug|x64
		{86AFF67D-38CD-487E-B4C1-B93984A9ED0D}.Release KSP 1.7.3|Any CPU.ActiveCfg = Release_LLVM|x64
		{86AFF67D-38CD-487E-B4C1-B93984A9ED0D}.Release KSP 1.7.3|Any CPU.Build.0 = Release_LLVM|x64
		{86AFF67D-38CD-487E-B4C1-B93984A9ED0D}.Release KSP 1.7.3|x64.ActiveCfg = Release|x64
		{86AFF67D-38CD-487E-B4C1-B93984A9ED0D}.Release KSP 1.7.3|x64.Build.0 = Release|x64
		{86AFF67D-38CD-487E-B4C1-B93984A9ED0D}.Release KSP 1.7.3|x86.ActiveCfg = Release_LLVM|x64
		{86AFF67D-38CD-487E-B4C1-B93984A9ED0D}.Release KSP 1.7.3|x86.Build.0 = Release_LLVM|x64
		{86AFF67D-38CD-487E-B4C1-B93984A9ED0D}.Release_LLVM|Any CPU.ActiveCfg = Release_LLVM|x64
		{86AFF67D-38CD-487E-B4C1-B93984A9ED0D}.Release_LLVM|x64.ActiveCfg = Release_LLVM|x64
		{86AFF67D-38CD-487E-B4C1-B93984A9ED0D}.Release_LLVM|x64.Build.0 = Release_LLVM|x64
		{86AFF67D-38CD-487E-B4C1-B93984A9ED0D}.Release_LLVM|x86.ActiveCfg = Release_LLVM|x64
		{86AFF67D-38CD-487E-B4C1-B93984A9ED0D}.Release_LLVM|x86.Build.0 = Release_LLVM|x64
		{86AFF67D-38CD-487E-B4C1-B93984A9ED0D}.Release|Any CPU.ActiveCfg = Release|x64
		{86AFF67D-38CD-487E-B4C1-B93984A9ED0D}.Release|x64.ActiveCfg = Release|x64
		{86AFF67D-38CD-487E-B4C1-B93984A9ED0D}.Release|x64.Build.0 = Release|x64
		{86AFF67D-38CD-487E-B4C1-B93984A9ED0D}.Release|x86.ActiveCfg = Release|x64
		{86AFF67D-38CD-487E-B4C1-B93984A9ED0D}.Release|x86.Build.0 = Release|x64
		{7B174B21-0837-4BEE-864E-08AD3C74046A}.Debug|Any CPU.ActiveCfg = Debug|x64
		{7B174B21-0837-4BEE-864E-08AD3C74046A}.Debug|x64.ActiveCfg = Debug|x64
		{7B174B21-0837-4BEE-864E-08AD3C74046A}.Debug|x64.Build.0 = Debug|x64
		{7B174B21-0837-4BEE-864E-08AD3C74046A}.Debug|x86.ActiveCfg = Debug|x64
		{7B174B21-0837-4BEE-864E-08AD3C74046A}.Debug|x86.Build.0 = Debug|x64
		{7B174B21-0837-4BEE-864E-08AD3C74046A}.Release KSP 1.7.3|Any CPU.ActiveCfg = Release_LLVM|x64
		{7B174B21-0837-4BEE-864E-08AD3C74046A}.Release KSP 1.7.3|Any CPU.Build.0 = Release_LLVM|x64
		{7B174B21-0837-4BEE-864E-08AD3C74046A}.Release KSP 1.7.3|x64.ActiveCfg = Release|x64
		{7B174B21-0837-4BEE-864E-08AD3C74046A}.Release KSP 1.7.3|x64.Build.0 = Release|x64
		{7B174B21-0837-4BEE-864E-08AD3C74046A}.Release KSP 1.7.3|x86.ActiveCfg = Release_LLVM|x64
		{7B174B21-0837-4BEE-864E-08AD3C74046A}.Release KSP 1.7.3|x86.Build.0 = Release_LLVM|x64
		{7B174B21-0837-4BEE-864E-08AD3C74046A}.Release_LLVM|Any CPU.ActiveCfg = Release_LLVM|x64
		{7B174B21-0837-4BEE-864E-08AD3C74046A}.Release_LLVM|x64.ActiveCfg = Release_LLVM|x64
		{7B174B21-0837-4BEE-864E-08AD3C74046A}.Release_LLVM|x64.Build.0 = Release_LLVM|x64
		{7B174B21-0837-4BEE-864E-08AD3C74046A}.Release_LLVM|x86.ActiveCfg = Release_LLVM|x64
		{7B174B21-0837-4BEE-864E-08AD3C74046A}.Release_LLVM|x86.Build.0 = Release_LLVM|x64
		{7B174B21-0837-4BEE-864E-08AD3C74046A}.Release|Any CPU.ActiveCfg = Release|x64
		{7B174B21-0837-4BEE-864E-08AD3C74046A}.Release|x64.ActiveCfg = Release|x64
		{7B174B21-0837-4BEE-864E-08AD3C74046A}.Release|x64.Build.0 = Release|x64
		{7B174B21-0837-4BEE-864E-08AD3C74046A}.Release|x86.ActiveCfg = Release|x64
		{7B174B21-0837-4BEE-864E-08AD3C74046A}.Release|x86.Build.0 = Release|x64
		{41332E9A-729C-45C4-BDE1-A567608DADF2}.Debug|Any CPU.ActiveCfg = Debug|x64
		{41332E9A-729C-45C4-BDE1-A567608DADF2}.Debug|x64.ActiveCfg = Debug|x64
		{41332E9A-729C-45C4-BDE1-A567608DADF2}.Debug|x64.Build.0 = Debug|x64
		{41332E9A-729C-45C4-BDE1-A567608DADF2}.Debug|x86.ActiveCfg = Debug|x64
		{41332E9A-729C-45C4-BDE1-A567608DADF2}.Debug|x86.Build.0 = Debug|x64
		{41332E9A-729C-45C4-BDE1-A567608DADF2}.Release KSP 1.7.3|Any CPU.ActiveCfg = Release_LLVM|x64
		{41332E9A-729C-45C4-BDE1-A567608DADF2}.Release KSP 1.7.3|Any CPU.Build.0 = Release_LLVM|x64
		{41332E9A-729C-45C4-BDE1-A567608DADF2}.Release KSP 1.7.3|x64.ActiveCfg = Release|x64
		{41332E9A-729C-45C4-BDE1-A567608DADF2}.Release KSP 1.7.3|x64.Build.0 = Release|x64
		{41332E9A-729C-45C4-BDE1-A567608DADF2}.Release KSP 1.7.3|x86.ActiveCfg = Release_LLVM|x64
		{41332E9A-729C-45C4-BDE1-A567608DADF2}.Release KSP 1.7.3|x86.Build.0 = Release_LLVM|x64
		{41332E9A-729C-45C4-BDE1-A567608DADF2}.Release_LLVM|Any CPU.ActiveCfg = Release_LLVM|x64
		{41332E9A-729C-45C4-BDE1-A567608DADF2}.Release_LLVM|x64.ActiveCfg = Release_LLVM|x64
		{41332E9A-729C-45C4-BDE1-A567608DADF2}.Release_LLVM|x64.Build.0 = Release_LLVM|x64
		{41332E9A-729C-45C4-BDE1-A567608DADF2}.Release_LLVM|x86.ActiveCfg = Release_LLVM|x64
		{41332E9A-729C-45C4-BDE1-A567608DADF2}.Release_LLVM|x86.Build.0 = Release_LLVM|x64
		{41332E9A-729C-45C4-BDE1-A567608DADF2}.Release|Any CPU.ActiveCfg = Release|x64
		{41332E9A-729C-45C4-BDE1-A567608DADF2}.Release|x64.ActiveCfg = Release|x64
		{41332E9A-729C-45C4-BDE1-A567608DADF2}.Release|x64.Build.0 = Release|x64
		{41332E9A-729C-45C4-BDE1-A567608DADF2}.Release|x86.ActiveCfg = Release|x64
		{41332E9A-729C-45C4-BDE1-A567608DADF2}.Release|x86.Build.0 = Release|x64
		{E75B3F05-D64F-4AFE-9493-2F94A9B37510}.Debug|Any CPU.ActiveCfg = Debug|Any CPU
		{E75B3F05-D64F-4AFE-9493-2F94A9B37510}.Debug|Any CPU.Build.0 = Debug|Any CPU
		{E75B3F05-D64F-4AFE-9493-2F94A9B37510}.Debug|x64.ActiveCfg = Debug|Any CPU
		{E75B3F05-D64F-4AFE-9493-2F94A9B37510}.Debug|x64.Build.0 = Debug|Any CPU
		{E75B3F05-D64F-4AFE-9493-2F94A9B37510}.Debug|x86.ActiveCfg = Debug|Any CPU
		{E75B3F05-D64F-4AFE-9493-2F94A9B37510}.Debug|x86.Build.0 = Debug|Any CPU
		{E75B3F05-D64F-4AFE-9493-2F94A9B37510}.Release KSP 1.7.3|Any CPU.ActiveCfg = Release KSP 1.7.3|Any CPU
		{E75B3F05-D64F-4AFE-9493-2F94A9B37510}.Release KSP 1.7.3|Any CPU.Build.0 = Release KSP 1.7.3|Any CPU
		{E75B3F05-D64F-4AFE-9493-2F94A9B37510}.Release KSP 1.7.3|x64.ActiveCfg = Release KSP 1.7.3|Any CPU
		{E75B3F05-D64F-4AFE-9493-2F94A9B37510}.Release KSP 1.7.3|x64.Build.0 = Release KSP 1.7.3|Any CPU
		{E75B3F05-D64F-4AFE-9493-2F94A9B37510}.Release KSP 1.7.3|x86.ActiveCfg = Release KSP 1.7.3|Any CPU
		{E75B3F05-D64F-4AFE-9493-2F94A9B37510}.Release KSP 1.7.3|x86.Build.0 = Release KSP 1.7.3|Any CPU
		{E75B3F05-D64F-4AFE-9493-2F94A9B37510}.Release_LLVM|Any CPU.ActiveCfg = Release|Any CPU
		{E75B3F05-D64F-4AFE-9493-2F94A9B37510}.Release_LLVM|Any CPU.Build.0 = Release|Any CPU
		{E75B3F05-D64F-4AFE-9493-2F94A9B37510}.Release_LLVM|x64.ActiveCfg = Release|Any CPU
		{E75B3F05-D64F-4AFE-9493-2F94A9B37510}.Release_LLVM|x64.Build.0 = Release|Any CPU
		{E75B3F05-D64F-4AFE-9493-2F94A9B37510}.Release_LLVM|x86.ActiveCfg = Release KSP 1.7.3|Any CPU
		{E75B3F05-D64F-4AFE-9493-2F94A9B37510}.Release_LLVM|x86.Build.0 = Release KSP 1.7.3|Any CPU
		{E75B3F05-D64F-4AFE-9493-2F94A9B37510}.Release|Any CPU.ActiveCfg = Release|Any CPU
		{E75B3F05-D64F-4AFE-9493-2F94A9B37510}.Release|Any CPU.Build.0 = Release|Any CPU
		{E75B3F05-D64F-4AFE-9493-2F94A9B37510}.Release|x64.ActiveCfg = Release|Any CPU
		{E75B3F05-D64F-4AFE-9493-2F94A9B37510}.Release|x64.Build.0 = Release|Any CPU
		{E75B3F05-D64F-4AFE-9493-2F94A9B37510}.Release|x86.ActiveCfg = Release|Any CPU
		{E75B3F05-D64F-4AFE-9493-2F94A9B37510}.Release|x86.Build.0 = Release|Any CPU
		{A3F94607-2666-408F-AF98-0E47D61C98BB}.Debug|Any CPU.ActiveCfg = Debug|x64
		{A3F94607-2666-408F-AF98-0E47D61C98BB}.Debug|x64.ActiveCfg = Debug|x64
		{A3F94607-2666-408F-AF98-0E47D61C98BB}.Debug|x64.Build.0 = Debug|x64
		{A3F94607-2666-408F-AF98-0E47D61C98BB}.Debug|x86.ActiveCfg = Debug|x64
		{A3F94607-2666-408F-AF98-0E47D61C98BB}.Debug|x86.Build.0 = Debug|x64
		{A3F94607-2666-408F-AF98-0E47D61C98BB}.Release KSP 1.7.3|Any CPU.ActiveCfg = Release_LLVM|x64
		{A3F94607-2666-408F-AF98-0E47D61C98BB}.Release KSP 1.7.3|Any CPU.Build.0 = Release_LLVM|x64
		{A3F94607-2666-408F-AF98-0E47D61C98BB}.Release KSP 1.7.3|x64.ActiveCfg = Release|x64
		{A3F94607-2666-408F-AF98-0E47D61C98BB}.Release KSP 1.7.3|x64.Build.0 = Release|x64
		{A3F94607-2666-408F-AF98-0E47D61C98BB}.Release KSP 1.7.3|x86.ActiveCfg = Release_LLVM|x64
		{A3F94607-2666-408F-AF98-0E47D61C98BB}.Release KSP 1.7.3|x86.Build.0 = Release_LLVM|x64
		{A3F94607-2666-408F-AF98-0E47D61C98BB}.Release_LLVM|Any CPU.ActiveCfg = Release_LLVM|x64
		{A3F94607-2666-408F-AF98-0E47D61C98BB}.Release_LLVM|x64.ActiveCfg = Release_LLVM|x64
		{A3F94607-2666-408F-AF98-0E47D61C98BB}.Release_LLVM|x64.Build.0 = Release_LLVM|x64
		{A3F94607-2666-408F-AF98-0E47D61C98BB}.Release_LLVM|x86.ActiveCfg = Release_LLVM|x64
		{A3F94607-2666-408F-AF98-0E47D61C98BB}.Release_LLVM|x86.Build.0 = Release_LLVM|x64
		{A3F94607-2666-408F-AF98-0E47D61C98BB}.Release|Any CPU.ActiveCfg = Release|x64
		{A3F94607-2666-408F-AF98-0E47D61C98BB}.Release|x64.ActiveCfg = Release|x64
		{A3F94607-2666-408F-AF98-0E47D61C98BB}.Release|x64.Build.0 = Release|x64
		{A3F94607-2666-408F-AF98-0E47D61C98BB}.Release|x86.ActiveCfg = Release|x64
		{A3F94607-2666-408F-AF98-0E47D61C98BB}.Release|x86.Build.0 = Release|x64
		{A942ADF0-62F4-435C-85B2-934D5B666DB8}.Debug|Any CPU.ActiveCfg = Debug|x64
		{A942ADF0-62F4-435C-85B2-934D5B666DB8}.Debug|x64.ActiveCfg = Debug|x64
		{A942ADF0-62F4-435C-85B2-934D5B666DB8}.Debug|x64.Build.0 = Debug|x64
		{A942ADF0-62F4-435C-85B2-934D5B666DB8}.Debug|x86.ActiveCfg = Debug|x64
		{A942ADF0-62F4-435C-85B2-934D5B666DB8}.Debug|x86.Build.0 = Debug|x64
		{A942ADF0-62F4-435C-85B2-934D5B666DB8}.Release KSP 1.7.3|Any CPU.ActiveCfg = Release_LLVM|x64
		{A942ADF0-62F4-435C-85B2-934D5B666DB8}.Release KSP 1.7.3|Any CPU.Build.0 = Release_LLVM|x64
		{A942ADF0-62F4-435C-85B2-934D5B666DB8}.Release KSP 1.7.3|x64.ActiveCfg = Release|x64
		{A942ADF0-62F4-435C-85B2-934D5B666DB8}.Release KSP 1.7.3|x64.Build.0 = Release|x64
		{A942ADF0-62F4-435C-85B2-934D5B666DB8}.Release KSP 1.7.3|x86.ActiveCfg = Release_LLVM|x64
		{A942ADF0-62F4-435C-85B2-934D5B666DB8}.Release KSP 1.7.3|x86.Build.0 = Release_LLVM|x64
		{A942ADF0-62F4-435C-85B2-934D5B666DB8}.Release_LLVM|Any CPU.ActiveCfg = Release_LLVM|x64
		{A942ADF0-62F4-435C-85B2-934D5B666DB8}.Release_LLVM|x64.ActiveCfg = Release_LLVM|x64
		{A942ADF0-62F4-435C-85B2-934D5B666DB8}.Release_LLVM|x64.Build.0 = Release_LLVM|x64
		{A942ADF0-62F4-435C-85B2-934D5B666DB8}.Release_LLVM|x86.ActiveCfg = Release_LLVM|x64
		{A942ADF0-62F4-435C-85B2-934D5B666DB8}.Release_LLVM|x86.Build.0 = Release_LLVM|x64
		{A942ADF0-62F4-435C-85B2-934D5B666DB8}.Release|Any CPU.ActiveCfg = Release|x64
		{A942ADF0-62F4-435C-85B2-934D5B666DB8}.Release|x64.ActiveCfg = Release|x64
		{A942ADF0-62F4-435C-85B2-934D5B666DB8}.Release|x64.Build.0 = Release|x64
		{A942ADF0-62F4-435C-85B2-934D5B666DB8}.Release|x86.ActiveCfg = Release|x64
		{A942ADF0-62F4-435C-85B2-934D5B666DB8}.Release|x86.Build.0 = Release|x64
		{7E7CC89A-FC65-409C-A975-9C3A6A50786B}.Debug|Any CPU.ActiveCfg = Debug|x64
		{7E7CC89A-FC65-409C-A975-9C3A6A50786B}.Debug|x64.ActiveCfg = Debug|x64
		{7E7CC89A-FC65-409C-A975-9C3A6A50786B}.Debug|x64.Build.0 = Debug|x64
		{7E7CC89A-FC65-409C-A975-9C3A6A50786B}.Debug|x86.ActiveCfg = Debug|x64
		{7E7CC89A-FC65-409C-A975-9C3A6A50786B}.Debug|x86.Build.0 = Debug|x64
		{7E7CC89A-FC65-409C-A975-9C3A6A50786B}.Release KSP 1.7.3|Any CPU.ActiveCfg = Release_LLVM|x64
		{7E7CC89A-FC65-409C-A975-9C3A6A50786B}.Release KSP 1.7.3|Any CPU.Build.0 = Release_LLVM|x64
		{7E7CC89A-FC65-409C-A975-9C3A6A50786B}.Release KSP 1.7.3|x64.ActiveCfg = Release|x64
		{7E7CC89A-FC65-409C-A975-9C3A6A50786B}.Release KSP 1.7.3|x64.Build.0 = Release|x64
		{7E7CC89A-FC65-409C-A975-9C3A6A50786B}.Release KSP 1.7.3|x86.ActiveCfg = Release_LLVM|x64
		{7E7CC89A-FC65-409C-A975-9C3A6A50786B}.Release KSP 1.7.3|x86.Build.0 = Release_LLVM|x64
		{7E7CC89A-FC65-409C-A975-9C3A6A50786B}.Release_LLVM|Any CPU.ActiveCfg = Release_LLVM|x64
		{7E7CC89A-FC65-409C-A975-9C3A6A50786B}.Release_LLVM|x64.ActiveCfg = Release_LLVM|x64
		{7E7CC89A-FC65-409C-A975-9C3A6A50786B}.Release_LLVM|x64.Build.0 = Release_LLVM|x64
		{7E7CC89A-FC65-409C-A975-9C3A6A50786B}.Release_LLVM|x86.ActiveCfg = Release_LLVM|x64
		{7E7CC89A-FC65-409C-A975-9C3A6A50786B}.Release_LLVM|x86.Build.0 = Release_LLVM|x64
		{7E7CC89A-FC65-409C-A975-9C3A6A50786B}.Release|Any CPU.ActiveCfg = Release|x64
		{7E7CC89A-FC65-409C-A975-9C3A6A50786B}.Release|x64.ActiveCfg = Release|x64
		{7E7CC89A-FC65-409C-A975-9C3A6A50786B}.Release|x64.Build.0 = Release|x64
		{7E7CC89A-FC65-409C-A975-9C3A6A50786B}.Release|x86.ActiveCfg = Release|x64
		{7E7CC89A-FC65-409C-A975-9C3A6A50786B}.Release|x86.Build.0 = Release|x64
		{5C482C18-BBAE-484D-A211-A25C86370061}.Debug|Any CPU.ActiveCfg = Debug|x64
		{5C482C18-BBAE-484D-A211-A25C86370061}.Debug|x64.ActiveCfg = Debug|x64
		{5C482C18-BBAE-484D-A211-A25C86370061}.Debug|x64.Build.0 = Debug|x64
		{5C482C18-BBAE-484D-A211-A25C86370061}.Debug|x86.ActiveCfg = Debug|x64
		{5C482C18-BBAE-484D-A211-A25C86370061}.Debug|x86.Build.0 = Debug|x64
		{5C482C18-BBAE-484D-A211-A25C86370061}.Release KSP 1.7.3|Any CPU.ActiveCfg = Release_LLVM|x64
		{5C482C18-BBAE-484D-A211-A25C86370061}.Release KSP 1.7.3|Any CPU.Build.0 = Release_LLVM|x64
		{5C482C18-BBAE-484D-A211-A25C86370061}.Release KSP 1.7.3|x64.ActiveCfg = Release|x64
		{5C482C18-BBAE-484D-A211-A25C86370061}.Release KSP 1.7.3|x64.Build.0 = Release|x64
		{5C482C18-BBAE-484D-A211-A25C86370061}.Release KSP 1.7.3|x86.ActiveCfg = Release_LLVM|x64
		{5C482C18-BBAE-484D-A211-A25C86370061}.Release KSP 1.7.3|x86.Build.0 = Release_LLVM|x64
		{5C482C18-BBAE-484D-A211-A25C86370061}.Release_LLVM|Any CPU.ActiveCfg = Release_LLVM|x64
		{5C482C18-BBAE-484D-A211-A25C86370061}.Release_LLVM|x64.ActiveCfg = Release_LLVM|x64
		{5C482C18-BBAE-484D-A211-A25C86370061}.Release_LLVM|x64.Build.0 = Release_LLVM|x64
		{5C482C18-BBAE-484D-A211-A25C86370061}.Release_LLVM|x86.ActiveCfg = Release_LLVM|x64
		{5C482C18-BBAE-484D-A211-A25C86370061}.Release_LLVM|x86.Build.0 = Release_LLVM|x64
		{5C482C18-BBAE-484D-A211-A25C86370061}.Release|Any CPU.ActiveCfg = Release|x64
		{5C482C18-BBAE-484D-A211-A25C86370061}.Release|x64.ActiveCfg = Release|x64
		{5C482C18-BBAE-484D-A211-A25C86370061}.Release|x64.Build.0 = Release|x64
		{5C482C18-BBAE-484D-A211-A25C86370061}.Release|x86.ActiveCfg = Release|x64
		{5C482C18-BBAE-484D-A211-A25C86370061}.Release|x86.Build.0 = Release|x64
		{83A31DA7-3F62-464D-9F6B-09CCE07A865A}.Debug|Any CPU.ActiveCfg = Debug|x64
		{83A31DA7-3F62-464D-9F6B-09CCE07A865A}.Debug|x64.ActiveCfg = Debug|x64
		{83A31DA7-3F62-464D-9F6B-09CCE07A865A}.Debug|x64.Build.0 = Debug|x64
		{83A31DA7-3F62-464D-9F6B-09CCE07A865A}.Debug|x86.ActiveCfg = Debug|x64
		{83A31DA7-3F62-464D-9F6B-09CCE07A865A}.Debug|x86.Build.0 = Debug|x64
		{83A31DA7-3F62-464D-9F6B-09CCE07A865A}.Release KSP 1.7.3|Any CPU.ActiveCfg = Release_LLVM|x64
		{83A31DA7-3F62-464D-9F6B-09CCE07A865A}.Release KSP 1.7.3|Any CPU.Build.0 = Release_LLVM|x64
		{83A31DA7-3F62-464D-9F6B-09CCE07A865A}.Release KSP 1.7.3|x64.ActiveCfg = Release|x64
		{83A31DA7-3F62-464D-9F6B-09CCE07A865A}.Release KSP 1.7.3|x64.Build.0 = Release|x64
		{83A31DA7-3F62-464D-9F6B-09CCE07A865A}.Release KSP 1.7.3|x86.ActiveCfg = Release_LLVM|x64
		{83A31DA7-3F62-464D-9F6B-09CCE07A865A}.Release KSP 1.7.3|x86.Build.0 = Release_LLVM|x64
		{83A31DA7-3F62-464D-9F6B-09CCE07A865A}.Release_LLVM|Any CPU.ActiveCfg = Release_LLVM|x64
		{83A31DA7-3F62-464D-9F6B-09CCE07A865A}.Release_LLVM|x64.ActiveCfg = Release_LLVM|x64
		{83A31DA7-3F62-464D-9F6B-09CCE07A865A}.Release_LLVM|x64.Build.0 = Release_LLVM|x64
		{83A31DA7-3F62-464D-9F6B-09CCE07A865A}.Release_LLVM|x86.ActiveCfg = Release_LLVM|x64
		{83A31DA7-3F62-464D-9F6B-09CCE07A865A}.Release_LLVM|x86.Build.0 = Release_LLVM|x64
		{83A31DA7-3F62-464D-9F6B-09CCE07A865A}.Release|Any CPU.ActiveCfg = Release|x64
		{83A31DA7-3F62-464D-9F6B-09CCE07A865A}.Release|x64.ActiveCfg = Release|x64
		{83A31DA7-3F62-464D-9F6B-09CCE07A865A}.Release|x64.Build.0 = Release|x64
		{83A31DA7-3F62-464D-9F6B-09CCE07A865A}.Release|x86.ActiveCfg = Release|x64
		{83A31DA7-3F62-464D-9F6B-09CCE07A865A}.Release|x86.Build.0 = Release|x64
		{0AC374A7-36CD-40FC-B831-112389B6D9ED}.Debug|Any CPU.ActiveCfg = Debug|Any CPU
		{0AC374A7-36CD-40FC-B831-112389B6D9ED}.Debug|Any CPU.Build.0 = Debug|Any CPU
		{0AC374A7-36CD-40FC-B831-112389B6D9ED}.Debug|x64.ActiveCfg = Debug|Any CPU
		{0AC374A7-36CD-40FC-B831-112389B6D9ED}.Debug|x64.Build.0 = Debug|Any CPU
		{0AC374A7-36CD-40FC-B831-112389B6D9ED}.Debug|x86.ActiveCfg = Debug|Any CPU
		{0AC374A7-36CD-40FC-B831-112389B6D9ED}.Debug|x86.Build.0 = Debug|Any CPU
		{0AC374A7-36CD-40FC-B831-112389B6D9ED}.Release KSP 1.7.3|Any CPU.ActiveCfg = Release|Any CPU
		{0AC374A7-36CD-40FC-B831-112389B6D9ED}.Release KSP 1.7.3|Any CPU.Build.0 = Release|Any CPU
		{0AC374A7-36CD-40FC-B831-112389B6D9ED}.Release KSP 1.7.3|x64.ActiveCfg = Release|Any CPU
		{0AC374A7-36CD-40FC-B831-112389B6D9ED}.Release KSP 1.7.3|x64.Build.0 = Release|Any CPU
		{0AC374A7-36CD-40FC-B831-112389B6D9ED}.Release KSP 1.7.3|x86.ActiveCfg = Release|Any CPU
		{0AC374A7-36CD-40FC-B831-112389B6D9ED}.Release KSP 1.7.3|x86.Build.0 = Release|Any CPU
		{0AC374A7-36CD-40FC-B831-112389B6D9ED}.Release_LLVM|Any CPU.ActiveCfg = Release|Any CPU
		{0AC374A7-36CD-40FC-B831-112389B6D9ED}.Release_LLVM|Any CPU.Build.0 = Release|Any CPU
		{0AC374A7-36CD-40FC-B831-112389B6D9ED}.Release_LLVM|x64.ActiveCfg = Release|Any CPU
		{0AC374A7-36CD-40FC-B831-112389B6D9ED}.Release_LLVM|x64.Build.0 = Release|Any CPU
		{0AC374A7-36CD-40FC-B831-112389B6D9ED}.Release_LLVM|x86.ActiveCfg = Release|Any CPU
		{0AC374A7-36CD-40FC-B831-112389B6D9ED}.Release_LLVM|x86.Build.0 = Release|Any CPU
		{0AC374A7-36CD-40FC-B831-112389B6D9ED}.Release|Any CPU.ActiveCfg = Release|Any CPU
		{0AC374A7-36CD-40FC-B831-112389B6D9ED}.Release|Any CPU.Build.0 = Release|Any CPU
		{0AC374A7-36CD-40FC-B831-112389B6D9ED}.Release|x64.ActiveCfg = Release|Any CPU
		{0AC374A7-36CD-40FC-B831-112389B6D9ED}.Release|x64.Build.0 = Release|Any CPU
		{0AC374A7-36CD-40FC-B831-112389B6D9ED}.Release|x86.ActiveCfg = Release|Any CPU
		{0AC374A7-36CD-40FC-B831-112389B6D9ED}.Release|x86.Build.0 = Release|Any CPU
		{9E0AE155-47B1-4090-AF00-038AF87A876D}.Debug|Any CPU.ActiveCfg = Debug|x64
		{9E0AE155-47B1-4090-AF00-038AF87A876D}.Debug|x64.ActiveCfg = Debug|x64
		{9E0AE155-47B1-4090-AF00-038AF87A876D}.Debug|x64.Build.0 = Debug|x64
		{9E0AE155-47B1-4090-AF00-038AF87A876D}.Debug|x86.ActiveCfg = Debug|x64
		{9E0AE155-47B1-4090-AF00-038AF87A876D}.Debug|x86.Build.0 = Debug|x64
		{9E0AE155-47B1-4090-AF00-038AF87A876D}.Release KSP 1.7.3|Any CPU.ActiveCfg = Release_LLVM|x64
		{9E0AE155-47B1-4090-AF00-038AF87A876D}.Release KSP 1.7.3|Any CPU.Build.0 = Release_LLVM|x64
		{9E0AE155-47B1-4090-AF00-038AF87A876D}.Release KSP 1.7.3|x64.ActiveCfg = Release|x64
		{9E0AE155-47B1-4090-AF00-038AF87A876D}.Release KSP 1.7.3|x64.Build.0 = Release|x64
		{9E0AE155-47B1-4090-AF00-038AF87A876D}.Release KSP 1.7.3|x86.ActiveCfg = Release_LLVM|x64
		{9E0AE155-47B1-4090-AF00-038AF87A876D}.Release KSP 1.7.3|x86.Build.0 = Release_LLVM|x64
		{9E0AE155-47B1-4090-AF00-038AF87A876D}.Release_LLVM|Any CPU.ActiveCfg = Release_LLVM|x64
		{9E0AE155-47B1-4090-AF00-038AF87A876D}.Release_LLVM|x64.ActiveCfg = Release_LLVM|x64
		{9E0AE155-47B1-4090-AF00-038AF87A876D}.Release_LLVM|x64.Build.0 = Release_LLVM|x64
		{9E0AE155-47B1-4090-AF00-038AF87A876D}.Release_LLVM|x86.ActiveCfg = Release_LLVM|x64
		{9E0AE155-47B1-4090-AF00-038AF87A876D}.Release_LLVM|x86.Build.0 = Release_LLVM|x64
		{9E0AE155-47B1-4090-AF00-038AF87A876D}.Release|Any CPU.ActiveCfg = Release|x64
		{9E0AE155-47B1-4090-AF00-038AF87A876D}.Release|x64.ActiveCfg = Release|x64
		{9E0AE155-47B1-4090-AF00-038AF87A876D}.Release|x64.Build.0 = Release|x64
		{9E0AE155-47B1-4090-AF00-038AF87A876D}.Release|x86.ActiveCfg = Release|x64
		{9E0AE155-47B1-4090-AF00-038AF87A876D}.Release|x86.Build.0 = Release|x64
		{5498EE37-1A80-4DA8-8D81-01892C4C8EEB}.Debug|Any CPU.ActiveCfg = Debug|Any CPU
		{5498EE37-1A80-4DA8-8D81-01892C4C8EEB}.Debug|Any CPU.Build.0 = Debug|Any CPU
		{5498EE37-1A80-4DA8-8D81-01892C4C8EEB}.Debug|x64.ActiveCfg = Debug|Any CPU
		{5498EE37-1A80-4DA8-8D81-01892C4C8EEB}.Debug|x64.Build.0 = Debug|Any CPU
		{5498EE37-1A80-4DA8-8D81-01892C4C8EEB}.Debug|x86.ActiveCfg = Debug|Any CPU
		{5498EE37-1A80-4DA8-8D81-01892C4C8EEB}.Debug|x86.Build.0 = Debug|Any CPU
		{5498EE37-1A80-4DA8-8D81-01892C4C8EEB}.Release KSP 1.7.3|Any CPU.ActiveCfg = Release|Any CPU
		{5498EE37-1A80-4DA8-8D81-01892C4C8EEB}.Release KSP 1.7.3|Any CPU.Build.0 = Release|Any CPU
		{5498EE37-1A80-4DA8-8D81-01892C4C8EEB}.Release KSP 1.7.3|x64.ActiveCfg = Release|Any CPU
		{5498EE37-1A80-4DA8-8D81-01892C4C8EEB}.Release KSP 1.7.3|x64.Build.0 = Release|Any CPU
		{5498EE37-1A80-4DA8-8D81-01892C4C8EEB}.Release KSP 1.7.3|x86.ActiveCfg = Release|Any CPU
		{5498EE37-1A80-4DA8-8D81-01892C4C8EEB}.Release KSP 1.7.3|x86.Build.0 = Release|Any CPU
		{5498EE37-1A80-4DA8-8D81-01892C4C8EEB}.Release_LLVM|Any CPU.ActiveCfg = Release|Any CPU
		{5498EE37-1A80-4DA8-8D81-01892C4C8EEB}.Release_LLVM|Any CPU.Build.0 = Release|Any CPU
		{5498EE37-1A80-4DA8-8D81-01892C4C8EEB}.Release_LLVM|x64.ActiveCfg = Release|Any CPU
		{5498EE37-1A80-4DA8-8D81-01892C4C8EEB}.Release_LLVM|x64.Build.0 = Release|Any CPU
		{5498EE37-1A80-4DA8-8D81-01892C4C8EEB}.Release_LLVM|x86.ActiveCfg = Release|Any CPU
		{5498EE37-1A80-4DA8-8D81-01892C4C8EEB}.Release_LLVM|x86.Build.0 = Release|Any CPU
		{5498EE37-1A80-4DA8-8D81-01892C4C8EEB}.Release|Any CPU.ActiveCfg = Release|Any CPU
		{5498EE37-1A80-4DA8-8D81-01892C4C8EEB}.Release|Any CPU.Build.0 = Release|Any CPU
		{5498EE37-1A80-4DA8-8D81-01892C4C8EEB}.Release|x64.ActiveCfg = Release|Any CPU
		{5498EE37-1A80-4DA8-8D81-01892C4C8EEB}.Release|x64.Build.0 = Release|Any CPU
		{5498EE37-1A80-4DA8-8D81-01892C4C8EEB}.Release|x86.ActiveCfg = Release|Any CPU
		{5498EE37-1A80-4DA8-8D81-01892C4C8EEB}.Release|x86.Build.0 = Release|Any CPU
		{5EEA5210-0FA9-4B44-8466-C40B22D24E8E}.Debug|Any CPU.ActiveCfg = Debug|x64
		{5EEA5210-0FA9-4B44-8466-C40B22D24E8E}.Debug|x64.ActiveCfg = Debug|x64
		{5EEA5210-0FA9-4B44-8466-C40B22D24E8E}.Debug|x64.Build.0 = Debug|x64
		{5EEA5210-0FA9-4B44-8466-C40B22D24E8E}.Debug|x86.ActiveCfg = Debug|x64
		{5EEA5210-0FA9-4B44-8466-C40B22D24E8E}.Debug|x86.Build.0 = Debug|x64
		{5EEA5210-0FA9-4B44-8466-C40B22D24E8E}.Release KSP 1.7.3|Any CPU.ActiveCfg = Release_LLVM|x64
		{5EEA5210-0FA9-4B44-8466-C40B22D24E8E}.Release KSP 1.7.3|Any CPU.Build.0 = Release_LLVM|x64
		{5EEA5210-0FA9-4B44-8466-C40B22D24E8E}.Release KSP 1.7.3|x64.ActiveCfg = Release|x64
		{5EEA5210-0FA9-4B44-8466-C40B22D24E8E}.Release KSP 1.7.3|x64.Build.0 = Release|x64
		{5EEA5210-0FA9-4B44-8466-C40B22D24E8E}.Release KSP 1.7.3|x86.ActiveCfg = Release_LLVM|x64
		{5EEA5210-0FA9-4B44-8466-C40B22D24E8E}.Release KSP 1.7.3|x86.Build.0 = Release_LLVM|x64
		{5EEA5210-0FA9-4B44-8466-C40B22D24E8E}.Release_LLVM|Any CPU.ActiveCfg = Release_LLVM|x64
		{5EEA5210-0FA9-4B44-8466-C40B22D24E8E}.Release_LLVM|x64.ActiveCfg = Release_LLVM|x64
		{5EEA5210-0FA9-4B44-8466-C40B22D24E8E}.Release_LLVM|x64.Build.0 = Release_LLVM|x64
		{5EEA5210-0FA9-4B44-8466-C40B22D24E8E}.Release_LLVM|x86.ActiveCfg = Release_LLVM|x64
		{5EEA5210-0FA9-4B44-8466-C40B22D24E8E}.Release_LLVM|x86.Build.0 = Release_LLVM|x64
		{5EEA5210-0FA9-4B44-8466-C40B22D24E8E}.Release|Any CPU.ActiveCfg = Release|x64
		{5EEA5210-0FA9-4B44-8466-C40B22D24E8E}.Release|x64.ActiveCfg = Release|x64
		{5EEA5210-0FA9-4B44-8466-C40B22D24E8E}.Release|x64.Build.0 = Release|x64
		{5EEA5210-0FA9-4B44-8466-C40B22D24E8E}.Release|x86.ActiveCfg = Release|x64
		{5EEA5210-0FA9-4B44-8466-C40B22D24E8E}.Release|x86.Build.0 = Release|x64
		{972E4E09-3B2C-4A23-9338-74D97D589207}.Debug|Any CPU.ActiveCfg = Debug|x64
		{972E4E09-3B2C-4A23-9338-74D97D589207}.Debug|x64.ActiveCfg = Debug|x64
		{972E4E09-3B2C-4A23-9338-74D97D589207}.Debug|x64.Build.0 = Debug|x64
		{972E4E09-3B2C-4A23-9338-74D97D589207}.Debug|x86.ActiveCfg = Debug|x64
		{972E4E09-3B2C-4A23-9338-74D97D589207}.Debug|x86.Build.0 = Debug|x64
		{972E4E09-3B2C-4A23-9338-74D97D589207}.Release KSP 1.7.3|Any CPU.ActiveCfg = Release_LLVM|x64
		{972E4E09-3B2C-4A23-9338-74D97D589207}.Release KSP 1.7.3|Any CPU.Build.0 = Release_LLVM|x64
		{972E4E09-3B2C-4A23-9338-74D97D589207}.Release KSP 1.7.3|x64.ActiveCfg = Release|x64
		{972E4E09-3B2C-4A23-9338-74D97D589207}.Release KSP 1.7.3|x64.Build.0 = Release|x64
		{972E4E09-3B2C-4A23-9338-74D97D589207}.Release KSP 1.7.3|x86.ActiveCfg = Release_LLVM|x64
		{972E4E09-3B2C-4A23-9338-74D97D589207}.Release KSP 1.7.3|x86.Build.0 = Release_LLVM|x64
		{972E4E09-3B2C-4A23-9338-74D97D589207}.Release_LLVM|Any CPU.ActiveCfg = Release_LLVM|x64
		{972E4E09-3B2C-4A23-9338-74D97D589207}.Release_LLVM|x64.ActiveCfg = Release_LLVM|x64
		{972E4E09-3B2C-4A23-9338-74D97D589207}.Release_LLVM|x64.Build.0 = Release_LLVM|x64
		{972E4E09-3B2C-4A23-9338-74D97D589207}.Release_LLVM|x86.ActiveCfg = Release_LLVM|x64
		{972E4E09-3B2C-4A23-9338-74D97D589207}.Release_LLVM|x86.Build.0 = Release_LLVM|x64
		{972E4E09-3B2C-4A23-9338-74D97D589207}.Release|Any CPU.ActiveCfg = Release|x64
		{972E4E09-3B2C-4A23-9338-74D97D589207}.Release|x64.ActiveCfg = Release|x64
		{972E4E09-3B2C-4A23-9338-74D97D589207}.Release|x64.Build.0 = Release|x64
		{972E4E09-3B2C-4A23-9338-74D97D589207}.Release|x86.ActiveCfg = Release|x64
		{972E4E09-3B2C-4A23-9338-74D97D589207}.Release|x86.Build.0 = Release|x64
		{873680B3-2406-4A30-9EE7-569E9B9DA661}.Debug|Any CPU.ActiveCfg = Debug|x64
		{873680B3-2406-4A30-9EE7-569E9B9DA661}.Debug|x64.ActiveCfg = Debug|x64
		{873680B3-2406-4A30-9EE7-569E9B9DA661}.Debug|x64.Build.0 = Debug|x64
		{873680B3-2406-4A30-9EE7-569E9B9DA661}.Debug|x86.ActiveCfg = Debug|x64
		{873680B3-2406-4A30-9EE7-569E9B9DA661}.Debug|x86.Build.0 = Debug|x64
		{873680B3-2406-4A30-9EE7-569E9B9DA661}.Release KSP 1.7.3|Any CPU.ActiveCfg = Release_LLVM|x64
		{873680B3-2406-4A30-9EE7-569E9B9DA661}.Release KSP 1.7.3|Any CPU.Build.0 = Release_LLVM|x64
		{873680B3-2406-4A30-9EE7-569E9B9DA661}.Release KSP 1.7.3|x64.ActiveCfg = Release|x64
		{873680B3-2406-4A30-9EE7-569E9B9DA661}.Release KSP 1.7.3|x64.Build.0 = Release|x64
		{873680B3-2406-4A30-9EE7-569E9B9DA661}.Release KSP 1.7.3|x86.ActiveCfg = Release_LLVM|x64
		{873680B3-2406-4A30-9EE7-569E9B9DA661}.Release KSP 1.7.3|x86.Build.0 = Release_LLVM|x64
		{873680B3-2406-4A30-9EE7-569E9B9DA661}.Release_LLVM|Any CPU.ActiveCfg = Release_LLVM|x64
		{873680B3-2406-4A30-9EE7-569E9B9DA661}.Release_LLVM|x64.ActiveCfg = Release_LLVM|x64
		{873680B3-2406-4A30-9EE7-569E9B9DA661}.Release_LLVM|x64.Build.0 = Release_LLVM|x64
		{873680B3-2406-4A30-9EE7-569E9B9DA661}.Release_LLVM|x86.ActiveCfg = Release_LLVM|x64
		{873680B3-2406-4A30-9EE7-569E9B9DA661}.Release_LLVM|x86.Build.0 = Release_LLVM|x64
		{873680B3-2406-4A30-9EE7-569E9B9DA661}.Release|Any CPU.ActiveCfg = Release|x64
		{873680B3-2406-4A30-9EE7-569E9B9DA661}.Release|x64.ActiveCfg = Release|x64
		{873680B3-2406-4A30-9EE7-569E9B9DA661}.Release|x64.Build.0 = Release|x64
		{873680B3-2406-4A30-9EE7-569E9B9DA661}.Release|x86.ActiveCfg = Release|x64
		{873680B3-2406-4A30-9EE7-569E9B9DA661}.Release|x86.Build.0 = Release|x64
		{A0E67E1B-E5A6-45A0-B42C-4330A6643CD7}.Debug|Any CPU.ActiveCfg = Debug|Any CPU
		{A0E67E1B-E5A6-45A0-B42C-4330A6643CD7}.Debug|Any CPU.Build.0 = Debug|Any CPU
		{A0E67E1B-E5A6-45A0-B42C-4330A6643CD7}.Debug|x64.ActiveCfg = Debug|Any CPU
		{A0E67E1B-E5A6-45A0-B42C-4330A6643CD7}.Debug|x64.Build.0 = Debug|Any CPU
		{A0E67E1B-E5A6-45A0-B42C-4330A6643CD7}.Debug|x86.ActiveCfg = Debug|Any CPU
		{A0E67E1B-E5A6-45A0-B42C-4330A6643CD7}.Debug|x86.Build.0 = Debug|Any CPU
		{A0E67E1B-E5A6-45A0-B42C-4330A6643CD7}.Release KSP 1.7.3|Any CPU.ActiveCfg = Release|Any CPU
		{A0E67E1B-E5A6-45A0-B42C-4330A6643CD7}.Release KSP 1.7.3|Any CPU.Build.0 = Release|Any CPU
		{A0E67E1B-E5A6-45A0-B42C-4330A6643CD7}.Release KSP 1.7.3|x64.ActiveCfg = Release|Any CPU
		{A0E67E1B-E5A6-45A0-B42C-4330A6643CD7}.Release KSP 1.7.3|x64.Build.0 = Release|Any CPU
		{A0E67E1B-E5A6-45A0-B42C-4330A6643CD7}.Release KSP 1.7.3|x86.ActiveCfg = Release|Any CPU
		{A0E67E1B-E5A6-45A0-B42C-4330A6643CD7}.Release KSP 1.7.3|x86.Build.0 = Release|Any CPU
		{A0E67E1B-E5A6-45A0-B42C-4330A6643CD7}.Release_LLVM|Any CPU.ActiveCfg = Release|Any CPU
		{A0E67E1B-E5A6-45A0-B42C-4330A6643CD7}.Release_LLVM|Any CPU.Build.0 = Release|Any CPU
		{A0E67E1B-E5A6-45A0-B42C-4330A6643CD7}.Release_LLVM|x64.ActiveCfg = Release|Any CPU
		{A0E67E1B-E5A6-45A0-B42C-4330A6643CD7}.Release_LLVM|x64.Build.0 = Release|Any CPU
		{A0E67E1B-E5A6-45A0-B42C-4330A6643CD7}.Release_LLVM|x86.ActiveCfg = Release|Any CPU
		{A0E67E1B-E5A6-45A0-B42C-4330A6643CD7}.Release_LLVM|x86.Build.0 = Release|Any CPU
		{A0E67E1B-E5A6-45A0-B42C-4330A6643CD7}.Release|Any CPU.ActiveCfg = Release|Any CPU
		{A0E67E1B-E5A6-45A0-B42C-4330A6643CD7}.Release|Any CPU.Build.0 = Release|Any CPU
		{A0E67E1B-E5A6-45A0-B42C-4330A6643CD7}.Release|x64.ActiveCfg = Release|Any CPU
		{A0E67E1B-E5A6-45A0-B42C-4330A6643CD7}.Release|x64.Build.0 = Release|Any CPU
		{A0E67E1B-E5A6-45A0-B42C-4330A6643CD7}.Release|x86.ActiveCfg = Release|Any CPU
		{A0E67E1B-E5A6-45A0-B42C-4330A6643CD7}.Release|x86.Build.0 = Release|Any CPU
		{34D500D6-4197-4665-BFDC-594957137CD6}.Debug|Any CPU.ActiveCfg = Debug|Any CPU
		{34D500D6-4197-4665-BFDC-594957137CD6}.Debug|Any CPU.Build.0 = Debug|Any CPU
		{34D500D6-4197-4665-BFDC-594957137CD6}.Debug|x64.ActiveCfg = Debug|Any CPU
		{34D500D6-4197-4665-BFDC-594957137CD6}.Debug|x64.Build.0 = Debug|Any CPU
		{34D500D6-4197-4665-BFDC-594957137CD6}.Debug|x86.ActiveCfg = Debug|Any CPU
		{34D500D6-4197-4665-BFDC-594957137CD6}.Debug|x86.Build.0 = Debug|Any CPU
		{34D500D6-4197-4665-BFDC-594957137CD6}.Release KSP 1.7.3|Any CPU.ActiveCfg = Release|Any CPU
		{34D500D6-4197-4665-BFDC-594957137CD6}.Release KSP 1.7.3|Any CPU.Build.0 = Release|Any CPU
		{34D500D6-4197-4665-BFDC-594957137CD6}.Release KSP 1.7.3|x64.ActiveCfg = Release|Any CPU
		{34D500D6-4197-4665-BFDC-594957137CD6}.Release KSP 1.7.3|x64.Build.0 = Release|Any CPU
		{34D500D6-4197-4665-BFDC-594957137CD6}.Release KSP 1.7.3|x86.ActiveCfg = Release|Any CPU
		{34D500D6-4197-4665-BFDC-594957137CD6}.Release KSP 1.7.3|x86.Build.0 = Release|Any CPU
		{34D500D6-4197-4665-BFDC-594957137CD6}.Release_LLVM|Any CPU.ActiveCfg = Release|Any CPU
		{34D500D6-4197-4665-BFDC-594957137CD6}.Release_LLVM|Any CPU.Build.0 = Release|Any CPU
		{34D500D6-4197-4665-BFDC-594957137CD6}.Release_LLVM|x64.ActiveCfg = Release|Any CPU
		{34D500D6-4197-4665-BFDC-594957137CD6}.Release_LLVM|x64.Build.0 = Release|Any CPU
		{34D500D6-4197-4665-BFDC-594957137CD6}.Release_LLVM|x86.ActiveCfg = Release|Any CPU
		{34D500D6-4197-4665-BFDC-594957137CD6}.Release_LLVM|x86.Build.0 = Release|Any CPU
		{34D500D6-4197-4665-BFDC-594957137CD6}.Release|Any CPU.ActiveCfg = Release|Any CPU
		{34D500D6-4197-4665-BFDC-594957137CD6}.Release|Any CPU.Build.0 = Release|Any CPU
		{34D500D6-4197-4665-BFDC-594957137CD6}.Release|x64.ActiveCfg = Release|Any CPU
		{34D500D6-4197-4665-BFDC-594957137CD6}.Release|x64.Build.0 = Release|Any CPU
		{34D500D6-4197-4665-BFDC-594957137CD6}.Release|x86.ActiveCfg = Release|Any CPU
		{34D500D6-4197-4665-BFDC-594957137CD6}.Release|x86.Build.0 = Release|Any CPU
		{28F20764-FBF8-40CF-A930-1562D1562B83}.Debug|Any CPU.ActiveCfg = Debug|Any CPU
		{28F20764-FBF8-40CF-A930-1562D1562B83}.Debug|Any CPU.Build.0 = Debug|Any CPU
		{28F20764-FBF8-40CF-A930-1562D1562B83}.Debug|x64.ActiveCfg = Debug|Any CPU
		{28F20764-FBF8-40CF-A930-1562D1562B83}.Debug|x64.Build.0 = Debug|Any CPU
		{28F20764-FBF8-40CF-A930-1562D1562B83}.Debug|x86.ActiveCfg = Debug|Any CPU
		{28F20764-FBF8-40CF-A930-1562D1562B83}.Debug|x86.Build.0 = Debug|Any CPU
		{28F20764-FBF8-40CF-A930-1562D1562B83}.Release KSP 1.7.3|Any CPU.ActiveCfg = Release|Any CPU
		{28F20764-FBF8-40CF-A930-1562D1562B83}.Release KSP 1.7.3|Any CPU.Build.0 = Release|Any CPU
		{28F20764-FBF8-40CF-A930-1562D1562B83}.Release KSP 1.7.3|x64.ActiveCfg = Release|Any CPU
		{28F20764-FBF8-40CF-A930-1562D1562B83}.Release KSP 1.7.3|x64.Build.0 = Release|Any CPU
		{28F20764-FBF8-40CF-A930-1562D1562B83}.Release KSP 1.7.3|x86.ActiveCfg = Release|Any CPU
		{28F20764-FBF8-40CF-A930-1562D1562B83}.Release KSP 1.7.3|x86.Build.0 = Release|Any CPU
		{28F20764-FBF8-40CF-A930-1562D1562B83}.Release_LLVM|Any CPU.ActiveCfg = Release|Any CPU
		{28F20764-FBF8-40CF-A930-1562D1562B83}.Release_LLVM|Any CPU.Build.0 = Release|Any CPU
		{28F20764-FBF8-40CF-A930-1562D1562B83}.Release_LLVM|x64.ActiveCfg = Release|Any CPU
		{28F20764-FBF8-40CF-A930-1562D1562B83}.Release_LLVM|x64.Build.0 = Release|Any CPU
		{28F20764-FBF8-40CF-A930-1562D1562B83}.Release_LLVM|x86.ActiveCfg = Release|Any CPU
		{28F20764-FBF8-40CF-A930-1562D1562B83}.Release_LLVM|x86.Build.0 = Release|Any CPU
		{28F20764-FBF8-40CF-A930-1562D1562B83}.Release|Any CPU.ActiveCfg = Release|Any CPU
		{28F20764-FBF8-40CF-A930-1562D1562B83}.Release|Any CPU.Build.0 = Release|Any CPU
		{28F20764-FBF8-40CF-A930-1562D1562B83}.Release|x64.ActiveCfg = Release|Any CPU
		{28F20764-FBF8-40CF-A930-1562D1562B83}.Release|x64.Build.0 = Release|Any CPU
		{28F20764-FBF8-40CF-A930-1562D1562B83}.Release|x86.ActiveCfg = Release|Any CPU
		{28F20764-FBF8-40CF-A930-1562D1562B83}.Release|x86.Build.0 = Release|Any CPU
		{7CCA653C-2E8F-4FFD-9E9F-BEE590F3EFAB}.Debug|Any CPU.ActiveCfg = Debug|x64
		{7CCA653C-2E8F-4FFD-9E9F-BEE590F3EFAB}.Debug|Any CPU.Build.0 = Debug|x64
		{7CCA653C-2E8F-4FFD-9E9F-BEE590F3EFAB}.Debug|x64.ActiveCfg = Debug|x64
		{7CCA653C-2E8F-4FFD-9E9F-BEE590F3EFAB}.Debug|x64.Build.0 = Debug|x64
		{7CCA653C-2E8F-4FFD-9E9F-BEE590F3EFAB}.Debug|x86.ActiveCfg = Debug|Win32
		{7CCA653C-2E8F-4FFD-9E9F-BEE590F3EFAB}.Debug|x86.Build.0 = Debug|Win32
		{7CCA653C-2E8F-4FFD-9E9F-BEE590F3EFAB}.Release KSP 1.7.3|Any CPU.ActiveCfg = Release|x64
		{7CCA653C-2E8F-4FFD-9E9F-BEE590F3EFAB}.Release KSP 1.7.3|Any CPU.Build.0 = Release|x64
		{7CCA653C-2E8F-4FFD-9E9F-BEE590F3EFAB}.Release KSP 1.7.3|x64.ActiveCfg = Release|x64
		{7CCA653C-2E8F-4FFD-9E9F-BEE590F3EFAB}.Release KSP 1.7.3|x64.Build.0 = Release|x64
		{7CCA653C-2E8F-4FFD-9E9F-BEE590F3EFAB}.Release KSP 1.7.3|x86.ActiveCfg = Release|Win32
		{7CCA653C-2E8F-4FFD-9E9F-BEE590F3EFAB}.Release KSP 1.7.3|x86.Build.0 = Release|Win32
		{7CCA653C-2E8F-4FFD-9E9F-BEE590F3EFAB}.Release_LLVM|Any CPU.ActiveCfg = Release|x64
		{7CCA653C-2E8F-4FFD-9E9F-BEE590F3EFAB}.Release_LLVM|Any CPU.Build.0 = Release|x64
		{7CCA653C-2E8F-4FFD-9E9F-BEE590F3EFAB}.Release_LLVM|x64.ActiveCfg = Release_LLVM|x64
		{7CCA653C-2E8F-4FFD-9E9F-BEE590F3EFAB}.Release_LLVM|x64.Build.0 = Release_LLVM|x64
		{7CCA653C-2E8F-4FFD-9E9F-BEE590F3EFAB}.Release_LLVM|x86.ActiveCfg = Release|Win32
		{7CCA653C-2E8F-4FFD-9E9F-BEE590F3EFAB}.Release_LLVM|x86.Build.0 = Release|Win32
		{7CCA653C-2E8F-4FFD-9E9F-BEE590F3EFAB}.Release|Any CPU.ActiveCfg = Release|x64
		{7CCA653C-2E8F-4FFD-9E9F-BEE590F3EFAB}.Release|Any CPU.Build.0 = Release|x64
		{7CCA653C-2E8F-4FFD-9E9F-BEE590F3EFAB}.Release|x64.ActiveCfg = Release|x64
		{7CCA653C-2E8F-4FFD-9E9F-BEE590F3EFAB}.Release|x64.Build.0 = Release|x64
		{7CCA653C-2E8F-4FFD-9E9F-BEE590F3EFAB}.Release|x86.ActiveCfg = Release|Win32
		{7CCA653C-2E8F-4FFD-9E9F-BEE590F3EFAB}.Release|x86.Build.0 = Release|Win32
		{1C6654C0-14E2-4A9E-B0E6-508B84FA8A0E}.Debug|Any CPU.ActiveCfg = Debug|x64
		{1C6654C0-14E2-4A9E-B0E6-508B84FA8A0E}.Debug|Any CPU.Build.0 = Debug|x64
		{1C6654C0-14E2-4A9E-B0E6-508B84FA8A0E}.Debug|x64.ActiveCfg = Debug|x64
		{1C6654C0-14E2-4A9E-B0E6-508B84FA8A0E}.Debug|x64.Build.0 = Debug|x64
		{1C6654C0-14E2-4A9E-B0E6-508B84FA8A0E}.Debug|x86.ActiveCfg = Debug|Win32
		{1C6654C0-14E2-4A9E-B0E6-508B84FA8A0E}.Debug|x86.Build.0 = Debug|Win32
		{1C6654C0-14E2-4A9E-B0E6-508B84FA8A0E}.Release KSP 1.7.3|Any CPU.ActiveCfg = Release|x64
		{1C6654C0-14E2-4A9E-B0E6-508B84FA8A0E}.Release KSP 1.7.3|Any CPU.Build.0 = Release|x64
		{1C6654C0-14E2-4A9E-B0E6-508B84FA8A0E}.Release KSP 1.7.3|x64.ActiveCfg = Release|x64
		{1C6654C0-14E2-4A9E-B0E6-508B84FA8A0E}.Release KSP 1.7.3|x64.Build.0 = Release|x64
		{1C6654C0-14E2-4A9E-B0E6-508B84FA8A0E}.Release KSP 1.7.3|x86.ActiveCfg = Release|Win32
		{1C6654C0-14E2-4A9E-B0E6-508B84FA8A0E}.Release KSP 1.7.3|x86.Build.0 = Release|Win32
		{1C6654C0-14E2-4A9E-B0E6-508B84FA8A0E}.Release_LLVM|Any CPU.ActiveCfg = Release|x64
		{1C6654C0-14E2-4A9E-B0E6-508B84FA8A0E}.Release_LLVM|Any CPU.Build.0 = Release|x64
		{1C6654C0-14E2-4A9E-B0E6-508B84FA8A0E}.Release_LLVM|x64.ActiveCfg = Release|x64
		{1C6654C0-14E2-4A9E-B0E6-508B84FA8A0E}.Release_LLVM|x64.Build.0 = Release|x64
		{1C6654C0-14E2-4A9E-B0E6-508B84FA8A0E}.Release_LLVM|x86.ActiveCfg = Release|Win32
		{1C6654C0-14E2-4A9E-B0E6-508B84FA8A0E}.Release_LLVM|x86.Build.0 = Release|Win32
		{1C6654C0-14E2-4A9E-B0E6-508B84FA8A0E}.Release|Any CPU.ActiveCfg = Release|x64
		{1C6654C0-14E2-4A9E-B0E6-508B84FA8A0E}.Release|Any CPU.Build.0 = Release|x64
		{1C6654C0-14E2-4A9E-B0E6-508B84FA8A0E}.Release|x64.ActiveCfg = Release|x64
		{1C6654C0-14E2-4A9E-B0E6-508B84FA8A0E}.Release|x64.Build.0 = Release|x64
		{1C6654C0-14E2-4A9E-B0E6-508B84FA8A0E}.Release|x86.ActiveCfg = Release|Win32
		{1C6654C0-14E2-4A9E-B0E6-508B84FA8A0E}.Release|x86.Build.0 = Release|Win32
	EndGlobalSection
	GlobalSection(SolutionProperties) = preSolution
		HideSolutionNode = FALSE
	EndGlobalSection
	GlobalSection(NestedProjects) = preSolution
		{0AC374A7-36CD-40FC-B831-112389B6D9ED} = {B0F47E49-0EDF-4D58-AB27-F99CCCE4253A}
		{5498EE37-1A80-4DA8-8D81-01892C4C8EEB} = {B0F47E49-0EDF-4D58-AB27-F99CCCE4253A}
		{A0E67E1B-E5A6-45A0-B42C-4330A6643CD7} = {B0F47E49-0EDF-4D58-AB27-F99CCCE4253A}
		{28F20764-FBF8-40CF-A930-1562D1562B83} = {B0F47E49-0EDF-4D58-AB27-F99CCCE4253A}
		{3B6E70E8-9FC3-4DC3-97B6-1A51B6DEB009} = {B0F47E49-0EDF-4D58-AB27-F99CCCE4253A}
		{582350F1-F2A6-4663-BB67-AD9EE13B3464} = {6722AD00-0A85-4156-B912-38E99A12AE75}
		{A82CB04C-42E1-4EBE-9816-6FC033A9C2B5} = {6722AD00-0A85-4156-B912-38E99A12AE75}
		{4687C5DA-576F-4D9C-B024-9F2F9CD76F48} = {6722AD00-0A85-4156-B912-38E99A12AE75}
		{388CBEA7-7BC1-4146-8813-66B951E63A96} = {6722AD00-0A85-4156-B912-38E99A12AE75}
		{C59F84DA-2F82-43DD-BBA4-5A469B32557C} = {6722AD00-0A85-4156-B912-38E99A12AE75}
		{2E39517A-4713-455F-8C78-610DDFD8EA99} = {6722AD00-0A85-4156-B912-38E99A12AE75}
	EndGlobalSection
	GlobalSection(ExtensibilityGlobals) = postSolution
		SolutionGuid = {332981CB-A6C7-4BD0-9EE0-8E8C6FB4E01A}
	EndGlobalSection
	GlobalSection(SharedMSBuildProjectFiles) = preSolution
		shared\base.vcxitems*{0fd08cdf-228c-48c6-8690-cf0a72cf6c69}*SharedItemsImports = 4
		shared\base.vcxitems*{1c6654c0-14e2-4a9e-b0e6-508b84fa8a0e}*SharedItemsImports = 4
		shared\numerics.vcxitems*{1c6654c0-14e2-4a9e-b0e6-508b84fa8a0e}*SharedItemsImports = 4
		shared\base.vcxitems*{273987f9-5e73-43e6-868e-e9d3c137f01a}*SharedItemsImports = 4
		shared\numerics.vcxitems*{273987f9-5e73-43e6-868e-e9d3c137f01a}*SharedItemsImports = 4
		shared\base.vcxitems*{2e28828e-8364-4962-a9ff-c20a72eb884c}*SharedItemsImports = 4
		shared\geometry.vcxitems*{2e28828e-8364-4962-a9ff-c20a72eb884c}*SharedItemsImports = 4
		shared\numerics.vcxitems*{2e28828e-8364-4962-a9ff-c20a72eb884c}*SharedItemsImports = 4
		shared\testing_utilities.vcxitems*{2e39517a-4713-455f-8c78-610ddfd8ea99}*SharedItemsImports = 9
		shared\journal.vcxitems*{388cbea7-7bc1-4146-8813-66b951e63a96}*SharedItemsImports = 9
		shared\base.vcxitems*{41332e9a-729c-45c4-bde1-a567608dadf2}*SharedItemsImports = 4
		shared\geometry.vcxitems*{41332e9a-729c-45c4-bde1-a567608dadf2}*SharedItemsImports = 4
		shared\numerics.vcxitems*{41332e9a-729c-45c4-bde1-a567608dadf2}*SharedItemsImports = 4
		shared\geometry.vcxitems*{4687c5da-576f-4d9c-b024-9f2f9cd76f48}*SharedItemsImports = 9
		shared\astronomy.vcxitems*{582350f1-f2a6-4663-bb67-ad9ee13b3464}*SharedItemsImports = 9
		shared\base.vcxitems*{5eea5210-0fa9-4b44-8466-c40b22d24e8e}*SharedItemsImports = 4
		shared\geometry.vcxitems*{5eea5210-0fa9-4b44-8466-c40b22d24e8e}*SharedItemsImports = 4
		shared\numerics.vcxitems*{5eea5210-0fa9-4b44-8466-c40b22d24e8e}*SharedItemsImports = 4
		shared\astronomy.vcxitems*{7b174b21-0837-4bee-864e-08ad3c74046a}*SharedItemsImports = 4
		shared\base.vcxitems*{7b174b21-0837-4bee-864e-08ad3c74046a}*SharedItemsImports = 4
		shared\geometry.vcxitems*{7b174b21-0837-4bee-864e-08ad3c74046a}*SharedItemsImports = 4
		shared\numerics.vcxitems*{7b174b21-0837-4bee-864e-08ad3c74046a}*SharedItemsImports = 4
		shared\testing_utilities.vcxitems*{7b174b21-0837-4bee-864e-08ad3c74046a}*SharedItemsImports = 4
		shared\base.vcxitems*{7cca653c-2e8f-4ffd-9e9f-bee590f3efab}*SharedItemsImports = 4
		shared\numerics.vcxitems*{7cca653c-2e8f-4ffd-9e9f-bee590f3efab}*SharedItemsImports = 4
		shared\base.vcxitems*{83a31da7-3f62-464d-9f6b-09cce07a865a}*SharedItemsImports = 4
		shared\geometry.vcxitems*{83a31da7-3f62-464d-9f6b-09cce07a865a}*SharedItemsImports = 4
		shared\numerics.vcxitems*{83a31da7-3f62-464d-9f6b-09cce07a865a}*SharedItemsImports = 4
		shared\base.vcxitems*{86aff67d-38cd-487e-b4c1-b93984a9ed0d}*SharedItemsImports = 4
		shared\geometry.vcxitems*{86aff67d-38cd-487e-b4c1-b93984a9ed0d}*SharedItemsImports = 4
		shared\base.vcxitems*{873680b3-2406-4a30-9ee7-569e9b9da661}*SharedItemsImports = 4
		shared\numerics.vcxitems*{873680b3-2406-4a30-9ee7-569e9b9da661}*SharedItemsImports = 4
		shared\base.vcxitems*{972e4e09-3b2c-4a23-9338-74d97d589207}*SharedItemsImports = 4
		shared\base.vcxitems*{9e0ae155-47b1-4090-af00-038af87a876d}*SharedItemsImports = 4
		shared\geometry.vcxitems*{9e0ae155-47b1-4090-af00-038af87a876d}*SharedItemsImports = 4
		shared\testing_utilities.vcxitems*{9e0ae155-47b1-4090-af00-038af87a876d}*SharedItemsImports = 4
		shared\base.vcxitems*{a3f94607-2666-408f-af98-0e47d61c98bb}*SharedItemsImports = 4
		shared\geometry.vcxitems*{a3f94607-2666-408f-af98-0e47d61c98bb}*SharedItemsImports = 4
		shared\journal.vcxitems*{a3f94607-2666-408f-af98-0e47d61c98bb}*SharedItemsImports = 4
		shared\numerics.vcxitems*{a3f94607-2666-408f-af98-0e47d61c98bb}*SharedItemsImports = 4
		shared\base.vcxitems*{a82cb04c-42e1-4ebe-9816-6fc033a9c2b5}*SharedItemsImports = 9
		shared\astronomy.vcxitems*{a942adf0-62f4-435c-85b2-934d5b666db8}*SharedItemsImports = 4
		shared\base.vcxitems*{a942adf0-62f4-435c-85b2-934d5b666db8}*SharedItemsImports = 4
		shared\geometry.vcxitems*{a942adf0-62f4-435c-85b2-934d5b666db8}*SharedItemsImports = 4
		shared\journal.vcxitems*{a942adf0-62f4-435c-85b2-934d5b666db8}*SharedItemsImports = 4
		shared\numerics.vcxitems*{a942adf0-62f4-435c-85b2-934d5b666db8}*SharedItemsImports = 4
		shared\numerics.vcxitems*{c59f84da-2f82-43dd-bba4-5a469b32557c}*SharedItemsImports = 9
	EndGlobalSection
EndGlobal
