
Microsoft Visual Studio Solution File, Format Version 12.00
# Visual Studio 14
VisualStudioVersion = 14.0.25420.1
MinimumVisualStudioVersion = 10.0.40219.1
Project("{8BC9CEB8-8B4A-11D0-8D11-00A0C91BC942}") = "quantities", "quantities\quantities.vcxproj", "{273987F9-5E73-43E6-868E-E9D3C137F01A}"
	ProjectSection(ProjectDependencies) = postProject
		{5C482C18-BBAE-484D-A211-A25C86370061} = {5C482C18-BBAE-484D-A211-A25C86370061}
	EndProjectSection
EndProject
Project("{2150E333-8FDC-42A3-9474-1A3956D46DE8}") = "Project Property Sheets", "Project Property Sheets", "{E12187B5-1432-4401-B671-FC3E06256CFD}"
	ProjectSection(SolutionItems) = preProject
		generate_version_translation_unit.props = generate_version_translation_unit.props
		google_benchmark.props = google_benchmark.props
		google_glog.props = google_glog.props
		google_googlemock_main.props = google_googlemock_main.props
		google_googletest.props = google_googletest.props
		google_protobuf.props = google_protobuf.props
		include_solution.props = include_solution.props
		principia.props = principia.props
		profiling.props = profiling.props
		suppress_useless_warnings.props = suppress_useless_warnings.props
	EndProjectSection
EndProject
Project("{8BC9CEB8-8B4A-11D0-8D11-00A0C91BC942}") = "geometry", "geometry\geometry.vcxproj", "{0FD08CDF-228C-48C6-8690-CF0A72CF6C69}"
	ProjectSection(ProjectDependencies) = postProject
		{5C482C18-BBAE-484D-A211-A25C86370061} = {5C482C18-BBAE-484D-A211-A25C86370061}
	EndProjectSection
EndProject
Project("{8BC9CEB8-8B4A-11D0-8D11-00A0C91BC942}") = "testing_utilities", "testing_utilities\testing_utilities.vcxproj", "{2E28828E-8364-4962-A9FF-C20A72EB884C}"
	ProjectSection(ProjectDependencies) = postProject
		{5C482C18-BBAE-484D-A211-A25C86370061} = {5C482C18-BBAE-484D-A211-A25C86370061}
	EndProjectSection
EndProject
Project("{8BC9CEB8-8B4A-11D0-8D11-00A0C91BC942}") = "integrators", "integrators\integrators.vcxproj", "{86AFF67D-38CD-487E-B4C1-B93984A9ED0D}"
	ProjectSection(ProjectDependencies) = postProject
		{5C482C18-BBAE-484D-A211-A25C86370061} = {5C482C18-BBAE-484D-A211-A25C86370061}
	EndProjectSection
EndProject
Project("{8BC9CEB8-8B4A-11D0-8D11-00A0C91BC942}") = "benchmarks", "benchmarks\benchmarks.vcxproj", "{7B174B21-0837-4BEE-864E-08AD3C74046A}"
	ProjectSection(ProjectDependencies) = postProject
		{5C482C18-BBAE-484D-A211-A25C86370061} = {5C482C18-BBAE-484D-A211-A25C86370061}
	EndProjectSection
EndProject
Project("{8BC9CEB8-8B4A-11D0-8D11-00A0C91BC942}") = "physics", "physics\physics.vcxproj", "{41332E9A-729C-45C4-BDE1-A567608DADF2}"
	ProjectSection(ProjectDependencies) = postProject
		{5C482C18-BBAE-484D-A211-A25C86370061} = {5C482C18-BBAE-484D-A211-A25C86370061}
	EndProjectSection
EndProject
Project("{2150E333-8FDC-42A3-9474-1A3956D46DE8}") = "Git Auxiliary Files", "Git Auxiliary Files", "{0F8586AA-FAEF-4EC5-9D87-A96B9F7561EE}"
	ProjectSection(SolutionItems) = preProject
		.gitattributes = .gitattributes
		.gitignore = .gitignore
	EndProjectSection
EndProject
Project("{2150E333-8FDC-42A3-9474-1A3956D46DE8}") = "Legal", "Legal", "{4B25658F-A202-4286-B0CA-5CE54882787C}"
	ProjectSection(SolutionItems) = preProject
		LICENSE.txt = LICENSE.txt
	EndProjectSection
EndProject
Project("{FAE04EC0-301F-11D3-BF4B-00C04F79EFBC}") = "ksp_plugin_adapter", "ksp_plugin_adapter\ksp_plugin_adapter.csproj", "{E75B3F05-D64F-4AFE-9493-2F94A9B37510}"
	ProjectSection(ProjectDependencies) = postProject
		{A3F94607-2666-408F-AF98-0E47D61C98BB} = {A3F94607-2666-408F-AF98-0E47D61C98BB}
	EndProjectSection
EndProject
Project("{8BC9CEB8-8B4A-11D0-8D11-00A0C91BC942}") = "ksp_plugin", "ksp_plugin\ksp_plugin.vcxproj", "{A3F94607-2666-408F-AF98-0E47D61C98BB}"
	ProjectSection(ProjectDependencies) = postProject
		{5C482C18-BBAE-484D-A211-A25C86370061} = {5C482C18-BBAE-484D-A211-A25C86370061}
		{873680B3-2406-4A30-9EE7-569E9B9DA661} = {873680B3-2406-4A30-9EE7-569E9B9DA661}
	EndProjectSection
EndProject
Project("{8BC9CEB8-8B4A-11D0-8D11-00A0C91BC942}") = "ksp_plugin_test", "ksp_plugin_test\ksp_plugin_test.vcxproj", "{A942ADF0-62F4-435C-85B2-934D5B666DB8}"
	ProjectSection(ProjectDependencies) = postProject
		{A3F94607-2666-408F-AF98-0E47D61C98BB} = {A3F94607-2666-408F-AF98-0E47D61C98BB}
	EndProjectSection
EndProject
Project("{8BC9CEB8-8B4A-11D0-8D11-00A0C91BC942}") = "base", "base\base.vcxproj", "{7E7CC89A-FC65-409C-A975-9C3A6A50786B}"
	ProjectSection(ProjectDependencies) = postProject
		{5C482C18-BBAE-484D-A211-A25C86370061} = {5C482C18-BBAE-484D-A211-A25C86370061}
	EndProjectSection
EndProject
Project("{2150E333-8FDC-42A3-9474-1A3956D46DE8}") = "Scripts", "Scripts", "{B0F47E49-0EDF-4D58-AB27-F99CCCE4253A}"
	ProjectSection(SolutionItems) = preProject
		generate_version_translation_unit.ps1 = generate_version_translation_unit.ps1
		install_deps.sh = install_deps.sh
		rebuild_all_solutions.ps1 = rebuild_all_solutions.ps1
	EndProjectSection
EndProject
Project("{FAE04EC0-301F-11D3-BF4B-00C04F79EFBC}") = "coverage_analyser", "coverage_analyser\coverage_analyser.csproj", "{06E78A3D-AAA0-4CD9-8F23-B5BBBBE6F14F}"
EndProject
Project("{2150E333-8FDC-42A3-9474-1A3956D46DE8}") = "Setup Files", "Setup Files", "{E3536C51-3B98-4D50-8973-A72D03042FCF}"
	ProjectSection(SolutionItems) = preProject
		documentation\Setup Files\chromium.patch = documentation\Setup Files\chromium.patch
		documentation\Setup Files\chromium_sparse_checkout.txt = documentation\Setup Files\chromium_sparse_checkout.txt
		Makefile = Makefile
		Vagrantfile = Vagrantfile
	EndProjectSection
EndProject
Project("{8BC9CEB8-8B4A-11D0-8D11-00A0C91BC942}") = "serialization", "serialization\serialization.vcxproj", "{5C482C18-BBAE-484D-A211-A25C86370061}"
EndProject
Project("{8BC9CEB8-8B4A-11D0-8D11-00A0C91BC942}") = "mathematica", "mathematica\mathematica.vcxproj", "{83A31DA7-3F62-464D-9F6B-09CCE07A865A}"
	ProjectSection(ProjectDependencies) = postProject
		{5C482C18-BBAE-484D-A211-A25C86370061} = {5C482C18-BBAE-484D-A211-A25C86370061}
	EndProjectSection
EndProject
Project("{FAE04EC0-301F-11D3-BF4B-00C04F79EFBC}") = "stacktrace_decoder", "stacktrace_decoder\stacktrace_decoder.csproj", "{0AC374A7-36CD-40FC-B831-112389B6D9ED}"
EndProject
Project("{8BC9CEB8-8B4A-11D0-8D11-00A0C91BC942}") = "numerics", "numerics\numerics.vcxproj", "{9E0AE155-47B1-4090-AF00-038AF87A876D}"
	ProjectSection(ProjectDependencies) = postProject
		{5C482C18-BBAE-484D-A211-A25C86370061} = {5C482C18-BBAE-484D-A211-A25C86370061}
	EndProjectSection
EndProject
Project("{FAE04EC0-301F-11D3-BF4B-00C04F79EFBC}") = "benchmark_automation", "benchmark_automation\benchmark_automation.csproj", "{5498EE37-1A80-4DA8-8D81-01892C4C8EEB}"
EndProject
Project("{2150E333-8FDC-42A3-9474-1A3956D46DE8}") = "Solution Items", "Solution Items", "{8EF5AB3D-F63B-48B9-80A0-B789A830413C}"
	ProjectSection(SolutionItems) = preProject
		profiling\BM_EphemerisL4ProbeMajorBodiesOnly.psess = profiling\BM_EphemerisL4ProbeMajorBodiesOnly.psess
		profiling\BM_EphemerisSolarSystemMajorBodiesOnly.psess = profiling\BM_EphemerisSolarSystemMajorBodiesOnly.psess
		profiling\BM_SolarSystemMajorBodiesOnly.psess = profiling\BM_SolarSystemMajorBodiesOnly.psess
	EndProjectSection
EndProject
Project("{8BC9CEB8-8B4A-11D0-8D11-00A0C91BC942}") = "astronomy", "astronomy\astronomy.vcxproj", "{5EEA5210-0FA9-4B44-8466-C40B22D24E8E}"
	ProjectSection(ProjectDependencies) = postProject
		{5C482C18-BBAE-484D-A211-A25C86370061} = {5C482C18-BBAE-484D-A211-A25C86370061}
	EndProjectSection
EndProject
Project("{8BC9CEB8-8B4A-11D0-8D11-00A0C91BC942}") = "journal", "journal\journal.vcxproj", "{972E4E09-3B2C-4A23-9338-74D97D589207}"
	ProjectSection(ProjectDependencies) = postProject
		{5C482C18-BBAE-484D-A211-A25C86370061} = {5C482C18-BBAE-484D-A211-A25C86370061}
	EndProjectSection
EndProject
Project("{8BC9CEB8-8B4A-11D0-8D11-00A0C91BC942}") = "tools", "tools\tools.vcxproj", "{873680B3-2406-4A30-9EE7-569E9B9DA661}"
	ProjectSection(ProjectDependencies) = postProject
		{5C482C18-BBAE-484D-A211-A25C86370061} = {5C482C18-BBAE-484D-A211-A25C86370061}
	EndProjectSection
EndProject
Project("{FAE04EC0-301F-11D3-BF4B-00C04F79EFBC}") = "parallel_test_runner", "parallel_test_runner\parallel_test_runner.csproj", "{A0E67E1B-E5A6-45A0-B42C-4330A6643CD7}"
EndProject
Project("{8BC9CEB8-8B4A-11D0-8D11-00A0C91BC942}") = "ksp_physics", "ksp_physics\ksp_physics.vcxproj", "{3882467C-89D7-4DAE-9730-BB2E610F05AD}"
EndProject
Global
	GlobalSection(SolutionConfigurationPlatforms) = preSolution
		Debug|x64 = Debug|x64
		Release KSP 1.2.2|x64 = Release KSP 1.2.2|x64
		Release KSP 1.3.1|x64 = Release KSP 1.3.1|x64
		Release_LLVM|x64 = Release_LLVM|x64
		Release|x64 = Release|x64
	EndGlobalSection
	GlobalSection(ProjectConfigurationPlatforms) = postSolution
		{273987F9-5E73-43E6-868E-E9D3C137F01A}.Debug|x64.ActiveCfg = Debug|x64
		{273987F9-5E73-43E6-868E-E9D3C137F01A}.Debug|x64.Build.0 = Debug|x64
		{273987F9-5E73-43E6-868E-E9D3C137F01A}.Release KSP 1.2.2|x64.ActiveCfg = Release|x64
		{273987F9-5E73-43E6-868E-E9D3C137F01A}.Release KSP 1.2.2|x64.Build.0 = Release|x64
		{273987F9-5E73-43E6-868E-E9D3C137F01A}.Release KSP 1.3.1|x64.ActiveCfg = Release|x64
		{273987F9-5E73-43E6-868E-E9D3C137F01A}.Release KSP 1.3.1|x64.Build.0 = Release|x64
		{273987F9-5E73-43E6-868E-E9D3C137F01A}.Release_LLVM|x64.ActiveCfg = Release_LLVM|x64
		{273987F9-5E73-43E6-868E-E9D3C137F01A}.Release_LLVM|x64.Build.0 = Release_LLVM|x64
		{273987F9-5E73-43E6-868E-E9D3C137F01A}.Release|x64.ActiveCfg = Release|x64
		{273987F9-5E73-43E6-868E-E9D3C137F01A}.Release|x64.Build.0 = Release|x64
		{0FD08CDF-228C-48C6-8690-CF0A72CF6C69}.Debug|x64.ActiveCfg = Debug|x64
		{0FD08CDF-228C-48C6-8690-CF0A72CF6C69}.Debug|x64.Build.0 = Debug|x64
		{0FD08CDF-228C-48C6-8690-CF0A72CF6C69}.Release KSP 1.2.2|x64.ActiveCfg = Release|x64
		{0FD08CDF-228C-48C6-8690-CF0A72CF6C69}.Release KSP 1.2.2|x64.Build.0 = Release|x64
		{0FD08CDF-228C-48C6-8690-CF0A72CF6C69}.Release KSP 1.3.1|x64.ActiveCfg = Release|x64
		{0FD08CDF-228C-48C6-8690-CF0A72CF6C69}.Release KSP 1.3.1|x64.Build.0 = Release|x64
		{0FD08CDF-228C-48C6-8690-CF0A72CF6C69}.Release_LLVM|x64.ActiveCfg = Release_LLVM|x64
		{0FD08CDF-228C-48C6-8690-CF0A72CF6C69}.Release_LLVM|x64.Build.0 = Release_LLVM|x64
		{0FD08CDF-228C-48C6-8690-CF0A72CF6C69}.Release|x64.ActiveCfg = Release|x64
		{0FD08CDF-228C-48C6-8690-CF0A72CF6C69}.Release|x64.Build.0 = Release|x64
		{2E28828E-8364-4962-A9FF-C20A72EB884C}.Debug|x64.ActiveCfg = Debug|x64
		{2E28828E-8364-4962-A9FF-C20A72EB884C}.Debug|x64.Build.0 = Debug|x64
		{2E28828E-8364-4962-A9FF-C20A72EB884C}.Release KSP 1.2.2|x64.ActiveCfg = Release|x64
		{2E28828E-8364-4962-A9FF-C20A72EB884C}.Release KSP 1.2.2|x64.Build.0 = Release|x64
		{2E28828E-8364-4962-A9FF-C20A72EB884C}.Release KSP 1.3.1|x64.ActiveCfg = Release|x64
		{2E28828E-8364-4962-A9FF-C20A72EB884C}.Release KSP 1.3.1|x64.Build.0 = Release|x64
		{2E28828E-8364-4962-A9FF-C20A72EB884C}.Release_LLVM|x64.ActiveCfg = Release_LLVM|x64
		{2E28828E-8364-4962-A9FF-C20A72EB884C}.Release_LLVM|x64.Build.0 = Release_LLVM|x64
		{2E28828E-8364-4962-A9FF-C20A72EB884C}.Release|x64.ActiveCfg = Release|x64
		{2E28828E-8364-4962-A9FF-C20A72EB884C}.Release|x64.Build.0 = Release|x64
		{86AFF67D-38CD-487E-B4C1-B93984A9ED0D}.Debug|x64.ActiveCfg = Debug|x64
		{86AFF67D-38CD-487E-B4C1-B93984A9ED0D}.Debug|x64.Build.0 = Debug|x64
		{86AFF67D-38CD-487E-B4C1-B93984A9ED0D}.Release KSP 1.2.2|x64.ActiveCfg = Release|x64
		{86AFF67D-38CD-487E-B4C1-B93984A9ED0D}.Release KSP 1.2.2|x64.Build.0 = Release|x64
		{86AFF67D-38CD-487E-B4C1-B93984A9ED0D}.Release KSP 1.3.1|x64.ActiveCfg = Release|x64
		{86AFF67D-38CD-487E-B4C1-B93984A9ED0D}.Release KSP 1.3.1|x64.Build.0 = Release|x64
		{86AFF67D-38CD-487E-B4C1-B93984A9ED0D}.Release_LLVM|x64.ActiveCfg = Release_LLVM|x64
		{86AFF67D-38CD-487E-B4C1-B93984A9ED0D}.Release_LLVM|x64.Build.0 = Release_LLVM|x64
		{86AFF67D-38CD-487E-B4C1-B93984A9ED0D}.Release|x64.ActiveCfg = Release|x64
		{86AFF67D-38CD-487E-B4C1-B93984A9ED0D}.Release|x64.Build.0 = Release|x64
		{7B174B21-0837-4BEE-864E-08AD3C74046A}.Debug|x64.ActiveCfg = Debug|x64
		{7B174B21-0837-4BEE-864E-08AD3C74046A}.Debug|x64.Build.0 = Debug|x64
		{7B174B21-0837-4BEE-864E-08AD3C74046A}.Release KSP 1.2.2|x64.ActiveCfg = Release|x64
		{7B174B21-0837-4BEE-864E-08AD3C74046A}.Release KSP 1.2.2|x64.Build.0 = Release|x64
		{7B174B21-0837-4BEE-864E-08AD3C74046A}.Release KSP 1.3.1|x64.ActiveCfg = Release|x64
		{7B174B21-0837-4BEE-864E-08AD3C74046A}.Release KSP 1.3.1|x64.Build.0 = Release|x64
		{7B174B21-0837-4BEE-864E-08AD3C74046A}.Release_LLVM|x64.ActiveCfg = Release_LLVM|x64
		{7B174B21-0837-4BEE-864E-08AD3C74046A}.Release|x64.ActiveCfg = Release|x64
		{7B174B21-0837-4BEE-864E-08AD3C74046A}.Release|x64.Build.0 = Release|x64
		{41332E9A-729C-45C4-BDE1-A567608DADF2}.Debug|x64.ActiveCfg = Debug|x64
		{41332E9A-729C-45C4-BDE1-A567608DADF2}.Debug|x64.Build.0 = Debug|x64
		{41332E9A-729C-45C4-BDE1-A567608DADF2}.Release KSP 1.2.2|x64.ActiveCfg = Release|x64
		{41332E9A-729C-45C4-BDE1-A567608DADF2}.Release KSP 1.2.2|x64.Build.0 = Release|x64
		{41332E9A-729C-45C4-BDE1-A567608DADF2}.Release KSP 1.3.1|x64.ActiveCfg = Release|x64
		{41332E9A-729C-45C4-BDE1-A567608DADF2}.Release KSP 1.3.1|x64.Build.0 = Release|x64
		{41332E9A-729C-45C4-BDE1-A567608DADF2}.Release_LLVM|x64.ActiveCfg = Release_LLVM|x64
		{41332E9A-729C-45C4-BDE1-A567608DADF2}.Release_LLVM|x64.Build.0 = Release_LLVM|x64
		{41332E9A-729C-45C4-BDE1-A567608DADF2}.Release|x64.ActiveCfg = Release|x64
		{41332E9A-729C-45C4-BDE1-A567608DADF2}.Release|x64.Build.0 = Release|x64
		{E75B3F05-D64F-4AFE-9493-2F94A9B37510}.Debug|x64.ActiveCfg = Debug|Any CPU
		{E75B3F05-D64F-4AFE-9493-2F94A9B37510}.Debug|x64.Build.0 = Debug|Any CPU
		{E75B3F05-D64F-4AFE-9493-2F94A9B37510}.Release KSP 1.2.2|x64.ActiveCfg = Release KSP 1.2.2|Any CPU
		{E75B3F05-D64F-4AFE-9493-2F94A9B37510}.Release KSP 1.2.2|x64.Build.0 = Release KSP 1.2.2|Any CPU
		{E75B3F05-D64F-4AFE-9493-2F94A9B37510}.Release KSP 1.3.1|x64.ActiveCfg = Release KSP 1.3.1|Any CPU
		{E75B3F05-D64F-4AFE-9493-2F94A9B37510}.Release KSP 1.3.1|x64.Build.0 = Release KSP 1.3.1|Any CPU
		{E75B3F05-D64F-4AFE-9493-2F94A9B37510}.Release_LLVM|x64.ActiveCfg = Release|Any CPU
		{E75B3F05-D64F-4AFE-9493-2F94A9B37510}.Release_LLVM|x64.Build.0 = Release|Any CPU
		{E75B3F05-D64F-4AFE-9493-2F94A9B37510}.Release|x64.ActiveCfg = Release|Any CPU
		{E75B3F05-D64F-4AFE-9493-2F94A9B37510}.Release|x64.Build.0 = Release|Any CPU
		{A3F94607-2666-408F-AF98-0E47D61C98BB}.Debug|x64.ActiveCfg = Debug|x64
		{A3F94607-2666-408F-AF98-0E47D61C98BB}.Debug|x64.Build.0 = Debug|x64
		{A3F94607-2666-408F-AF98-0E47D61C98BB}.Release KSP 1.2.2|x64.ActiveCfg = Release|x64
		{A3F94607-2666-408F-AF98-0E47D61C98BB}.Release KSP 1.2.2|x64.Build.0 = Release|x64
		{A3F94607-2666-408F-AF98-0E47D61C98BB}.Release KSP 1.3.1|x64.ActiveCfg = Release|x64
		{A3F94607-2666-408F-AF98-0E47D61C98BB}.Release KSP 1.3.1|x64.Build.0 = Release|x64
		{A3F94607-2666-408F-AF98-0E47D61C98BB}.Release_LLVM|x64.ActiveCfg = Release_LLVM|x64
		{A3F94607-2666-408F-AF98-0E47D61C98BB}.Release_LLVM|x64.Build.0 = Release_LLVM|x64
		{A3F94607-2666-408F-AF98-0E47D61C98BB}.Release|x64.ActiveCfg = Release|x64
		{A3F94607-2666-408F-AF98-0E47D61C98BB}.Release|x64.Build.0 = Release|x64
		{A942ADF0-62F4-435C-85B2-934D5B666DB8}.Debug|x64.ActiveCfg = Debug|x64
		{A942ADF0-62F4-435C-85B2-934D5B666DB8}.Debug|x64.Build.0 = Debug|x64
		{A942ADF0-62F4-435C-85B2-934D5B666DB8}.Release KSP 1.2.2|x64.ActiveCfg = Release|x64
		{A942ADF0-62F4-435C-85B2-934D5B666DB8}.Release KSP 1.2.2|x64.Build.0 = Release|x64
		{A942ADF0-62F4-435C-85B2-934D5B666DB8}.Release KSP 1.3.1|x64.ActiveCfg = Release|x64
		{A942ADF0-62F4-435C-85B2-934D5B666DB8}.Release KSP 1.3.1|x64.Build.0 = Release|x64
		{A942ADF0-62F4-435C-85B2-934D5B666DB8}.Release_LLVM|x64.ActiveCfg = Release_LLVM|x64
		{A942ADF0-62F4-435C-85B2-934D5B666DB8}.Release_LLVM|x64.Build.0 = Release_LLVM|x64
		{A942ADF0-62F4-435C-85B2-934D5B666DB8}.Release|x64.ActiveCfg = Release|x64
		{A942ADF0-62F4-435C-85B2-934D5B666DB8}.Release|x64.Build.0 = Release|x64
		{7E7CC89A-FC65-409C-A975-9C3A6A50786B}.Debug|x64.ActiveCfg = Debug|x64
		{7E7CC89A-FC65-409C-A975-9C3A6A50786B}.Debug|x64.Build.0 = Debug|x64
		{7E7CC89A-FC65-409C-A975-9C3A6A50786B}.Release KSP 1.2.2|x64.ActiveCfg = Release|x64
		{7E7CC89A-FC65-409C-A975-9C3A6A50786B}.Release KSP 1.2.2|x64.Build.0 = Release|x64
		{7E7CC89A-FC65-409C-A975-9C3A6A50786B}.Release KSP 1.3.1|x64.ActiveCfg = Release|x64
		{7E7CC89A-FC65-409C-A975-9C3A6A50786B}.Release KSP 1.3.1|x64.Build.0 = Release|x64
		{7E7CC89A-FC65-409C-A975-9C3A6A50786B}.Release_LLVM|x64.ActiveCfg = Release_LLVM|x64
		{7E7CC89A-FC65-409C-A975-9C3A6A50786B}.Release_LLVM|x64.Build.0 = Release_LLVM|x64
		{7E7CC89A-FC65-409C-A975-9C3A6A50786B}.Release|x64.ActiveCfg = Release|x64
		{7E7CC89A-FC65-409C-A975-9C3A6A50786B}.Release|x64.Build.0 = Release|x64
		{06E78A3D-AAA0-4CD9-8F23-B5BBBBE6F14F}.Debug|x64.ActiveCfg = Debug|Any CPU
		{06E78A3D-AAA0-4CD9-8F23-B5BBBBE6F14F}.Debug|x64.Build.0 = Debug|Any CPU
		{06E78A3D-AAA0-4CD9-8F23-B5BBBBE6F14F}.Release KSP 1.2.2|x64.ActiveCfg = Release|Any CPU
		{06E78A3D-AAA0-4CD9-8F23-B5BBBBE6F14F}.Release KSP 1.2.2|x64.Build.0 = Release|Any CPU
		{06E78A3D-AAA0-4CD9-8F23-B5BBBBE6F14F}.Release KSP 1.3.1|x64.ActiveCfg = Release|Any CPU
		{06E78A3D-AAA0-4CD9-8F23-B5BBBBE6F14F}.Release KSP 1.3.1|x64.Build.0 = Release|Any CPU
		{06E78A3D-AAA0-4CD9-8F23-B5BBBBE6F14F}.Release_LLVM|x64.ActiveCfg = Release|Any CPU
		{06E78A3D-AAA0-4CD9-8F23-B5BBBBE6F14F}.Release_LLVM|x64.Build.0 = Release|Any CPU
		{06E78A3D-AAA0-4CD9-8F23-B5BBBBE6F14F}.Release|x64.ActiveCfg = Release|Any CPU
		{06E78A3D-AAA0-4CD9-8F23-B5BBBBE6F14F}.Release|x64.Build.0 = Release|Any CPU
		{5C482C18-BBAE-484D-A211-A25C86370061}.Debug|x64.ActiveCfg = Debug|x64
		{5C482C18-BBAE-484D-A211-A25C86370061}.Debug|x64.Build.0 = Debug|x64
		{5C482C18-BBAE-484D-A211-A25C86370061}.Release KSP 1.2.2|x64.ActiveCfg = Release|x64
		{5C482C18-BBAE-484D-A211-A25C86370061}.Release KSP 1.2.2|x64.Build.0 = Release|x64
		{5C482C18-BBAE-484D-A211-A25C86370061}.Release KSP 1.3.1|x64.ActiveCfg = Release|x64
		{5C482C18-BBAE-484D-A211-A25C86370061}.Release KSP 1.3.1|x64.Build.0 = Release|x64
		{5C482C18-BBAE-484D-A211-A25C86370061}.Release_LLVM|x64.ActiveCfg = Release_LLVM|x64
		{5C482C18-BBAE-484D-A211-A25C86370061}.Release_LLVM|x64.Build.0 = Release_LLVM|x64
		{5C482C18-BBAE-484D-A211-A25C86370061}.Release|x64.ActiveCfg = Release|x64
		{5C482C18-BBAE-484D-A211-A25C86370061}.Release|x64.Build.0 = Release|x64
		{83A31DA7-3F62-464D-9F6B-09CCE07A865A}.Debug|x64.ActiveCfg = Debug|x64
		{83A31DA7-3F62-464D-9F6B-09CCE07A865A}.Debug|x64.Build.0 = Debug|x64
		{83A31DA7-3F62-464D-9F6B-09CCE07A865A}.Release KSP 1.2.2|x64.ActiveCfg = Release|x64
		{83A31DA7-3F62-464D-9F6B-09CCE07A865A}.Release KSP 1.2.2|x64.Build.0 = Release|x64
		{83A31DA7-3F62-464D-9F6B-09CCE07A865A}.Release KSP 1.3.1|x64.ActiveCfg = Release|x64
		{83A31DA7-3F62-464D-9F6B-09CCE07A865A}.Release KSP 1.3.1|x64.Build.0 = Release|x64
		{83A31DA7-3F62-464D-9F6B-09CCE07A865A}.Release_LLVM|x64.ActiveCfg = Release_LLVM|x64
		{83A31DA7-3F62-464D-9F6B-09CCE07A865A}.Release_LLVM|x64.Build.0 = Release_LLVM|x64
		{83A31DA7-3F62-464D-9F6B-09CCE07A865A}.Release|x64.ActiveCfg = Release|x64
		{83A31DA7-3F62-464D-9F6B-09CCE07A865A}.Release|x64.Build.0 = Release|x64
		{0AC374A7-36CD-40FC-B831-112389B6D9ED}.Debug|x64.ActiveCfg = Debug|Any CPU
		{0AC374A7-36CD-40FC-B831-112389B6D9ED}.Debug|x64.Build.0 = Debug|Any CPU
		{0AC374A7-36CD-40FC-B831-112389B6D9ED}.Release KSP 1.2.2|x64.ActiveCfg = Release|Any CPU
		{0AC374A7-36CD-40FC-B831-112389B6D9ED}.Release KSP 1.2.2|x64.Build.0 = Release|Any CPU
		{0AC374A7-36CD-40FC-B831-112389B6D9ED}.Release KSP 1.3.1|x64.ActiveCfg = Release|Any CPU
		{0AC374A7-36CD-40FC-B831-112389B6D9ED}.Release KSP 1.3.1|x64.Build.0 = Release|Any CPU
		{0AC374A7-36CD-40FC-B831-112389B6D9ED}.Release_LLVM|x64.ActiveCfg = Release|Any CPU
		{0AC374A7-36CD-40FC-B831-112389B6D9ED}.Release_LLVM|x64.Build.0 = Release|Any CPU
		{0AC374A7-36CD-40FC-B831-112389B6D9ED}.Release|x64.ActiveCfg = Release|Any CPU
		{0AC374A7-36CD-40FC-B831-112389B6D9ED}.Release|x64.Build.0 = Release|Any CPU
		{9E0AE155-47B1-4090-AF00-038AF87A876D}.Debug|x64.ActiveCfg = Debug|x64
		{9E0AE155-47B1-4090-AF00-038AF87A876D}.Debug|x64.Build.0 = Debug|x64
		{9E0AE155-47B1-4090-AF00-038AF87A876D}.Release KSP 1.2.2|x64.ActiveCfg = Release|x64
		{9E0AE155-47B1-4090-AF00-038AF87A876D}.Release KSP 1.2.2|x64.Build.0 = Release|x64
		{9E0AE155-47B1-4090-AF00-038AF87A876D}.Release KSP 1.3.1|x64.ActiveCfg = Release|x64
		{9E0AE155-47B1-4090-AF00-038AF87A876D}.Release KSP 1.3.1|x64.Build.0 = Release|x64
		{9E0AE155-47B1-4090-AF00-038AF87A876D}.Release_LLVM|x64.ActiveCfg = Release_LLVM|x64
		{9E0AE155-47B1-4090-AF00-038AF87A876D}.Release_LLVM|x64.Build.0 = Release_LLVM|x64
		{9E0AE155-47B1-4090-AF00-038AF87A876D}.Release|x64.ActiveCfg = Release|x64
		{9E0AE155-47B1-4090-AF00-038AF87A876D}.Release|x64.Build.0 = Release|x64
		{5498EE37-1A80-4DA8-8D81-01892C4C8EEB}.Debug|x64.ActiveCfg = Debug|Any CPU
		{5498EE37-1A80-4DA8-8D81-01892C4C8EEB}.Debug|x64.Build.0 = Debug|Any CPU
		{5498EE37-1A80-4DA8-8D81-01892C4C8EEB}.Release KSP 1.2.2|x64.ActiveCfg = Release|Any CPU
		{5498EE37-1A80-4DA8-8D81-01892C4C8EEB}.Release KSP 1.2.2|x64.Build.0 = Release|Any CPU
		{5498EE37-1A80-4DA8-8D81-01892C4C8EEB}.Release KSP 1.3.1|x64.ActiveCfg = Release|Any CPU
		{5498EE37-1A80-4DA8-8D81-01892C4C8EEB}.Release KSP 1.3.1|x64.Build.0 = Release|Any CPU
		{5498EE37-1A80-4DA8-8D81-01892C4C8EEB}.Release_LLVM|x64.ActiveCfg = Release|Any CPU
		{5498EE37-1A80-4DA8-8D81-01892C4C8EEB}.Release_LLVM|x64.Build.0 = Release|Any CPU
		{5498EE37-1A80-4DA8-8D81-01892C4C8EEB}.Release|x64.ActiveCfg = Release|Any CPU
		{5498EE37-1A80-4DA8-8D81-01892C4C8EEB}.Release|x64.Build.0 = Release|Any CPU
		{5EEA5210-0FA9-4B44-8466-C40B22D24E8E}.Debug|x64.ActiveCfg = Debug|x64
		{5EEA5210-0FA9-4B44-8466-C40B22D24E8E}.Debug|x64.Build.0 = Debug|x64
		{5EEA5210-0FA9-4B44-8466-C40B22D24E8E}.Release KSP 1.2.2|x64.ActiveCfg = Release|x64
		{5EEA5210-0FA9-4B44-8466-C40B22D24E8E}.Release KSP 1.2.2|x64.Build.0 = Release|x64
		{5EEA5210-0FA9-4B44-8466-C40B22D24E8E}.Release KSP 1.3.1|x64.ActiveCfg = Release|x64
		{5EEA5210-0FA9-4B44-8466-C40B22D24E8E}.Release KSP 1.3.1|x64.Build.0 = Release|x64
		{5EEA5210-0FA9-4B44-8466-C40B22D24E8E}.Release_LLVM|x64.ActiveCfg = Release_LLVM|x64
		{5EEA5210-0FA9-4B44-8466-C40B22D24E8E}.Release_LLVM|x64.Build.0 = Release_LLVM|x64
		{5EEA5210-0FA9-4B44-8466-C40B22D24E8E}.Release|x64.ActiveCfg = Release|x64
		{5EEA5210-0FA9-4B44-8466-C40B22D24E8E}.Release|x64.Build.0 = Release|x64
		{972E4E09-3B2C-4A23-9338-74D97D589207}.Debug|x64.ActiveCfg = Debug|x64
		{972E4E09-3B2C-4A23-9338-74D97D589207}.Debug|x64.Build.0 = Debug|x64
		{972E4E09-3B2C-4A23-9338-74D97D589207}.Release KSP 1.2.2|x64.ActiveCfg = Release|x64
		{972E4E09-3B2C-4A23-9338-74D97D589207}.Release KSP 1.2.2|x64.Build.0 = Release|x64
		{972E4E09-3B2C-4A23-9338-74D97D589207}.Release KSP 1.3.1|x64.ActiveCfg = Release|x64
		{972E4E09-3B2C-4A23-9338-74D97D589207}.Release KSP 1.3.1|x64.Build.0 = Release|x64
		{972E4E09-3B2C-4A23-9338-74D97D589207}.Release_LLVM|x64.ActiveCfg = Release_LLVM|x64
		{972E4E09-3B2C-4A23-9338-74D97D589207}.Release_LLVM|x64.Build.0 = Release_LLVM|x64
		{972E4E09-3B2C-4A23-9338-74D97D589207}.Release|x64.ActiveCfg = Release|x64
		{972E4E09-3B2C-4A23-9338-74D97D589207}.Release|x64.Build.0 = Release|x64
		{873680B3-2406-4A30-9EE7-569E9B9DA661}.Debug|x64.ActiveCfg = Debug|x64
		{873680B3-2406-4A30-9EE7-569E9B9DA661}.Debug|x64.Build.0 = Debug|x64
		{873680B3-2406-4A30-9EE7-569E9B9DA661}.Release KSP 1.2.2|x64.ActiveCfg = Release|x64
		{873680B3-2406-4A30-9EE7-569E9B9DA661}.Release KSP 1.2.2|x64.Build.0 = Release|x64
		{873680B3-2406-4A30-9EE7-569E9B9DA661}.Release KSP 1.3.1|x64.ActiveCfg = Release|x64
		{873680B3-2406-4A30-9EE7-569E9B9DA661}.Release KSP 1.3.1|x64.Build.0 = Release|x64
		{873680B3-2406-4A30-9EE7-569E9B9DA661}.Release_LLVM|x64.ActiveCfg = Release_LLVM|x64
		{873680B3-2406-4A30-9EE7-569E9B9DA661}.Release_LLVM|x64.Build.0 = Release_LLVM|x64
		{873680B3-2406-4A30-9EE7-569E9B9DA661}.Release|x64.ActiveCfg = Release|x64
		{873680B3-2406-4A30-9EE7-569E9B9DA661}.Release|x64.Build.0 = Release|x64
		{A0E67E1B-E5A6-45A0-B42C-4330A6643CD7}.Debug|x64.ActiveCfg = Debug|Any CPU
		{A0E67E1B-E5A6-45A0-B42C-4330A6643CD7}.Debug|x64.Build.0 = Debug|Any CPU
		{A0E67E1B-E5A6-45A0-B42C-4330A6643CD7}.Release KSP 1.2.2|x64.ActiveCfg = Release|Any CPU
		{A0E67E1B-E5A6-45A0-B42C-4330A6643CD7}.Release KSP 1.2.2|x64.Build.0 = Release|Any CPU
		{A0E67E1B-E5A6-45A0-B42C-4330A6643CD7}.Release KSP 1.3.1|x64.ActiveCfg = Release|Any CPU
		{A0E67E1B-E5A6-45A0-B42C-4330A6643CD7}.Release KSP 1.3.1|x64.Build.0 = Release|Any CPU
		{A0E67E1B-E5A6-45A0-B42C-4330A6643CD7}.Release_LLVM|x64.ActiveCfg = Release|Any CPU
		{A0E67E1B-E5A6-45A0-B42C-4330A6643CD7}.Release_LLVM|x64.Build.0 = Release|Any CPU
		{A0E67E1B-E5A6-45A0-B42C-4330A6643CD7}.Release|x64.ActiveCfg = Release|Any CPU
		{A0E67E1B-E5A6-45A0-B42C-4330A6643CD7}.Release|x64.Build.0 = Release|Any CPU
		{3882467C-89D7-4DAE-9730-BB2E610F05AD}.Debug|x64.ActiveCfg = Debug|x64
		{3882467C-89D7-4DAE-9730-BB2E610F05AD}.Debug|x64.Build.0 = Debug|x64
		{3882467C-89D7-4DAE-9730-BB2E610F05AD}.Release KSP 1.2.2|x64.ActiveCfg = Release|x64
		{3882467C-89D7-4DAE-9730-BB2E610F05AD}.Release KSP 1.2.2|x64.Build.0 = Release|x64
		{3882467C-89D7-4DAE-9730-BB2E610F05AD}.Release KSP 1.3.1|x64.ActiveCfg = Release|x64
		{3882467C-89D7-4DAE-9730-BB2E610F05AD}.Release KSP 1.3.1|x64.Build.0 = Release|x64
		{3882467C-89D7-4DAE-9730-BB2E610F05AD}.Release_LLVM|x64.ActiveCfg = Release_LLVM|x64
		{3882467C-89D7-4DAE-9730-BB2E610F05AD}.Release_LLVM|x64.Build.0 = Release_LLVM|x64
		{3882467C-89D7-4DAE-9730-BB2E610F05AD}.Release|x64.ActiveCfg = Release|x64
		{3882467C-89D7-4DAE-9730-BB2E610F05AD}.Release|x64.Build.0 = Release|x64
	EndGlobalSection
	GlobalSection(SolutionProperties) = preSolution
		HideSolutionNode = FALSE
	EndGlobalSection
	GlobalSection(NestedProjects) = preSolution
		{06E78A3D-AAA0-4CD9-8F23-B5BBBBE6F14F} = {B0F47E49-0EDF-4D58-AB27-F99CCCE4253A}
		{0AC374A7-36CD-40FC-B831-112389B6D9ED} = {B0F47E49-0EDF-4D58-AB27-F99CCCE4253A}
		{5498EE37-1A80-4DA8-8D81-01892C4C8EEB} = {B0F47E49-0EDF-4D58-AB27-F99CCCE4253A}
		{A0E67E1B-E5A6-45A0-B42C-4330A6643CD7} = {B0F47E49-0EDF-4D58-AB27-F99CCCE4253A}
	EndGlobalSection
EndGlobal
