<?xml version="1.0" encoding="utf-8"?>
<Project ToolsVersion="4.0" xmlns="http://schemas.microsoft.com/developer/msbuild/2003">
  <ItemGroup>
    <Filter Include="Source Files">
      <UniqueIdentifier>{4FC737F1-C7A5-4376-A066-2A32D752A2FF}</UniqueIdentifier>
      <Extensions>cpp;c;cc;cxx;def;odl;idl;hpj;bat;asm;asmx</Extensions>
    </Filter>
    <Filter Include="Header Files">
      <UniqueIdentifier>{93995380-89BD-4b04-88EB-625FBE52EBFB}</UniqueIdentifier>
      <Extensions>h;hh;hpp;hxx;hm;inl;inc;xsd</Extensions>
    </Filter>
    <Filter Include="Test Files">
      <UniqueIdentifier>{0faba8e9-2063-4801-98f0-1f32c1e084ec}</UniqueIdentifier>
    </Filter>
    <Filter Include="Resource Files">
      <UniqueIdentifier>{77614383-550c-4819-b2d2-11e2505ec337}</UniqueIdentifier>
    </Filter>
  </ItemGroup>
  <ItemGroup>
    <ClCompile Include="plugin_test.cpp">
      <Filter>Test Files</Filter>
    </ClCompile>
    <ClCompile Include="..\ksp_plugin\plugin.cpp">
      <Filter>Source Files</Filter>
    </ClCompile>
    <ClCompile Include="interface_test.cpp">
      <Filter>Test Files</Filter>
    </ClCompile>
    <ClCompile Include="..\ksp_plugin\interface.cpp">
      <Filter>Source Files</Filter>
    </ClCompile>
    <ClCompile Include="vessel_test.cpp">
      <Filter>Test Files</Filter>
    </ClCompile>
    <ClCompile Include="part_test.cpp">
      <Filter>Test Files</Filter>
    </ClCompile>
    <ClCompile Include="celestial_test.cpp">
      <Filter>Test Files</Filter>
    </ClCompile>
    <ClCompile Include="plugin_compatibility_test.cpp">
      <Filter>Test Files</Filter>
    </ClCompile>
    <ClCompile Include="plugin_integration_test.cpp">
      <Filter>Test Files</Filter>
    </ClCompile>
    <ClCompile Include="..\journal\recorder.cpp">
      <Filter>Source Files</Filter>
    </ClCompile>
    <ClCompile Include="..\journal\profiles.cpp">
      <Filter>Source Files</Filter>
    </ClCompile>
    <ClCompile Include="..\ksp_plugin\flight_plan.cpp">
      <Filter>Source Files</Filter>
    </ClCompile>
    <ClCompile Include="flight_plan_test.cpp">
      <Filter>Test Files</Filter>
    </ClCompile>
    <ClCompile Include="..\ksp_plugin\interface_flight_plan.cpp">
      <Filter>Source Files</Filter>
    </ClCompile>
    <ClCompile Include="mock_plugin.cpp">
      <Filter>Source Files</Filter>
    </ClCompile>
    <ClCompile Include="..\ksp_plugin\interface_iterator.cpp">
      <Filter>Source Files</Filter>
    </ClCompile>
    <ClCompile Include="..\ksp_plugin\interface_vessel.cpp">
      <Filter>Source Files</Filter>
    </ClCompile>
    <ClCompile Include="..\base\status.cpp">
      <Filter>Source Files</Filter>
    </ClCompile>
    <ClCompile Include="..\ksp_plugin\vessel.cpp">
      <Filter>Source Files</Filter>
    </ClCompile>
    <ClCompile Include="..\ksp_plugin\pile_up.cpp">
      <Filter>Source Files</Filter>
    </ClCompile>
    <ClCompile Include="pile_up_test.cpp">
      <Filter>Test Files</Filter>
    </ClCompile>
    <ClCompile Include="..\ksp_plugin\part.cpp">
      <Filter>Source Files</Filter>
    </ClCompile>
    <ClCompile Include="..\ksp_plugin\part_subsets.cpp">
      <Filter>Source Files</Filter>
    </ClCompile>
    <ClCompile Include="..\ksp_plugin\identification.cpp">
      <Filter>Source Files</Filter>
    </ClCompile>
    <ClCompile Include="..\ksp_plugin\celestial.cpp">
      <Filter>Source Files</Filter>
    </ClCompile>
    <ClCompile Include="..\ksp_plugin\integrators.cpp">
      <Filter>Source Files</Filter>
    </ClCompile>
    <ClCompile Include="interface_flight_plan_test.cpp">
      <Filter>Test Files</Filter>
    </ClCompile>
    <ClCompile Include="mock_renderer.cpp">
      <Filter>Source Files</Filter>
    </ClCompile>
    <ClCompile Include="interface_renderer_test.cpp">
      <Filter>Test Files</Filter>
    </ClCompile>
    <ClCompile Include="..\ksp_plugin\interface_renderer.cpp">
      <Filter>Source Files</Filter>
    </ClCompile>
    <ClCompile Include="..\ksp_plugin\renderer.cpp">
      <Filter>Source Files</Filter>
    </ClCompile>
    <ClCompile Include="renderer_test.cpp">
      <Filter>Test Files</Filter>
    </ClCompile>
    <ClCompile Include="..\base\version.generated.cc">
      <Filter>Source Files</Filter>
    </ClCompile>
    <ClCompile Include="interface_renderer_test.cpp">
      <Filter>Test Files</Filter>
    </ClCompile>
    <ClCompile Include="..\ksp_plugin\interface_renderer.cpp">
      <Filter>Source Files</Filter>
    </ClCompile>
    <ClCompile Include="interface_flight_plan_test.cpp">
      <Filter>Test Files</Filter>
    </ClCompile>
    <ClCompile Include="renderer_test.cpp">
      <Filter>Test Files</Filter>
    </ClCompile>
    <ClCompile Include="..\ksp_plugin\renderer.cpp">
      <Filter>Source Files</Filter>
    </ClCompile>
    <ClCompile Include="planetarium_test.cpp">
      <Filter>Test Files</Filter>
    </ClCompile>
    <ClCompile Include="..\ksp_plugin\planetarium.cpp">
      <Filter>Source Files</Filter>
    </ClCompile>
    <ClCompile Include="interface_planetarium_test.cpp">
      <Filter>Test Files</Filter>
    </ClCompile>
    <ClCompile Include="..\ksp_plugin\interface_planetarium.cpp">
      <Filter>Source Files</Filter>
    </ClCompile>
    <ClCompile Include="..\ksp_plugin\interface_future.cpp">
      <Filter>Source Files</Filter>
    </ClCompile>
    <ClCompile Include="..\ksp_plugin\interface_monitor.cpp">
      <Filter>Source Files</Filter>
    </ClCompile>
    <ClCompile Include="benchmark.cpp">
      <Filter>Test Files</Filter>
    </ClCompile>
    <ClCompile Include="manœuvre_test.cpp">
      <Filter>Test Files</Filter>
    </ClCompile>
    <ClCompile Include="..\ksp_plugin\interface_external.cpp">
      <Filter>Source Files</Filter>
    </ClCompile>
    <ClCompile Include="interface_external_test.cpp">
      <Filter>Test Files</Filter>
    </ClCompile>
    <ClCompile Include="fake_plugin.cpp">
      <Filter>Source Files</Filter>
    </ClCompile>
    <ClCompile Include="..\numerics\cbrt.cpp">
      <Filter>Source Files</Filter>
    </ClCompile>
    <ClCompile Include="equator_relevance_threshold_test.cpp">
      <Filter>Test Files</Filter>
    </ClCompile>
    <ClCompile Include="..\ksp_plugin\equator_relevance_threshold.cpp">
      <Filter>Source Files</Filter>
    </ClCompile>
    <ClCompile Include="..\physics\protector.cpp">
      <Filter>Source Files</Filter>
    </ClCompile>
    <ClCompile Include="orbit_analyser_test.cpp">
      <Filter>Test Files</Filter>
    </ClCompile>
    <ClCompile Include="..\ksp_plugin\orbit_analyser.cpp">
      <Filter>Source Files</Filter>
    </ClCompile>
    <ClCompile Include="..\astronomy\standard_product_3.cpp">
      <Filter>Source Files</Filter>
    </ClCompile>
    <ClCompile Include="..\ksp_plugin\interface_part.cpp">
      <Filter>Source Files</Filter>
    </ClCompile>
  </ItemGroup>
  <ItemGroup>
    <ClInclude Include="mock_plugin.hpp">
      <Filter>Header Files</Filter>
    </ClInclude>
    <ClInclude Include="mock_flight_plan.hpp">
      <Filter>Header Files</Filter>
    </ClInclude>
    <ClInclude Include="mock_manœuvre.hpp">
      <Filter>Header Files</Filter>
    </ClInclude>
    <ClInclude Include="mock_renderer.hpp">
      <Filter>Header Files</Filter>
    </ClInclude>
    <ClInclude Include="mock_celestial.hpp">
      <Filter>Header Files</Filter>
    </ClInclude>
    <ClInclude Include="mock_planetarium.hpp">
      <Filter>Header Files</Filter>
    </ClInclude>
    <ClInclude Include="fake_plugin.hpp">
      <Filter>Header Files</Filter>
    </ClInclude>
  </ItemGroup>
  <ItemGroup>
    <ClInclude Include="mock_vessel.hpp">
      <Filter>Header Files</Filter>
    </ClInclude>
  </ItemGroup>
  <ItemGroup>
    <None Include="simple_plugin.proto.bin">
      <Filter>Resource Files</Filter>
    </None>
    <None Include="simple_plugin.proto.hex">
      <Filter>Resource Files</Filter>
    </None>
    <None Include="3 vessels.proto.bin">
      <Filter>Resource Files</Filter>
    </None>
  </ItemGroup>
</Project>