<?xml version="1.0" encoding="utf-8"?>
<Project ToolsVersion="4.0" xmlns="http://schemas.microsoft.com/developer/msbuild/2003">
  <ItemGroup>
    <Filter Include="Source Files">
      <UniqueIdentifier>{4FC737F1-C7A5-4376-A066-2A32D752A2FF}</UniqueIdentifier>
      <Extensions>cpp;c;cc;cxx;def;odl;idl;hpj;bat;asm;asmx</Extensions>
    </Filter>
    <Filter Include="Header Files">
      <UniqueIdentifier>{93995380-89BD-4b04-88EB-625FBE52EBFB}</UniqueIdentifier>
      <Extensions>h;hh;hpp;hxx;hm;inl;inc;xsd</Extensions>
    </Filter>
  </ItemGroup>
  <ItemGroup>
    <CustomBuild Include="geometry.proto" />
    <CustomBuild Include="quantities.proto" />
    <CustomBuild Include="physics.proto" />
    <CustomBuild Include="ksp_plugin.proto" />
    <CustomBuild Include="numerics.proto" />
    <CustomBuild Include="integrators.proto" />
    <CustomBuild Include="astronomy.proto" />
    <CustomBuild Include="journal.proto" />
  </ItemGroup>
  <ItemGroup>
    <ClInclude Include="geometry.pb.h">
      <Filter>Header Files</Filter>
    </ClInclude>
    <ClInclude Include="quantities.pb.h">
      <Filter>Header Files</Filter>
    </ClInclude>
    <ClInclude Include="physics.pb.h">
      <Filter>Header Files</Filter>
    </ClInclude>
    <ClInclude Include="ksp_plugin.pb.h">
      <Filter>Header Files</Filter>
    </ClInclude>
    <ClInclude Include="numerics.pb.h">
      <Filter>Header Files</Filter>
    </ClInclude>
    <ClInclude Include="integrators.pb.h">
      <Filter>Header Files</Filter>
    </ClInclude>
    <ClInclude Include="astronomy.pb.h">
      <Filter>Header Files</Filter>
    </ClInclude>
    <ClInclude Include="journal.pb.h">
      <Filter>Header Files</Filter>
    </ClInclude>
    <ClInclude Include="testing_utilities.pb.h">
      <Filter>Header Files</Filter>
    </ClInclude>
  </ItemGroup>
  <ItemGroup>
    <ClCompile Include="geometry.pb.cc">
      <Filter>Source Files</Filter>
    </ClCompile>
    <ClCompile Include="quantities.pb.cc">
      <Filter>Source Files</Filter>
    </ClCompile>
    <ClCompile Include="physics.pb.cc">
      <Filter>Source Files</Filter>
    </ClCompile>
    <ClCompile Include="ksp_plugin.pb.cc">
      <Filter>Source Files</Filter>
    </ClCompile>
    <ClCompile Include="numerics.pb.cc">
      <Filter>Source Files</Filter>
    </ClCompile>
    <ClCompile Include="integrators.pb.cc">
      <Filter>Source Files</Filter>
    </ClCompile>
    <ClCompile Include="astronomy.pb.cc">
      <Filter>Source Files</Filter>
    </ClCompile>
    <ClCompile Include="journal.pb.cc">
      <Filter>Source Files</Filter>
    </ClCompile>
    <ClCompile Include="testing_utilities.pb.cc">
      <Filter>Source Files</Filter>
    </ClCompile>
  </ItemGroup>
  <ItemGroup>
    <None Include="testing_utilities.proto" />
  </ItemGroup>
</Project>