<?xml version="1.0" encoding="utf-8"?>
<Project ToolsVersion="4.0" xmlns="http://schemas.microsoft.com/developer/msbuild/2003">
  <ItemGroup>
    <Filter Include="Source Files">
      <UniqueIdentifier>{4FC737F1-C7A5-4376-A066-2A32D752A2FF}</UniqueIdentifier>
      <Extensions>cpp;c;cc;cxx;def;odl;idl;hpj;bat;asm;asmx</Extensions>
    </Filter>
    <Filter Include="Header Files">
      <UniqueIdentifier>{93995380-89BD-4b04-88EB-625FBE52EBFB}</UniqueIdentifier>
      <Extensions>h;hh;hpp;hxx;hm;inl;inc;xsd</Extensions>
    </Filter>
    <Filter Include="Test Files">
      <UniqueIdentifier>{8c8613e1-43d5-4565-99e1-b67f11f6732f}</UniqueIdentifier>
    </Filter>
  </ItemGroup>
  <ItemGroup>
    <ClInclude Include="чебышёв_series.hpp">
      <Filter>Header Files</Filter>
    </ClInclude>
    <ClInclude Include="чебышёв_series_body.hpp">
      <Filter>Source Files</Filter>
    </ClInclude>
    <ClInclude Include="arrays.hpp">
      <Filter>Header Files</Filter>
    </ClInclude>
    <ClInclude Include="arrays_body.hpp">
      <Filter>Source Files</Filter>
    </ClInclude>
    <ClInclude Include="double_precision.hpp">
      <Filter>Header Files</Filter>
    </ClInclude>
    <ClInclude Include="double_precision_body.hpp">
      <Filter>Source Files</Filter>
    </ClInclude>
  </ItemGroup>
  <ItemGroup>
    <ClCompile Include="чебышёв_series_test.cpp">
      <Filter>Test Files</Filter>
    </ClCompile>
    <ClCompile Include="newhall.mathematica.cpp">
      <Filter>Source Files</Filter>
    </ClCompile>
    <ClCompile Include="array_test.cpp">
      <Filter>Test Files</Filter>
    </ClCompile>
  </ItemGroup>
</Project>