<?xml version="1.0" encoding="utf-8"?>
<Project ToolsVersion="4.0" xmlns="http://schemas.microsoft.com/developer/msbuild/2003">
  <ItemGroup>
    <Filter Include="Source Files">
      <UniqueIdentifier>{4FC737F1-C7A5-4376-A066-2A32D752A2FF}</UniqueIdentifier>
      <Extensions>cpp;c;cc;cxx;def;odl;idl;hpj;bat;asm;asmx</Extensions>
    </Filter>
    <Filter Include="Header Files">
      <UniqueIdentifier>{93995380-89BD-4b04-88EB-625FBE52EBFB}</UniqueIdentifier>
      <Extensions>h;hh;hpp;hxx;hm;inl;inc;xsd</Extensions>
    </Filter>
    <Filter Include="Test Files">
      <UniqueIdentifier>{8c8613e1-43d5-4565-99e1-b67f11f6732f}</UniqueIdentifier>
    </Filter>
    <Filter Include="Resource Files">
      <UniqueIdentifier>{ee1793f0-53c0-4992-a450-f0c667b3a01d}</UniqueIdentifier>
    </Filter>
  </ItemGroup>
  <ItemGroup>
    <ClInclude Include="чебышёв_series.hpp">
      <Filter>Header Files</Filter>
    </ClInclude>
    <ClInclude Include="чебышёв_series_body.hpp">
      <Filter>Source Files</Filter>
    </ClInclude>
    <ClInclude Include="double_precision.hpp">
      <Filter>Header Files</Filter>
    </ClInclude>
    <ClInclude Include="double_precision_body.hpp">
      <Filter>Source Files</Filter>
    </ClInclude>
    <ClInclude Include="fixed_arrays.hpp">
      <Filter>Header Files</Filter>
    </ClInclude>
    <ClInclude Include="fixed_arrays_body.hpp">
      <Filter>Source Files</Filter>
    </ClInclude>
    <ClInclude Include="root_finders.hpp">
      <Filter>Header Files</Filter>
    </ClInclude>
    <ClInclude Include="root_finders_body.hpp">
      <Filter>Source Files</Filter>
    </ClInclude>
    <ClInclude Include="newhall.mathematica.h">
      <Filter>Header Files</Filter>
    </ClInclude>
    <ClInclude Include="hermite3.hpp">
      <Filter>Header Files</Filter>
    </ClInclude>
    <ClInclude Include="hermite3_body.hpp">
      <Filter>Source Files</Filter>
    </ClInclude>
    <ClInclude Include="ulp_distance.hpp">
      <Filter>Header Files</Filter>
    </ClInclude>
    <ClInclude Include="ulp_distance_body.hpp">
      <Filter>Source Files</Filter>
    </ClInclude>
    <ClInclude Include="fit_hermite_spline.hpp">
      <Filter>Header Files</Filter>
    </ClInclude>
    <ClInclude Include="fit_hermite_spline_body.hpp">
      <Filter>Source Files</Filter>
    </ClInclude>
    <ClInclude Include="polynomial_body.hpp">
      <Filter>Source Files</Filter>
    </ClInclude>
    <ClInclude Include="polynomial.hpp">
      <Filter>Header Files</Filter>
    </ClInclude>
    <ClInclude Include="polynomial_evaluators.hpp">
      <Filter>Header Files</Filter>
    </ClInclude>
    <ClInclude Include="polynomial_evaluators_body.hpp">
      <Filter>Source Files</Filter>
    </ClInclude>
    <ClInclude Include="newhall.hpp">
      <Filter>Header Files</Filter>
    </ClInclude>
    <ClInclude Include="newhall_body.hpp">
      <Filter>Source Files</Filter>
    </ClInclude>
    <ClInclude Include="cbrt.hpp">
      <Filter>Header Files</Filter>
    </ClInclude>
    <ClInclude Include="fast_sin_cos_2π.hpp">
      <Filter>Header Files</Filter>
    </ClInclude>
    <ClInclude Include="legendre.hpp">
      <Filter>Header Files</Filter>
    </ClInclude>
    <ClInclude Include="legendre_body.hpp">
      <Filter>Source Files</Filter>
    </ClInclude>
    <ClInclude Include="combinatorics.hpp">
      <Filter>Header Files</Filter>
    </ClInclude>
    <ClInclude Include="combinatorics_body.hpp">
      <Filter>Source Files</Filter>
    </ClInclude>
    <ClInclude Include="max_abs_normalized_associated_legendre_function.mathematica.h">
      <Filter>Header Files</Filter>
    </ClInclude>
    <ClInclude Include="legendre_normalization_factor.mathematica.h">
      <Filter>Header Files</Filter>
    </ClInclude>
    <ClInclude Include="finite_difference.hpp">
      <Filter>Header Files</Filter>
    </ClInclude>
    <ClInclude Include="finite_difference_body.hpp">
      <Filter>Source Files</Filter>
    </ClInclude>
    <ClInclude Include="finite_difference.mathematica.h">
      <Filter>Header Files</Filter>
    </ClInclude>
    <ClInclude Include="elliptic_integrals.hpp">
      <Filter>Header Files</Filter>
    </ClInclude>
    <ClInclude Include="elliptic_functions.hpp">
      <Filter>Header Files</Filter>
    </ClInclude>
    <ClInclude Include="pid.hpp">
      <Filter>Header Files</Filter>
    </ClInclude>
    <ClInclude Include="pid_body.hpp">
      <Filter>Source Files</Filter>
    </ClInclude>
    <ClInclude Include="poisson_series.hpp">
      <Filter>Header Files</Filter>
    </ClInclude>
    <ClInclude Include="poisson_series_body.hpp">
      <Filter>Source Files</Filter>
    </ClInclude>
  </ItemGroup>
  <ItemGroup>
    <ClCompile Include="чебышёв_series_test.cpp">
      <Filter>Test Files</Filter>
    </ClCompile>
    <ClCompile Include="fixed_arrays_test.cpp">
      <Filter>Test Files</Filter>
    </ClCompile>
    <ClCompile Include="root_finders_test.cpp">
      <Filter>Test Files</Filter>
    </ClCompile>
    <ClCompile Include="hermite3_test.cpp">
      <Filter>Test Files</Filter>
    </ClCompile>
    <ClCompile Include="double_precision_test.cpp">
      <Filter>Test Files</Filter>
    </ClCompile>
    <ClCompile Include="fit_hermite_spline_test.cpp">
      <Filter>Test Files</Filter>
    </ClCompile>
    <ClCompile Include="polynomial_test.cpp">
      <Filter>Test Files</Filter>
    </ClCompile>
    <ClCompile Include="polynomial_evaluators_test.cpp">
      <Filter>Test Files</Filter>
    </ClCompile>
    <ClCompile Include="newhall_test.cpp">
      <Filter>Test Files</Filter>
    </ClCompile>
    <ClCompile Include="cbrt.cpp">
      <Filter>Source Files</Filter>
    </ClCompile>
    <ClCompile Include="cbrt_test.cpp">
      <Filter>Test Files</Filter>
    </ClCompile>
    <ClCompile Include="fast_sin_cos_2π.cpp">
      <Filter>Source Files</Filter>
    </ClCompile>
    <ClCompile Include="fast_sin_cos_2π_test.cpp">
      <Filter>Test Files</Filter>
    </ClCompile>
    <ClCompile Include="legendre_test.cpp">
      <Filter>Test Files</Filter>
    </ClCompile>
    <ClCompile Include="combinatorics_test.cpp">
      <Filter>Test Files</Filter>
    </ClCompile>
    <ClCompile Include="max_abs_normalized_associated_legendre_functions_test.cc">
      <Filter>Test Files</Filter>
    </ClCompile>
    <ClCompile Include="finite_difference_test.cpp">
      <Filter>Test Files</Filter>
    </ClCompile>
    <ClCompile Include="elliptic_integrals.cpp">
      <Filter>Source Files</Filter>
    </ClCompile>
    <ClCompile Include="elliptic_functions.cpp">
      <Filter>Source Files</Filter>
    </ClCompile>
    <ClCompile Include="elliptic_functions_test.cpp">
      <Filter>Test Files</Filter>
    </ClCompile>
    <ClCompile Include="elliptic_integrals_test.cpp">
      <Filter>Test Files</Filter>
    </ClCompile>
    <ClCompile Include="pid_test.cpp">
      <Filter>Test Files</Filter>
    </ClCompile>
    <ClCompile Include="poisson_series_test.cpp">
      <Filter>Test Files</Filter>
    </ClCompile>
  </ItemGroup>
  <ItemGroup>
    <Text Include="xgscd.proto.txt">
      <Filter>Resource Files</Filter>
    </Text>
    <Text Include="xelbdj.proto.txt">
      <Filter>Resource Files</Filter>
    </Text>
    <Text Include="bivariate_elliptic_integrals.proto.txt">
      <Filter>Resource Files</Filter>
    </Text>
    <Text Include="elliptic_functions.proto.txt">
      <Filter>Resource Files</Filter>
    </Text>
    <Text Include="trivariate_elliptic_integrals.proto.txt">
      <Filter>Resource Files</Filter>
    </Text>
  </ItemGroup>
</Project>