<?xml version="1.0" encoding="utf-8"?>
<Project ToolsVersion="4.0" xmlns="http://schemas.microsoft.com/developer/msbuild/2003">
  <ItemGroup>
    <Filter Include="Source Files">
      <UniqueIdentifier>{4FC737F1-C7A5-4376-A066-2A32D752A2FF}</UniqueIdentifier>
      <Extensions>cpp;c;cc;cxx;def;odl;idl;hpj;bat;asm;asmx</Extensions>
    </Filter>
    <Filter Include="Header Files">
      <UniqueIdentifier>{93995380-89BD-4b04-88EB-625FBE52EBFB}</UniqueIdentifier>
      <Extensions>h;hh;hpp;hxx;hm;inl;inc;xsd</Extensions>
    </Filter>
    <Filter Include="Test Files">
      <UniqueIdentifier>{6c627518-7018-4547-aeb6-f1b7d5a3fee5}</UniqueIdentifier>
    </Filter>
  </ItemGroup>
  <ItemGroup>
    <ClInclude Include="grassmann.hpp">
      <Filter>Header Files</Filter>
    </ClInclude>
    <ClInclude Include="rotation.hpp">
      <Filter>Header Files</Filter>
    </ClInclude>
    <ClInclude Include="sign.hpp">
      <Filter>Header Files</Filter>
    </ClInclude>
    <ClInclude Include="permutation.hpp">
      <Filter>Header Files</Filter>
    </ClInclude>
    <ClInclude Include="quaternion.hpp">
      <Filter>Header Files</Filter>
    </ClInclude>
    <ClInclude Include="linear_map.hpp">
      <Filter>Header Files</Filter>
    </ClInclude>
    <ClInclude Include="r3_element.hpp">
      <Filter>Header Files</Filter>
    </ClInclude>
    <ClInclude Include="grassmann_body.hpp">
      <Filter>Source Files</Filter>
    </ClInclude>
    <ClInclude Include="permutation_body.hpp">
      <Filter>Source Files</Filter>
    </ClInclude>
    <ClInclude Include="quaternion_body.hpp">
      <Filter>Source Files</Filter>
    </ClInclude>
    <ClInclude Include="r3_element_body.hpp">
      <Filter>Source Files</Filter>
    </ClInclude>
    <ClInclude Include="rotation_body.hpp">
      <Filter>Source Files</Filter>
    </ClInclude>
    <ClInclude Include="sign_body.hpp">
      <Filter>Source Files</Filter>
    </ClInclude>
  </ItemGroup>
  <ItemGroup>
    <ClCompile Include="sign_test.cpp">
      <Filter>Test Files</Filter>
    </ClCompile>
  </ItemGroup>
</Project>