<?xml version="1.0" encoding="utf-8"?>
<Project ToolsVersion="4.0" xmlns="http://schemas.microsoft.com/developer/msbuild/2003">
  <ItemGroup>
    <Filter Include="Source Files">
      <UniqueIdentifier>{4FC737F1-C7A5-4376-A066-2A32D752A2FF}</UniqueIdentifier>
      <Extensions>cpp;c;cc;cxx;def;odl;idl;hpj;bat;asm;asmx</Extensions>
    </Filter>
    <Filter Include="Header Files">
      <UniqueIdentifier>{93995380-89BD-4b04-88EB-625FBE52EBFB}</UniqueIdentifier>
      <Extensions>h;hh;hpp;hxx;hm;inl;inc;xsd</Extensions>
    </Filter>
    <Filter Include="Test Files">
      <UniqueIdentifier>{6c627518-7018-4547-aeb6-f1b7d5a3fee5}</UniqueIdentifier>
    </Filter>
  </ItemGroup>
  <ItemGroup>
    <ClInclude Include="grassmann.hpp">
      <Filter>Header Files</Filter>
    </ClInclude>
    <ClInclude Include="rotation.hpp">
      <Filter>Header Files</Filter>
    </ClInclude>
    <ClInclude Include="sign.hpp">
      <Filter>Header Files</Filter>
    </ClInclude>
    <ClInclude Include="permutation.hpp">
      <Filter>Header Files</Filter>
    </ClInclude>
    <ClInclude Include="quaternion.hpp">
      <Filter>Header Files</Filter>
    </ClInclude>
    <ClInclude Include="linear_map.hpp">
      <Filter>Header Files</Filter>
    </ClInclude>
    <ClInclude Include="r3_element.hpp">
      <Filter>Header Files</Filter>
    </ClInclude>
    <ClInclude Include="grassmann_body.hpp">
      <Filter>Source Files</Filter>
    </ClInclude>
    <ClInclude Include="permutation_body.hpp">
      <Filter>Source Files</Filter>
    </ClInclude>
    <ClInclude Include="quaternion_body.hpp">
      <Filter>Source Files</Filter>
    </ClInclude>
    <ClInclude Include="r3_element_body.hpp">
      <Filter>Source Files</Filter>
    </ClInclude>
    <ClInclude Include="rotation_body.hpp">
      <Filter>Source Files</Filter>
    </ClInclude>
    <ClInclude Include="sign_body.hpp">
      <Filter>Source Files</Filter>
    </ClInclude>
    <ClInclude Include="orthogonal_map.hpp">
      <Filter>Header Files</Filter>
    </ClInclude>
    <ClInclude Include="orthogonal_map_body.hpp">
      <Filter>Source Files</Filter>
    </ClInclude>
    <ClInclude Include="affine_map.hpp">
      <Filter>Header Files</Filter>
    </ClInclude>
    <ClInclude Include="point.hpp">
      <Filter>Header Files</Filter>
    </ClInclude>
    <ClInclude Include="point_body.hpp">
      <Filter>Source Files</Filter>
    </ClInclude>
    <ClInclude Include="affine_map_body.hpp">
      <Filter>Source Files</Filter>
    </ClInclude>
    <ClInclude Include="named_quantities.hpp">
      <Filter>Header Files</Filter>
    </ClInclude>
    <ClInclude Include="identity.hpp">
      <Filter>Header Files</Filter>
    </ClInclude>
    <ClInclude Include="identity_body.hpp">
      <Filter>Source Files</Filter>
    </ClInclude>
    <ClInclude Include="r3x3_matrix.hpp">
      <Filter>Header Files</Filter>
    </ClInclude>
    <ClInclude Include="r3x3_matrix_body.hpp">
      <Filter>Source Files</Filter>
    </ClInclude>
    <ClInclude Include="barycentre_calculator_body.hpp">
      <Filter>Source Files</Filter>
    </ClInclude>
    <ClInclude Include="barycentre_calculator.hpp">
      <Filter>Header Files</Filter>
    </ClInclude>
    <ClInclude Include="pair.hpp">
      <Filter>Header Files</Filter>
    </ClInclude>
    <ClInclude Include="pair_body.hpp">
      <Filter>Source Files</Filter>
    </ClInclude>
    <ClInclude Include="frame.hpp">
      <Filter>Header Files</Filter>
    </ClInclude>
    <ClInclude Include="frame_body.hpp">
      <Filter>Source Files</Filter>
    </ClInclude>
    <ClInclude Include="linear_map_body.hpp">
      <Filter>Source Files</Filter>
    </ClInclude>
    <ClInclude Include="serialization.hpp">
      <Filter>Header Files</Filter>
    </ClInclude>
    <ClInclude Include="serialization_body.hpp">
      <Filter>Source Files</Filter>
    </ClInclude>
    <ClInclude Include="perspective.hpp">
      <Filter>Header Files</Filter>
    </ClInclude>
    <ClInclude Include="perspective_body.hpp">
      <Filter>Source Files</Filter>
    </ClInclude>
    <ClInclude Include="rp2_point.hpp">
      <Filter>Header Files</Filter>
    </ClInclude>
    <ClInclude Include="rp2_point_body.hpp">
      <Filter>Source Files</Filter>
    </ClInclude>
    <ClInclude Include="sphere.hpp">
      <Filter>Header Files</Filter>
    </ClInclude>
    <ClInclude Include="sphere_body.hpp">
      <Filter>Source Files</Filter>
    </ClInclude>
    <ClInclude Include="symmetric_bilinear_form.hpp">
      <Filter>Header Files</Filter>
    </ClInclude>
    <ClInclude Include="symmetric_bilinear_form_body.hpp">
      <Filter>Source Files</Filter>
    </ClInclude>
    <ClInclude Include="cartesian_product.hpp">
      <Filter>Header Files</Filter>
    </ClInclude>
    <ClInclude Include="cartesian_product_body.hpp">
      <Filter>Source Files</Filter>
    </ClInclude>
    <ClInclude Include="interval.hpp">
      <Filter>Header Files</Filter>
    </ClInclude>
    <ClInclude Include="interval_body.hpp">
      <Filter>Source Files</Filter>
    </ClInclude>
    <ClInclude Include="signature.hpp">
      <Filter>Header Files</Filter>
    </ClInclude>
    <ClInclude Include="signature_body.hpp">
      <Filter>Source Files</Filter>
    </ClInclude>
    <ClInclude Include="hilbert.hpp">
      <Filter>Header Files</Filter>
    </ClInclude>
    <ClInclude Include="hilbert_body.hpp">
      <Filter>Source Files</Filter>
    </ClInclude>
  </ItemGroup>
  <ItemGroup>
    <ClCompile Include="sign_test.cpp">
      <Filter>Test Files</Filter>
    </ClCompile>
    <ClCompile Include="orthogonal_map_test.cpp">
      <Filter>Test Files</Filter>
    </ClCompile>
    <ClCompile Include="rotation_test.cpp">
      <Filter>Test Files</Filter>
    </ClCompile>
    <ClCompile Include="quaternion_test.cpp">
      <Filter>Test Files</Filter>
    </ClCompile>
    <ClCompile Include="point_test.cpp">
      <Filter>Test Files</Filter>
    </ClCompile>
    <ClCompile Include="permutation_test.cpp">
      <Filter>Test Files</Filter>
    </ClCompile>
    <ClCompile Include="grassmann_test.cpp">
      <Filter>Test Files</Filter>
    </ClCompile>
    <ClCompile Include="r3_element_test.cpp">
      <Filter>Test Files</Filter>
    </ClCompile>
    <ClCompile Include="affine_map_test.cpp">
      <Filter>Test Files</Filter>
    </ClCompile>
    <ClCompile Include="identity_test.cpp">
      <Filter>Test Files</Filter>
    </ClCompile>
    <ClCompile Include="r3x3_matrix_test.cpp">
      <Filter>Test Files</Filter>
    </ClCompile>
    <ClCompile Include="barycentre_calculator_test.cpp">
      <Filter>Test Files</Filter>
    </ClCompile>
    <ClCompile Include="pair_test.cpp">
      <Filter>Test Files</Filter>
    </ClCompile>
    <ClCompile Include="frame_test.cpp">
      <Filter>Test Files</Filter>
    </ClCompile>
    <ClCompile Include="perspective_test.cpp">
      <Filter>Test Files</Filter>
    </ClCompile>
    <ClCompile Include="rp2_point_test.cpp">
      <Filter>Test Files</Filter>
    </ClCompile>
    <ClCompile Include="symmetric_bilinear_form_test.cpp">
      <Filter>Test Files</Filter>
    </ClCompile>
    <ClCompile Include="signature_test.cpp">
      <Filter>Test Files</Filter>
    </ClCompile>
    <ClCompile Include="hilbert_test.cpp">
      <Filter>Test Files</Filter>
    </ClCompile>
  </ItemGroup>
</Project>