<?xml version="1.0" encoding="utf-8"?>
<Project ToolsVersion="4.0" xmlns="http://schemas.microsoft.com/developer/msbuild/2003">
  <ItemGroup>
    <Filter Include="Source Files">
      <UniqueIdentifier>{4FC737F1-C7A5-4376-A066-2A32D752A2FF}</UniqueIdentifier>
      <Extensions>cpp;c;cc;cxx;def;odl;idl;hpj;bat;asm;asmx</Extensions>
    </Filter>
    <Filter Include="Header Files">
      <UniqueIdentifier>{93995380-89BD-4b04-88EB-625FBE52EBFB}</UniqueIdentifier>
      <Extensions>h;hh;hpp;hxx;hm;inl;inc;xsd</Extensions>
    </Filter>
    <Filter Include="Test Files">
      <UniqueIdentifier>{feb65cc8-26ba-485c-a9ad-2a62d4b5ef11}</UniqueIdentifier>
    </Filter>
  </ItemGroup>
  <ItemGroup>
    <ClInclude Include="body.hpp">
      <Filter>Header Files</Filter>
    </ClInclude>
    <ClInclude Include="degrees_of_freedom.hpp">
      <Filter>Header Files</Filter>
    </ClInclude>
    <ClInclude Include="degrees_of_freedom_body.hpp">
      <Filter>Source Files</Filter>
    </ClInclude>
    <ClInclude Include="massive_body.hpp">
      <Filter>Header Files</Filter>
    </ClInclude>
    <ClInclude Include="massless_body.hpp">
      <Filter>Header Files</Filter>
    </ClInclude>
    <ClInclude Include="oblate_body.hpp">
      <Filter>Header Files</Filter>
    </ClInclude>
    <ClInclude Include="massive_body_body.hpp">
      <Filter>Source Files</Filter>
    </ClInclude>
    <ClInclude Include="massless_body_body.hpp">
      <Filter>Source Files</Filter>
    </ClInclude>
    <ClInclude Include="oblate_body_body.hpp">
      <Filter>Source Files</Filter>
    </ClInclude>
    <ClInclude Include="body_body.hpp">
      <Filter>Source Files</Filter>
    </ClInclude>
    <ClInclude Include="frame_field.hpp">
      <Filter>Header Files</Filter>
    </ClInclude>
    <ClInclude Include="frame_field_body.hpp">
      <Filter>Source Files</Filter>
    </ClInclude>
    <ClInclude Include="continuous_trajectory.hpp">
      <Filter>Header Files</Filter>
    </ClInclude>
    <ClInclude Include="continuous_trajectory_body.hpp">
      <Filter>Source Files</Filter>
    </ClInclude>
    <ClInclude Include="ephemeris.hpp">
      <Filter>Header Files</Filter>
    </ClInclude>
    <ClInclude Include="ephemeris_body.hpp">
      <Filter>Source Files</Filter>
    </ClInclude>
    <ClInclude Include="mock_ephemeris.hpp">
      <Filter>Header Files</Filter>
    </ClInclude>
    <ClInclude Include="forkable.hpp">
      <Filter>Header Files</Filter>
    </ClInclude>
    <ClInclude Include="forkable_body.hpp">
      <Filter>Source Files</Filter>
    </ClInclude>
    <ClInclude Include="discrete_trajectory.hpp">
      <Filter>Header Files</Filter>
    </ClInclude>
    <ClInclude Include="discrete_trajectory_body.hpp">
      <Filter>Source Files</Filter>
    </ClInclude>
    <ClInclude Include="rotating_body.hpp">
      <Filter>Header Files</Filter>
    </ClInclude>
    <ClInclude Include="rotating_body_body.hpp">
      <Filter>Source Files</Filter>
    </ClInclude>
    <ClInclude Include="solar_system.hpp">
      <Filter>Header Files</Filter>
    </ClInclude>
    <ClInclude Include="solar_system_body.hpp">
      <Filter>Source Files</Filter>
    </ClInclude>
    <ClInclude Include="rigid_motion.hpp">
      <Filter>Header Files</Filter>
    </ClInclude>
    <ClInclude Include="dynamic_frame.hpp">
      <Filter>Header Files</Filter>
    </ClInclude>
    <ClInclude Include="rigid_motion_body.hpp">
      <Filter>Source Files</Filter>
    </ClInclude>
    <ClInclude Include="dynamic_frame_body.hpp">
      <Filter>Source Files</Filter>
    </ClInclude>
    <ClInclude Include="barycentric_rotating_dynamic_frame.hpp">
      <Filter>Header Files</Filter>
    </ClInclude>
    <ClInclude Include="barycentric_rotating_dynamic_frame_body.hpp">
      <Filter>Source Files</Filter>
    </ClInclude>
    <ClInclude Include="mock_continuous_trajectory.hpp">
      <Filter>Header Files</Filter>
    </ClInclude>
    <ClInclude Include="mock_dynamic_frame.hpp">
      <Filter>Header Files</Filter>
    </ClInclude>
    <ClInclude Include="kepler_orbit.hpp">
      <Filter>Header Files</Filter>
    </ClInclude>
    <ClInclude Include="kepler_orbit_body.hpp">
      <Filter>Source Files</Filter>
    </ClInclude>
    <ClInclude Include="jacobi_coordinates.hpp">
      <Filter>Header Files</Filter>
    </ClInclude>
    <ClInclude Include="jacobi_coordinates_body.hpp">
      <Filter>Source Files</Filter>
    </ClInclude>
    <ClInclude Include="hierarchical_system.hpp">
      <Filter>Header Files</Filter>
    </ClInclude>
    <ClInclude Include="hierarchical_system_body.hpp">
      <Filter>Source Files</Filter>
    </ClInclude>
    <ClInclude Include="body_centred_body_direction_dynamic_frame.hpp">
      <Filter>Header Files</Filter>
    </ClInclude>
    <ClInclude Include="body_centred_body_direction_dynamic_frame_body.hpp">
      <Filter>Source Files</Filter>
    </ClInclude>
    <ClInclude Include="body_centred_non_rotating_dynamic_frame_body.hpp">
      <Filter>Source Files</Filter>
    </ClInclude>
    <ClInclude Include="body_centred_non_rotating_dynamic_frame.hpp">
      <Filter>Header Files</Filter>
    </ClInclude>
    <ClInclude Include="body_surface_dynamic_frame.hpp">
      <Filter>Header Files</Filter>
    </ClInclude>
    <ClInclude Include="body_surface_dynamic_frame_body.hpp">
      <Filter>Source Files</Filter>
    </ClInclude>
    <ClInclude Include="body_surface_frame_field.hpp">
      <Filter>Header Files</Filter>
    </ClInclude>
    <ClInclude Include="body_surface_frame_field_body.hpp">
      <Filter>Source Files</Filter>
    </ClInclude>
    <ClInclude Include="trajectory.hpp">
      <Filter>Header Files</Filter>
    </ClInclude>
    <ClInclude Include="apsides.hpp">
      <Filter>Header Files</Filter>
    </ClInclude>
    <ClInclude Include="apsides_body.hpp">
      <Filter>Source Files</Filter>
    </ClInclude>
    <ClInclude Include="geopotential.hpp">
      <Filter>Header Files</Filter>
    </ClInclude>
    <ClInclude Include="geopotential_body.hpp">
      <Filter>Source Files</Filter>
    </ClInclude>
    <ClInclude Include="checkpointer.hpp">
      <Filter>Header Files</Filter>
    </ClInclude>
    <ClInclude Include="checkpointer_body.hpp">
      <Filter>Source Files</Filter>
    </ClInclude>
    <ClInclude Include="protector.hpp">
      <Filter>Header Files</Filter>
    </ClInclude>
    <ClInclude Include="euler_solver.hpp">
      <Filter>Header Files</Filter>
    </ClInclude>
    <ClInclude Include="euler_solver_body.hpp">
      <Filter>Source Files</Filter>
    </ClInclude>
    <ClInclude Include="mechanical_system.hpp">
      <Filter>Header Files</Filter>
    </ClInclude>
    <ClInclude Include="mechanical_system_body.hpp">
      <Filter>Source Files</Filter>
    </ClInclude>
  </ItemGroup>
  <ItemGroup>
    <ClCompile Include="degrees_of_freedom_test.cpp">
      <Filter>Test Files</Filter>
    </ClCompile>
    <ClCompile Include="body_test.cpp">
      <Filter>Test Files</Filter>
    </ClCompile>
    <ClCompile Include="continuous_trajectory_test.cpp">
      <Filter>Test Files</Filter>
    </ClCompile>
    <ClCompile Include="ephemeris_test.cpp">
      <Filter>Test Files</Filter>
    </ClCompile>
    <ClCompile Include="forkable_test.cpp">
      <Filter>Test Files</Filter>
    </ClCompile>
    <ClCompile Include="discrete_trajectory_test.cpp">
      <Filter>Test Files</Filter>
    </ClCompile>
    <ClCompile Include="solar_system_test.cpp">
      <Filter>Test Files</Filter>
    </ClCompile>
    <ClCompile Include="rigid_motion_test.cpp">
      <Filter>Test Files</Filter>
    </ClCompile>
    <ClCompile Include="dynamic_frame_test.cpp">
      <Filter>Test Files</Filter>
    </ClCompile>
    <ClCompile Include="barycentric_rotating_dynamic_frame_test.cpp">
      <Filter>Test Files</Filter>
    </ClCompile>
    <ClCompile Include="kepler_orbit_test.cpp">
      <Filter>Test Files</Filter>
    </ClCompile>
    <ClCompile Include="jacobi_coordinates_test.cpp">
      <Filter>Test Files</Filter>
    </ClCompile>
    <ClCompile Include="hierarchical_system_test.cpp">
      <Filter>Test Files</Filter>
    </ClCompile>
    <ClCompile Include="body_centred_body_direction_dynamic_frame_test.cpp">
      <Filter>Test Files</Filter>
    </ClCompile>
    <ClCompile Include="body_centred_non_rotating_dynamic_frame_test.cpp">
      <Filter>Test Files</Filter>
    </ClCompile>
    <ClCompile Include="body_surface_dynamic_frame_test.cpp">
      <Filter>Test Files</Filter>
    </ClCompile>
    <ClCompile Include="..\base\status.cpp">
      <Filter>Source Files</Filter>
    </ClCompile>
    <ClCompile Include="body_surface_frame_field_test.cpp">
      <Filter>Test Files</Filter>
    </ClCompile>
    <ClCompile Include="apsides_test.cpp">
      <Filter>Test Files</Filter>
    </ClCompile>
    <ClCompile Include="..\numerics\cbrt.cpp">
      <Filter>Source Files</Filter>
    </ClCompile>
    <ClCompile Include="geopotential_test.cpp">
      <Filter>Test Files</Filter>
    </ClCompile>
    <ClCompile Include="checkpointer_test.cpp">
      <Filter>Test Files</Filter>
    </ClCompile>
    <ClCompile Include="protector.cpp">
      <Filter>Source Files</Filter>
    </ClCompile>
    <ClCompile Include="protector_test.cpp">
      <Filter>Test Files</Filter>
    </ClCompile>
    <ClCompile Include="euler_solver_test.cpp">
      <Filter>Test Files</Filter>
    </ClCompile>
    <ClCompile Include="..\numerics\elliptic_functions.cpp">
      <Filter>Source Files</Filter>
    </ClCompile>
    <ClCompile Include="..\numerics\elliptic_integrals.cpp">
      <Filter>Source Files</Filter>
    </ClCompile>
    <ClCompile Include="mechanical_system_test.cpp">
      <Filter>Test Files</Filter>
    </ClCompile>
    <ClCompile Include="..\base\zfp_compressor.cpp">
      <Filter>Source Files</Filter>
    </ClCompile>
  </ItemGroup>
</Project>