<?xml version="1.0" encoding="utf-8"?>
<Project ToolsVersion="4.0" xmlns="http://schemas.microsoft.com/developer/msbuild/2003">
  <ItemGroup>
    <Filter Include="Source Files">
      <UniqueIdentifier>{4FC737F1-C7A5-4376-A066-2A32D752A2FF}</UniqueIdentifier>
      <Extensions>cpp;c;cc;cxx;def;odl;idl;hpj;bat;asm;asmx</Extensions>
    </Filter>
    <Filter Include="Header Files">
      <UniqueIdentifier>{93995380-89BD-4b04-88EB-625FBE52EBFB}</UniqueIdentifier>
      <Extensions>h;hh;hpp;hxx;hm;inl;inc;xsd</Extensions>
    </Filter>
    <Filter Include="Test Files">
      <UniqueIdentifier>{b39d2db5-c070-4ed4-a0ed-4e61067e2694}</UniqueIdentifier>
    </Filter>
  </ItemGroup>
  <ItemGroup>
    <ClInclude Include="method.hpp">
      <Filter>Header Files</Filter>
    </ClInclude>
    <ClInclude Include="player.hpp">
      <Filter>Header Files</Filter>
    </ClInclude>
    <ClInclude Include="profiles.hpp">
      <Filter>Header Files</Filter>
    </ClInclude>
    <ClInclude Include="recorder.hpp">
      <Filter>Header Files</Filter>
    </ClInclude>
    <ClInclude Include="method_body.hpp">
      <Filter>Source Files</Filter>
    </ClInclude>
    <ClInclude Include="player_body.hpp">
      <Filter>Source Files</Filter>
    </ClInclude>
    <ClInclude Include="profiles.generated.h">
      <Filter>Header Files</Filter>
    </ClInclude>
  </ItemGroup>
  <ItemGroup>
    <ClCompile Include="player.cpp">
      <Filter>Source Files</Filter>
    </ClCompile>
    <ClCompile Include="profiles.cpp">
      <Filter>Source Files</Filter>
    </ClCompile>
    <ClCompile Include="recorder.cpp">
      <Filter>Source Files</Filter>
    </ClCompile>
    <ClCompile Include="player_test.cpp">
      <Filter>Test Files</Filter>
    </ClCompile>
    <ClCompile Include="recorder_test.cpp">
      <Filter>Test Files</Filter>
    </ClCompile>
    <ClCompile Include="profiles.generated.cc">
      <Filter>Source Files</Filter>
    </ClCompile>
    <ClCompile Include="player.generated.cc">
      <Filter>Source Files</Filter>
    </ClCompile>
    <ClCompile Include="..\base\status.cpp">
      <Filter>Source Files</Filter>
    </ClCompile>
    <ClCompile Include="..\physics\protector.cpp">
      <Filter>Source Files</Filter>
    </ClCompile>
    <ClCompile Include="..\base\version.generated.cc">
      <Filter>Source Files</Filter>
    </ClCompile>
  </ItemGroup>
</Project>