<?xml version="1.0" encoding="utf-8"?>
<Project ToolsVersion="4.0" xmlns="http://schemas.microsoft.com/developer/msbuild/2003">
  <ItemGroup>
    <Filter Include="Source Files">
      <UniqueIdentifier>{4FC737F1-C7A5-4376-A066-2A32D752A2FF}</UniqueIdentifier>
      <Extensions>cpp;c;cc;cxx;def;odl;idl;hpj;bat;asm;asmx</Extensions>
    </Filter>
    <Filter Include="Header Files">
      <UniqueIdentifier>{93995380-89BD-4b04-88EB-625FBE52EBFB}</UniqueIdentifier>
      <Extensions>h;hh;hpp;hxx;hm;inl;inc;xsd</Extensions>
    </Filter>
    <Filter Include="Test Files">
      <UniqueIdentifier>{02816a23-712b-40ae-9b99-ea302bdbe227}</UniqueIdentifier>
    </Filter>
  </ItemGroup>
  <ItemGroup>
    <ClInclude Include="almost_equals.hpp">
      <Filter>Header Files</Filter>
    </ClInclude>
    <ClInclude Include="almost_equals_body.hpp">
      <Filter>Source Files</Filter>
    </ClInclude>
    <ClInclude Include="numerics.hpp">
      <Filter>Header Files</Filter>
    </ClInclude>
    <ClInclude Include="numerics_body.hpp">
      <Filter>Source Files</Filter>
    </ClInclude>
    <ClInclude Include="algebra.hpp">
      <Filter>Header Files</Filter>
    </ClInclude>
    <ClInclude Include="algebra_body.hpp">
      <Filter>Source Files</Filter>
    </ClInclude>
    <ClInclude Include="statistics.hpp">
      <Filter>Header Files</Filter>
    </ClInclude>
    <ClInclude Include="statistics_body.hpp">
      <Filter>Source Files</Filter>
    </ClInclude>
    <ClInclude Include="vanishes_before.hpp">
      <Filter>Header Files</Filter>
    </ClInclude>
    <ClInclude Include="vanishes_before_body.hpp">
      <Filter>Source Files</Filter>
    </ClInclude>
    <ClInclude Include="componentwise.hpp">
      <Filter>Header Files</Filter>
    </ClInclude>
    <ClInclude Include="componentwise_body.hpp">
      <Filter>Source Files</Filter>
    </ClInclude>
    <ClInclude Include="integration.hpp">
      <Filter>Header Files</Filter>
    </ClInclude>
    <ClInclude Include="integration_body.hpp">
      <Filter>Source Files</Filter>
    </ClInclude>
    <ClInclude Include="solar_system_factory.hpp">
      <Filter>Header Files</Filter>
    </ClInclude>
    <ClInclude Include="solar_system_factory_body.hpp">
      <Filter>Source Files</Filter>
    </ClInclude>
    <ClInclude Include="make_not_null.hpp">
      <Filter>Header Files</Filter>
    </ClInclude>
    <ClInclude Include="make_not_null_body.hpp">
      <Filter>Source Files</Filter>
    </ClInclude>
    <ClInclude Include="matchers.hpp">
      <Filter>Header Files</Filter>
    </ClInclude>
    <ClInclude Include="actions.hpp">
      <Filter>Header Files</Filter>
    </ClInclude>
    <ClInclude Include="serialization.hpp">
      <Filter>Header Files</Filter>
    </ClInclude>
    <ClInclude Include="serialization_body.hpp">
      <Filter>Source Files</Filter>
    </ClInclude>
    <ClInclude Include="is_near.hpp">
      <Filter>Header Files</Filter>
    </ClInclude>
    <ClInclude Include="is_near_body.hpp">
      <Filter>Source Files</Filter>
    </ClInclude>
    <ClInclude Include="approximate_quantity.hpp">
      <Filter>Header Files</Filter>
    </ClInclude>
    <ClInclude Include="approximate_quantity_body.hpp">
      <Filter>Source Files</Filter>
    </ClInclude>
  </ItemGroup>
  <ItemGroup>
    <ClCompile Include="almost_equals_test.cpp">
      <Filter>Test Files</Filter>
    </ClCompile>
    <ClCompile Include="numerics_test.cpp">
      <Filter>Test Files</Filter>
    </ClCompile>
    <ClCompile Include="algebra_test.cpp">
      <Filter>Test Files</Filter>
    </ClCompile>
    <ClCompile Include="statistics_test.cpp">
      <Filter>Test Files</Filter>
    </ClCompile>
    <ClCompile Include="vanishes_before_test.cpp">
      <Filter>Test Files</Filter>
    </ClCompile>
    <ClCompile Include="componentwise_test.cpp">
      <Filter>Test Files</Filter>
    </ClCompile>
    <ClCompile Include="solar_system_factory_test.cpp">
      <Filter>Test Files</Filter>
    </ClCompile>
    <ClCompile Include="is_near_test.cpp">
      <Filter>Test Files</Filter>
    </ClCompile>
    <ClCompile Include="..\numerics\cbrt.cpp">
      <Filter>Source Files</Filter>
    </ClCompile>
    <ClCompile Include="approximate_quantity_test.cpp">
      <Filter>Test Files</Filter>
    </ClCompile>
  </ItemGroup>
</Project>