<?xml version="1.0" encoding="utf-8"?>
<Project ToolsVersion="4.0" xmlns="http://schemas.microsoft.com/developer/msbuild/2003">
  <ItemGroup>
    <Filter Include="Source Files">
      <UniqueIdentifier>{4FC737F1-C7A5-4376-A066-2A32D752A2FF}</UniqueIdentifier>
      <Extensions>cpp;c;cc;cxx;def;odl;idl;hpj;bat;asm;asmx</Extensions>
    </Filter>
    <Filter Include="Header Files">
      <UniqueIdentifier>{93995380-89BD-4b04-88EB-625FBE52EBFB}</UniqueIdentifier>
      <Extensions>h;hh;hpp;hxx;hm;inl;inc;xsd</Extensions>
    </Filter>
    <Filter Include="Test Files">
      <UniqueIdentifier>{d76b8234-8f36-423c-8d7e-f460751798af}</UniqueIdentifier>
    </Filter>
  </ItemGroup>
  <ItemGroup>
    <ClInclude Include="not_null.hpp">
      <Filter>Header Files</Filter>
    </ClInclude>
    <ClInclude Include="not_null_body.hpp">
      <Filter>Source Files</Filter>
    </ClInclude>
    <ClInclude Include="unique_ptr_logging.hpp">
      <Filter>Header Files</Filter>
    </ClInclude>
    <ClInclude Include="unique_ptr_logging_body.hpp">
      <Filter>Source Files</Filter>
    </ClInclude>
    <ClInclude Include="macros.hpp">
      <Filter>Header Files</Filter>
    </ClInclude>
    <ClInclude Include="mappable.hpp">
      <Filter>Header Files</Filter>
    </ClInclude>
    <ClInclude Include="fingerprint2011.hpp">
      <Filter>Header Files</Filter>
    </ClInclude>
    <ClInclude Include="hexadecimal.hpp">
      <Filter>Header Files</Filter>
    </ClInclude>
    <ClInclude Include="hexadecimal_body.hpp">
      <Filter>Source Files</Filter>
    </ClInclude>
    <ClInclude Include="monostable.hpp">
      <Filter>Header Files</Filter>
    </ClInclude>
    <ClInclude Include="monostable_body.hpp">
      <Filter>Source Files</Filter>
    </ClInclude>
    <ClInclude Include="map_util.hpp">
      <Filter>Header Files</Filter>
    </ClInclude>
    <ClInclude Include="pull_serializer.hpp">
      <Filter>Header Files</Filter>
    </ClInclude>
    <ClInclude Include="pull_serializer_body.hpp">
      <Filter>Source Files</Filter>
    </ClInclude>
    <ClInclude Include="push_deserializer.hpp">
      <Filter>Header Files</Filter>
    </ClInclude>
    <ClInclude Include="push_deserializer_body.hpp">
      <Filter>Source Files</Filter>
    </ClInclude>
    <ClInclude Include="array.hpp">
      <Filter>Header Files</Filter>
    </ClInclude>
    <ClInclude Include="array_body.hpp">
      <Filter>Source Files</Filter>
    </ClInclude>
    <ClInclude Include="get_line.hpp">
      <Filter>Header Files</Filter>
    </ClInclude>
    <ClInclude Include="get_line_body.hpp">
      <Filter>Source Files</Filter>
    </ClInclude>
    <ClInclude Include="optional_logging.hpp">
      <Filter>Header Files</Filter>
    </ClInclude>
    <ClInclude Include="optional_logging_body.hpp">
      <Filter>Source Files</Filter>
    </ClInclude>
    <ClInclude Include="version.generated.h">
      <Filter>Header Files</Filter>
    </ClInclude>
    <ClInclude Include="status.hpp">
      <Filter>Header Files</Filter>
    </ClInclude>
    <ClInclude Include="status_or.hpp">
      <Filter>Header Files</Filter>
    </ClInclude>
    <ClInclude Include="status_or_body.hpp">
      <Filter>Source Files</Filter>
    </ClInclude>
    <ClInclude Include="disjoint_sets.hpp">
      <Filter>Header Files</Filter>
    </ClInclude>
    <ClInclude Include="disjoint_sets_body.hpp">
      <Filter>Source Files</Filter>
    </ClInclude>
    <ClInclude Include="bundle.hpp">
      <Filter>Header Files</Filter>
    </ClInclude>
    <ClInclude Include="mod.hpp">
      <Filter>Header Files</Filter>
    </ClInclude>
    <ClInclude Include="not_constructible.hpp">
      <Filter>Header Files</Filter>
    </ClInclude>
    <ClInclude Include="function.hpp">
      <Filter>Header Files</Filter>
    </ClInclude>
    <ClInclude Include="function_body.hpp">
      <Filter>Source Files</Filter>
    </ClInclude>
    <ClInclude Include="file.hpp">
      <Filter>Header Files</Filter>
    </ClInclude>
    <ClInclude Include="file_body.hpp">
      <Filter>Source Files</Filter>
    </ClInclude>
    <ClInclude Include="optional_serialization.hpp">
      <Filter>Header Files</Filter>
    </ClInclude>
    <ClInclude Include="version.hpp">
      <Filter>Header Files</Filter>
    </ClInclude>
    <ClInclude Include="thread_pool.hpp">
      <Filter>Header Files</Filter>
    </ClInclude>
    <ClInclude Include="thread_pool_body.hpp">
      <Filter>Source Files</Filter>
    </ClInclude>
    <ClInclude Include="ranges.hpp">
      <Filter>Header Files</Filter>
    </ClInclude>
    <ClInclude Include="ranges_body.hpp">
      <Filter>Source Files</Filter>
    </ClInclude>
    <ClInclude Include="sink_source.hpp">
      <Filter>Header Files</Filter>
    </ClInclude>
    <ClInclude Include="sink_source_body.hpp">
      <Filter>Source Files</Filter>
    </ClInclude>
    <ClInclude Include="base32768.hpp">
      <Filter>Header Files</Filter>
    </ClInclude>
    <ClInclude Include="base32768_body.hpp">
      <Filter>Source Files</Filter>
    </ClInclude>
    <ClInclude Include="serialization.hpp">
      <Filter>Header Files</Filter>
    </ClInclude>
    <ClInclude Include="serialization_body.hpp">
      <Filter>Source Files</Filter>
    </ClInclude>
    <ClInclude Include="encoder.hpp">
      <Filter>Header Files</Filter>
    </ClInclude>
    <ClInclude Include="base64.hpp">
      <Filter>Header Files</Filter>
    </ClInclude>
    <ClInclude Include="base64_body.hpp">
      <Filter>Source Files</Filter>
    </ClInclude>
    <ClInclude Include="graveyard.hpp">
      <Filter>Header Files</Filter>
    </ClInclude>
    <ClInclude Include="graveyard_body.hpp">
      <Filter>Source Files</Filter>
    </ClInclude>
    <ClInclude Include="arena_allocator.hpp">
      <Filter>Header Files</Filter>
    </ClInclude>
    <ClInclude Include="arena_allocator_body.hpp">
      <Filter>Source Files</Filter>
    </ClInclude>
  </ItemGroup>
  <ItemGroup>
    <ClCompile Include="not_null_test.cpp">
      <Filter>Test Files</Filter>
    </ClCompile>
    <ClCompile Include="hexadecimal_test.cpp">
      <Filter>Test Files</Filter>
    </ClCompile>
    <ClCompile Include="pull_serializer_test.cpp">
      <Filter>Test Files</Filter>
    </ClCompile>
    <ClCompile Include="push_deserializer_test.cpp">
      <Filter>Test Files</Filter>
    </ClCompile>
    <ClCompile Include="status.cpp">
      <Filter>Source Files</Filter>
    </ClCompile>
    <ClCompile Include="status_test.cpp">
      <Filter>Test Files</Filter>
    </ClCompile>
    <ClCompile Include="status_or_test.cpp">
      <Filter>Test Files</Filter>
    </ClCompile>
    <ClCompile Include="disjoint_sets_test.cpp">
      <Filter>Test Files</Filter>
    </ClCompile>
    <ClCompile Include="bundle.cpp">
      <Filter>Source Files</Filter>
    </ClCompile>
    <ClCompile Include="bundle_test.cpp">
      <Filter>Test Files</Filter>
    </ClCompile>
    <ClCompile Include="function_test.cpp">
      <Filter>Test Files</Filter>
    </ClCompile>
    <ClCompile Include="version.generated.cc">
      <Filter>Source Files</Filter>
    </ClCompile>
    <ClCompile Include="array_test.cpp">
      <Filter>Test Files</Filter>
    </ClCompile>
    <ClCompile Include="thread_pool_test.cpp">
      <Filter>Test Files</Filter>
    </ClCompile>
    <ClCompile Include="base32768_test.cpp">
      <Filter>Test Files</Filter>
    </ClCompile>
    <ClCompile Include="base64_test.cpp">
      <Filter>Test Files</Filter>
    </ClCompile>
    <ClCompile Include="arena_allocator_test.cpp">
      <Filter>Test Files</Filter>
    </ClCompile>
  </ItemGroup>
</Project>