<?xml version="1.0" encoding="utf-8"?>
<Project ToolsVersion="4.0" xmlns="http://schemas.microsoft.com/developer/msbuild/2003">
  <ItemGroup>
    <Filter Include="Source Files">
      <UniqueIdentifier>{4FC737F1-C7A5-4376-A066-2A32D752A2FF}</UniqueIdentifier>
      <Extensions>cpp;c;cc;cxx;def;odl;idl;hpj;bat;asm;asmx</Extensions>
    </Filter>
    <Filter Include="Header Files">
      <UniqueIdentifier>{93995380-89BD-4b04-88EB-625FBE52EBFB}</UniqueIdentifier>
      <Extensions>h;hh;hpp;hxx;hm;inl;inc;xsd</Extensions>
    </Filter>
  </ItemGroup>
  <ItemGroup>
    <ClCompile Include="main.cpp">
      <Filter>Source Files</Filter>
    </ClCompile>
    <ClCompile Include="quantities.cpp">
      <Filter>Source Files</Filter>
    </ClCompile>
    <ClCompile Include="чебышёв_series.cpp">
      <Filter>Source Files</Filter>
    </ClCompile>
    <ClCompile Include="ephemeris.cpp">
      <Filter>Source Files</Filter>
    </ClCompile>
    <ClCompile Include="dynamic_frame.cpp">
      <Filter>Source Files</Filter>
    </ClCompile>
    <ClCompile Include="symplectic_runge_kutta_nyström_integrator.cpp">
      <Filter>Source Files</Filter>
    </ClCompile>
    <ClCompile Include="embedded_explicit_runge_kutta_nyström_integrator.cpp">
      <Filter>Source Files</Filter>
    </ClCompile>
    <ClCompile Include="..\base\status.cpp">
      <Filter>Source Files</Filter>
    </ClCompile>
    <ClCompile Include="perspective.cpp">
      <Filter>Source Files</Filter>
    </ClCompile>
    <ClCompile Include="polynomial.cpp">
      <Filter>Source Files</Filter>
    </ClCompile>
    <ClCompile Include="newhall.cpp">
      <Filter>Source Files</Filter>
    </ClCompile>
    <ClCompile Include="..\ksp_plugin\planetarium.cpp">
      <Filter>Source Files</Filter>
    </ClCompile>
    <ClCompile Include="planetarium_plot_methods.cpp">
      <Filter>Source Files</Filter>
    </ClCompile>
    <ClCompile Include="..\numerics\cbrt.cpp">
      <Filter>Source Files</Filter>
    </ClCompile>
    <ClCompile Include="fast_sin_cos_2π_benchmark.cpp">
      <Filter>Source Files</Filter>
    </ClCompile>
    <ClCompile Include="..\numerics\fast_sin_cos_2π.cpp">
      <Filter>Source Files</Filter>
    </ClCompile>
    <ClCompile Include="geopotential.cpp">
      <Filter>Source Files</Filter>
    </ClCompile>
    <ClCompile Include="thread_pool.cpp">
      <Filter>Source Files</Filter>
    </ClCompile>
    <ClCompile Include="encoder.cpp">
      <Filter>Source Files</Filter>
    </ClCompile>
    <ClCompile Include="..\numerics\elliptic_integrals.cpp">
      <Filter>Source Files</Filter>
    </ClCompile>
    <ClCompile Include="elliptic_integrals_benchmark.cpp">
      <Filter>Source Files</Filter>
    </ClCompile>
  </ItemGroup>
  <ItemGroup>
    <ClInclude Include="quantities.hpp">
      <Filter>Header Files</Filter>
    </ClInclude>
    <ClInclude Include="quantities_body.hpp">
      <Filter>Source Files</Filter>
    </ClInclude>
  </ItemGroup>
</Project>