<?xml version="1.0" encoding="utf-8"?>
<Project ToolsVersion="4.0" xmlns="http://schemas.microsoft.com/developer/msbuild/2003">
  <ItemGroup>
    <Filter Include="Source Files">
      <UniqueIdentifier>{4FC737F1-C7A5-4376-A066-2A32D752A2FF}</UniqueIdentifier>
      <Extensions>cpp;c;cc;cxx;def;odl;idl;hpj;bat;asm;asmx</Extensions>
    </Filter>
    <Filter Include="Header Files">
      <UniqueIdentifier>{93995380-89BD-4b04-88EB-625FBE52EBFB}</UniqueIdentifier>
      <Extensions>h;hh;hpp;hxx;hm;inl;inc;xsd</Extensions>
    </Filter>
  </ItemGroup>
  <ItemGroup>
    <ClInclude Include="plugin.hpp">
      <Filter>Header Files</Filter>
    </ClInclude>
    <ClInclude Include="interface.hpp">
      <Filter>Header Files</Filter>
    </ClInclude>
    <ClInclude Include="vessel.hpp">
      <Filter>Header Files</Filter>
    </ClInclude>
    <ClInclude Include="celestial.hpp">
      <Filter>Header Files</Filter>
    </ClInclude>
    <ClInclude Include="frames.hpp">
      <Filter>Header Files</Filter>
    </ClInclude>
    <ClInclude Include="part.hpp">
      <Filter>Header Files</Filter>
    </ClInclude>
    <ClInclude Include="manœuvre.hpp">
      <Filter>Header Files</Filter>
    </ClInclude>
    <ClInclude Include="manœuvre_body.hpp">
      <Filter>Source Files</Filter>
    </ClInclude>
    <ClInclude Include="interface_body.hpp">
      <Filter>Source Files</Filter>
    </ClInclude>
    <ClInclude Include="flight_plan.hpp">
      <Filter>Header Files</Filter>
    </ClInclude>
    <ClInclude Include="interface.generated.h">
      <Filter>Header Files</Filter>
    </ClInclude>
    <ClInclude Include="pile_up.hpp">
      <Filter>Header Files</Filter>
    </ClInclude>
    <ClInclude Include="part_subsets.hpp">
      <Filter>Header Files</Filter>
    </ClInclude>
    <ClInclude Include="identification.hpp">
      <Filter>Header Files</Filter>
    </ClInclude>
    <ClInclude Include="integrators.hpp">
      <Filter>Header Files</Filter>
    </ClInclude>
    <ClInclude Include="renderer.hpp">
      <Filter>Header Files</Filter>
    </ClInclude>
    <ClInclude Include="planetarium.hpp">
      <Filter>Header Files</Filter>
    </ClInclude>
    <ClInclude Include="iterators.hpp">
      <Filter>Header Files</Filter>
    </ClInclude>
    <ClInclude Include="iterators_body.hpp">
      <Filter>Source Files</Filter>
    </ClInclude>
    <ClInclude Include="equator_relevance_threshold.hpp">
      <Filter>Header Files</Filter>
    </ClInclude>
    <ClInclude Include="orbit_analyser.hpp">
      <Filter>Header Files</Filter>
    </ClInclude>
  </ItemGroup>
  <ItemGroup>
    <ClCompile Include="interface.cpp">
      <Filter>Source Files</Filter>
    </ClCompile>
    <ClCompile Include="plugin.cpp">
      <Filter>Source Files</Filter>
    </ClCompile>
    <ClCompile Include="..\journal\recorder.cpp">
      <Filter>Source Files</Filter>
    </ClCompile>
    <ClCompile Include="..\journal\profiles.cpp">
      <Filter>Source Files</Filter>
    </ClCompile>
    <ClCompile Include="flight_plan.cpp">
      <Filter>Source Files</Filter>
    </ClCompile>
    <ClCompile Include="interface_flight_plan.cpp">
      <Filter>Source Files</Filter>
    </ClCompile>
    <ClCompile Include="interface_iterator.cpp">
      <Filter>Source Files</Filter>
    </ClCompile>
    <ClCompile Include="interface_vessel.cpp">
      <Filter>Source Files</Filter>
    </ClCompile>
    <ClCompile Include="..\base\status.cpp">
      <Filter>Source Files</Filter>
    </ClCompile>
    <ClCompile Include="pile_up.cpp">
      <Filter>Source Files</Filter>
    </ClCompile>
    <ClCompile Include="vessel.cpp">
      <Filter>Source Files</Filter>
    </ClCompile>
    <ClCompile Include="part.cpp">
      <Filter>Source Files</Filter>
    </ClCompile>
    <ClCompile Include="part_subsets.cpp">
      <Filter>Source Files</Filter>
    </ClCompile>
    <ClCompile Include="identification.cpp">
      <Filter>Source Files</Filter>
    </ClCompile>
    <ClCompile Include="celestial.cpp">
      <Filter>Source Files</Filter>
    </ClCompile>
    <ClCompile Include="integrators.cpp">
      <Filter>Source Files</Filter>
    </ClCompile>
    <ClCompile Include="renderer.cpp">
      <Filter>Source Files</Filter>
    </ClCompile>
    <ClCompile Include="interface_renderer.cpp">
      <Filter>Source Files</Filter>
    </ClCompile>
    <ClCompile Include="..\base\version.generated.cc">
      <Filter>Source Files</Filter>
    </ClCompile>
    <ClCompile Include="interface_renderer.cpp">
      <Filter>Source Files</Filter>
    </ClCompile>
    <ClCompile Include="renderer.cpp">
      <Filter>Source Files</Filter>
    </ClCompile>
    <ClCompile Include="planetarium.cpp">
      <Filter>Source Files</Filter>
    </ClCompile>
    <ClCompile Include="interface_planetarium.cpp">
      <Filter>Source Files</Filter>
    </ClCompile>
    <ClCompile Include="interface_future.cpp">
      <Filter>Source Files</Filter>
    </ClCompile>
    <ClCompile Include="interface_monitor.cpp">
      <Filter>Source Files</Filter>
    </ClCompile>
    <ClCompile Include="interface_external.cpp">
      <Filter>Source Files</Filter>
    </ClCompile>
    <ClCompile Include="..\numerics\cbrt.cpp">
      <Filter>Source Files</Filter>
    </ClCompile>
    <ClCompile Include="equator_relevance_threshold.cpp">
      <Filter>Source Files</Filter>
    </ClCompile>
    <ClCompile Include="..\physics\protector.cpp">
      <Filter>Source Files</Filter>
    </ClCompile>
    <ClCompile Include="orbit_analyser.cpp">
      <Filter>Source Files</Filter>
    </ClCompile>
  </ItemGroup>
  <ItemGroup>
    <CustomBuild Include="..\serialization\journal.proto" />
  </ItemGroup>
  <ItemGroup>
    <Manifest Include="principia.manifest" />
  </ItemGroup>
</Project>